// !$*UTF8*$!
{
	archiveVersion = 1;
	classes = {
	};
	objectVersion = 56;
	objects = {

/* Begin PBXBuildFile section */
		2741EA072BD8AA74003EDEB2 /* Keychain.swift in Sources */ = {isa = PBXBuildFile; fileRef = 2741EA062BD8AA74003EDEB2 /* Keychain.swift */; };
		2741EA0A2BD8AB2F003EDEB2 /* Constants.swift in Sources */ = {isa = PBXBuildFile; fileRef = 2741EA092BD8AB2F003EDEB2 /* Constants.swift */; };
		2741EA122BD8AEBA003EDEB2 /* GlimpseWatchApp.swift in Sources */ = {isa = PBXBuildFile; fileRef = 2741EA112BD8AEBA003EDEB2 /* GlimpseWatchApp.swift */; };
		2741EA142BD8AEBA003EDEB2 /* ContentView.swift in Sources */ = {isa = PBXBuildFile; fileRef = 2741EA132BD8AEBA003EDEB2 /* ContentView.swift */; };
		2741EA162BD8AEBB003EDEB2 /* Assets.xcassets in Resources */ = {isa = PBXBuildFile; fileRef = 2741EA152BD8AEBB003EDEB2 /* Assets.xcassets */; };
		2741EA192BD8AEBB003EDEB2 /* Preview Assets.xcassets in Resources */ = {isa = PBXBuildFile; fileRef = 2741EA182BD8AEBB003EDEB2 /* Preview Assets.xcassets */; };
		2741EA1C2BD8AEBB003EDEB2 /* Watch.app in Embed Watch Content */ = {isa = PBXBuildFile; fileRef = 2741EA0F2BD8AEBA003EDEB2 /* Watch.app */; settings = {ATTRIBUTES = (RemoveHeadersOnCopy, ); }; };
		2741EA282BD8AF08003EDEB2 /* WidgetKit.framework in Frameworks */ = {isa = PBXBuildFile; fileRef = 2741EA272BD8AF08003EDEB2 /* WidgetKit.framework */; };
		2741EA2A2BD8AF08003EDEB2 /* SwiftUI.framework in Frameworks */ = {isa = PBXBuildFile; fileRef = 2741EA292BD8AF08003EDEB2 /* SwiftUI.framework */; };
		2741EA2D2BD8AF08003EDEB2 /* WatchWidget.swift in Sources */ = {isa = PBXBuildFile; fileRef = 2741EA2C2BD8AF08003EDEB2 /* WatchWidget.swift */; };
		2741EA2F2BD8AF08003EDEB2 /* AppIntent.swift in Sources */ = {isa = PBXBuildFile; fileRef = 2741EA2E2BD8AF08003EDEB2 /* AppIntent.swift */; };
		2741EA312BD8AF0A003EDEB2 /* Assets.xcassets in Resources */ = {isa = PBXBuildFile; fileRef = 2741EA302BD8AF0A003EDEB2 /* Assets.xcassets */; };
		2741EA352BD8AF0A003EDEB2 /* WatchWidget.appex in Embed Foundation Extensions */ = {isa = PBXBuildFile; fileRef = 2741EA252BD8AF08003EDEB2 /* WatchWidget.appex */; settings = {ATTRIBUTES = (RemoveHeadersOnCopy, ); }; };
		27C6E25F2BCF386E006BAE98 /* Dexcom in Frameworks */ = {isa = PBXBuildFile; productRef = 27C6E25E2BCF386E006BAE98 /* Dexcom */; };
		27C6E2622BCF387A006BAE98 /* KeychainAccess in Frameworks */ = {isa = PBXBuildFile; productRef = 27C6E2612BCF387A006BAE98 /* KeychainAccess */; };
		27F5776B2BCF38330012D66C /* GlimpseApp.swift in Sources */ = {isa = PBXBuildFile; fileRef = 27F5776A2BCF38330012D66C /* GlimpseApp.swift */; };
		27F5776D2BCF38330012D66C /* ContentView.swift in Sources */ = {isa = PBXBuildFile; fileRef = 27F5776C2BCF38330012D66C /* ContentView.swift */; };
		27F5776F2BCF38340012D66C /* Assets.xcassets in Resources */ = {isa = PBXBuildFile; fileRef = 27F5776E2BCF38340012D66C /* Assets.xcassets */; };
		27F577722BCF38340012D66C /* Preview Assets.xcassets in Resources */ = {isa = PBXBuildFile; fileRef = 27F577712BCF38340012D66C /* Preview Assets.xcassets */; };
/* End PBXBuildFile section */

/* Begin PBXContainerItemProxy section */
		2741EA1A2BD8AEBB003EDEB2 /* PBXContainerItemProxy */ = {
			isa = PBXContainerItemProxy;
			containerPortal = 27F5775F2BCF38330012D66C /* Project object */;
			proxyType = 1;
			remoteGlobalIDString = 2741EA0E2BD8AEBA003EDEB2;
			remoteInfo = "GlimpseWatch Watch App";
		};
		2741EA332BD8AF0A003EDEB2 /* PBXContainerItemProxy */ = {
			isa = PBXContainerItemProxy;
			containerPortal = 27F5775F2BCF38330012D66C /* Project object */;
			proxyType = 1;
			remoteGlobalIDString = 2741EA242BD8AF08003EDEB2;
			remoteInfo = WatchWidgetExtension;
		};
/* End PBXContainerItemProxy section */

/* Begin PBXCopyFilesBuildPhase section */
		2741EA202BD8AEBB003EDEB2 /* Embed Watch Content */ = {
			isa = PBXCopyFilesBuildPhase;
			buildActionMask = 2147483647;
			dstPath = "$(CONTENTS_FOLDER_PATH)/Watch";
			dstSubfolderSpec = 16;
			files = (
				2741EA1C2BD8AEBB003EDEB2 /* Watch.app in Embed Watch Content */,
			);
			name = "Embed Watch Content";
			runOnlyForDeploymentPostprocessing = 0;
		};
		2741EA392BD8AF0A003EDEB2 /* Embed Foundation Extensions */ = {
			isa = PBXCopyFilesBuildPhase;
			buildActionMask = 2147483647;
			dstPath = "";
			dstSubfolderSpec = 13;
			files = (
				2741EA352BD8AF0A003EDEB2 /* WatchWidget.appex in Embed Foundation Extensions */,
			);
			name = "Embed Foundation Extensions";
			runOnlyForDeploymentPostprocessing = 0;
		};
/* End PBXCopyFilesBuildPhase section */

/* Begin PBXFileReference section */
		2741EA062BD8AA74003EDEB2 /* Keychain.swift */ = {isa = PBXFileReference; fileEncoding = 4; lastKnownFileType = sourcecode.swift; path = Keychain.swift; sourceTree = "<group>"; };
		2741EA082BD8AA84003EDEB2 /* Glimpse.entitlements */ = {isa = PBXFileReference; lastKnownFileType = text.plist.entitlements; path = Glimpse.entitlements; sourceTree = "<group>"; };
		2741EA092BD8AB2F003EDEB2 /* Constants.swift */ = {isa = PBXFileReference; fileEncoding = 4; lastKnownFileType = sourcecode.swift; path = Constants.swift; sourceTree = "<group>"; };
		2741EA0F2BD8AEBA003EDEB2 /* Watch.app */ = {isa = PBXFileReference; explicitFileType = wrapper.application; includeInIndex = 0; path = Watch.app; sourceTree = BUILT_PRODUCTS_DIR; };
		2741EA112BD8AEBA003EDEB2 /* GlimpseWatchApp.swift */ = {isa = PBXFileReference; lastKnownFileType = sourcecode.swift; path = GlimpseWatchApp.swift; sourceTree = "<group>"; };
		2741EA132BD8AEBA003EDEB2 /* ContentView.swift */ = {isa = PBXFileReference; lastKnownFileType = sourcecode.swift; path = ContentView.swift; sourceTree = "<group>"; };
		2741EA152BD8AEBB003EDEB2 /* Assets.xcassets */ = {isa = PBXFileReference; lastKnownFileType = folder.assetcatalog; path = Assets.xcassets; sourceTree = "<group>"; };
		2741EA182BD8AEBB003EDEB2 /* Preview Assets.xcassets */ = {isa = PBXFileReference; lastKnownFileType = folder.assetcatalog; path = "Preview Assets.xcassets"; sourceTree = "<group>"; };
		2741EA252BD8AF08003EDEB2 /* WatchWidget.appex */ = {isa = PBXFileReference; explicitFileType = "wrapper.app-extension"; includeInIndex = 0; path = WatchWidget.appex; sourceTree = BUILT_PRODUCTS_DIR; };
		2741EA272BD8AF08003EDEB2 /* WidgetKit.framework */ = {isa = PBXFileReference; lastKnownFileType = wrapper.framework; name = WidgetKit.framework; path = System/Library/Frameworks/WidgetKit.framework; sourceTree = SDKROOT; };
		2741EA292BD8AF08003EDEB2 /* SwiftUI.framework */ = {isa = PBXFileReference; lastKnownFileType = wrapper.framework; name = SwiftUI.framework; path = System/Library/Frameworks/SwiftUI.framework; sourceTree = SDKROOT; };
		2741EA2C2BD8AF08003EDEB2 /* WatchWidget.swift */ = {isa = PBXFileReference; lastKnownFileType = sourcecode.swift; path = WatchWidget.swift; sourceTree = "<group>"; };
		2741EA2E2BD8AF08003EDEB2 /* AppIntent.swift */ = {isa = PBXFileReference; lastKnownFileType = sourcecode.swift; path = AppIntent.swift; sourceTree = "<group>"; };
		2741EA302BD8AF0A003EDEB2 /* Assets.xcassets */ = {isa = PBXFileReference; lastKnownFileType = folder.assetcatalog; path = Assets.xcassets; sourceTree = "<group>"; };
		2741EA322BD8AF0A003EDEB2 /* Info.plist */ = {isa = PBXFileReference; lastKnownFileType = text.plist.xml; path = Info.plist; sourceTree = "<group>"; };
		27F577672BCF38330012D66C /* Glimpse.app */ = {isa = PBXFileReference; explicitFileType = wrapper.application; includeInIndex = 0; path = Glimpse.app; sourceTree = BUILT_PRODUCTS_DIR; };
		27F5776A2BCF38330012D66C /* GlimpseApp.swift */ = {isa = PBXFileReference; lastKnownFileType = sourcecode.swift; path = GlimpseApp.swift; sourceTree = "<group>"; };
		27F5776C2BCF38330012D66C /* ContentView.swift */ = {isa = PBXFileReference; lastKnownFileType = sourcecode.swift; path = ContentView.swift; sourceTree = "<group>"; };
		27F5776E2BCF38340012D66C /* Assets.xcassets */ = {isa = PBXFileReference; lastKnownFileType = folder.assetcatalog; path = Assets.xcassets; sourceTree = "<group>"; };
		27F577712BCF38340012D66C /* Preview Assets.xcassets */ = {isa = PBXFileReference; lastKnownFileType = folder.assetcatalog; path = "Preview Assets.xcassets"; sourceTree = "<group>"; };
/* End PBXFileReference section */

/* Begin PBXFrameworksBuildPhase section */
		2741EA0C2BD8AEBA003EDEB2 /* Frameworks */ = {
			isa = PBXFrameworksBuildPhase;
			buildActionMask = 2147483647;
			files = (
			);
			runOnlyForDeploymentPostprocessing = 0;
		};
		2741EA222BD8AF08003EDEB2 /* Frameworks */ = {
			isa = PBXFrameworksBuildPhase;
			buildActionMask = 2147483647;
			files = (
				2741EA2A2BD8AF08003EDEB2 /* SwiftUI.framework in Frameworks */,
				2741EA282BD8AF08003EDEB2 /* WidgetKit.framework in Frameworks */,
			);
			runOnlyForDeploymentPostprocessing = 0;
		};
		27F577642BCF38330012D66C /* Frameworks */ = {
			isa = PBXFrameworksBuildPhase;
			buildActionMask = 2147483647;
			files = (
				27C6E2622BCF387A006BAE98 /* KeychainAccess in Frameworks */,
				27C6E25F2BCF386E006BAE98 /* Dexcom in Frameworks */,
			);
			runOnlyForDeploymentPostprocessing = 0;
		};
/* End PBXFrameworksBuildPhase section */

/* Begin PBXGroup section */
		2741EA102BD8AEBA003EDEB2 /* Watch */ = {
			isa = PBXGroup;
			children = (
				2741EA112BD8AEBA003EDEB2 /* GlimpseWatchApp.swift */,
				2741EA132BD8AEBA003EDEB2 /* ContentView.swift */,
				2741EA152BD8AEBB003EDEB2 /* Assets.xcassets */,
				2741EA172BD8AEBB003EDEB2 /* Preview Content */,
			);
			path = Watch;
			sourceTree = "<group>";
		};
		2741EA172BD8AEBB003EDEB2 /* Preview Content */ = {
			isa = PBXGroup;
			children = (
				2741EA182BD8AEBB003EDEB2 /* Preview Assets.xcassets */,
			);
			path = "Preview Content";
			sourceTree = "<group>";
		};
		2741EA262BD8AF08003EDEB2 /* Frameworks */ = {
			isa = PBXGroup;
			children = (
				2741EA272BD8AF08003EDEB2 /* WidgetKit.framework */,
				2741EA292BD8AF08003EDEB2 /* SwiftUI.framework */,
			);
			name = Frameworks;
			sourceTree = "<group>";
		};
		2741EA2B2BD8AF08003EDEB2 /* WatchWidget */ = {
			isa = PBXGroup;
			children = (
				2741EA2C2BD8AF08003EDEB2 /* WatchWidget.swift */,
				2741EA2E2BD8AF08003EDEB2 /* AppIntent.swift */,
				2741EA302BD8AF0A003EDEB2 /* Assets.xcassets */,
				2741EA322BD8AF0A003EDEB2 /* Info.plist */,
			);
			path = WatchWidget;
			sourceTree = "<group>";
		};
		27F5775E2BCF38330012D66C = {
			isa = PBXGroup;
			children = (
				27F577692BCF38330012D66C /* Glimpse */,
				2741EA102BD8AEBA003EDEB2 /* Watch */,
				2741EA2B2BD8AF08003EDEB2 /* WatchWidget */,
				2741EA262BD8AF08003EDEB2 /* Frameworks */,
				27F577682BCF38330012D66C /* Products */,
			);
			sourceTree = "<group>";
		};
		27F577682BCF38330012D66C /* Products */ = {
			isa = PBXGroup;
			children = (
				27F577672BCF38330012D66C /* Glimpse.app */,
				2741EA0F2BD8AEBA003EDEB2 /* Watch.app */,
				2741EA252BD8AF08003EDEB2 /* WatchWidget.appex */,
			);
			name = Products;
			sourceTree = "<group>";
		};
		27F577692BCF38330012D66C /* Glimpse */ = {
			isa = PBXGroup;
			children = (
				2741EA082BD8AA84003EDEB2 /* Glimpse.entitlements */,
				27F5776A2BCF38330012D66C /* GlimpseApp.swift */,
				27F5776C2BCF38330012D66C /* ContentView.swift */,
				2741EA092BD8AB2F003EDEB2 /* Constants.swift */,
				2741EA062BD8AA74003EDEB2 /* Keychain.swift */,
				27F5776E2BCF38340012D66C /* Assets.xcassets */,
				27F577702BCF38340012D66C /* Preview Content */,
			);
			path = Glimpse;
			sourceTree = "<group>";
		};
		27F577702BCF38340012D66C /* Preview Content */ = {
			isa = PBXGroup;
			children = (
				27F577712BCF38340012D66C /* Preview Assets.xcassets */,
			);
			path = "Preview Content";
			sourceTree = "<group>";
		};
/* End PBXGroup section */

/* Begin PBXNativeTarget section */
		2741EA0E2BD8AEBA003EDEB2 /* Watch */ = {
			isa = PBXNativeTarget;
			buildConfigurationList = 2741EA1D2BD8AEBB003EDEB2 /* Build configuration list for PBXNativeTarget "Watch" */;
			buildPhases = (
				2741EA0B2BD8AEBA003EDEB2 /* Sources */,
				2741EA0C2BD8AEBA003EDEB2 /* Frameworks */,
				2741EA0D2BD8AEBA003EDEB2 /* Resources */,
				2741EA392BD8AF0A003EDEB2 /* Embed Foundation Extensions */,
			);
			buildRules = (
			);
			dependencies = (
				2741EA342BD8AF0A003EDEB2 /* PBXTargetDependency */,
			);
			name = Watch;
			productName = "GlimpseWatch Watch App";
			productReference = 2741EA0F2BD8AEBA003EDEB2 /* Watch.app */;
			productType = "com.apple.product-type.application";
		};
		2741EA242BD8AF08003EDEB2 /* WatchWidget */ = {
			isa = PBXNativeTarget;
			buildConfigurationList = 2741EA362BD8AF0A003EDEB2 /* Build configuration list for PBXNativeTarget "WatchWidget" */;
			buildPhases = (
				2741EA212BD8AF08003EDEB2 /* Sources */,
				2741EA222BD8AF08003EDEB2 /* Frameworks */,
				2741EA232BD8AF08003EDEB2 /* Resources */,
			);
			buildRules = (
			);
			dependencies = (
			);
			name = WatchWidget;
			productName = WatchWidgetExtension;
			productReference = 2741EA252BD8AF08003EDEB2 /* WatchWidget.appex */;
			productType = "com.apple.product-type.app-extension";
		};
		27F577662BCF38330012D66C /* Glimpse */ = {
			isa = PBXNativeTarget;
			buildConfigurationList = 27F577752BCF38340012D66C /* Build configuration list for PBXNativeTarget "Glimpse" */;
			buildPhases = (
				27F577632BCF38330012D66C /* Sources */,
				27F577642BCF38330012D66C /* Frameworks */,
				27F577652BCF38330012D66C /* Resources */,
				2741EA202BD8AEBB003EDEB2 /* Embed Watch Content */,
			);
			buildRules = (
			);
			dependencies = (
				2741EA1B2BD8AEBB003EDEB2 /* PBXTargetDependency */,
			);
			name = Glimpse;
			packageProductDependencies = (
				27C6E25E2BCF386E006BAE98 /* Dexcom */,
				27C6E2612BCF387A006BAE98 /* KeychainAccess */,
			);
			productName = Glimpse;
			productReference = 27F577672BCF38330012D66C /* Glimpse.app */;
			productType = "com.apple.product-type.application";
		};
/* End PBXNativeTarget section */

/* Begin PBXProject section */
		27F5775F2BCF38330012D66C /* Project object */ = {
			isa = PBXProject;
			attributes = {
				BuildIndependentTargetsInParallel = 1;
				LastSwiftUpdateCheck = 1530;
				LastUpgradeCheck = 1530;
				TargetAttributes = {
					2741EA0E2BD8AEBA003EDEB2 = {
						CreatedOnToolsVersion = 15.3;
					};
					2741EA242BD8AF08003EDEB2 = {
						CreatedOnToolsVersion = 15.3;
					};
					27F577662BCF38330012D66C = {
						CreatedOnToolsVersion = 15.3;
					};
				};
			};
			buildConfigurationList = 27F577622BCF38330012D66C /* Build configuration list for PBXProject "Glimpse" */;
			compatibilityVersion = "Xcode 14.0";
			developmentRegion = en;
			hasScannedForEncodings = 0;
			knownRegions = (
				en,
				Base,
			);
			mainGroup = 27F5775E2BCF38330012D66C;
			packageReferences = (
				27C6E25D2BCF386E006BAE98 /* XCRemoteSwiftPackageReference "dexcom-swift" */,
				27C6E2602BCF387A006BAE98 /* XCRemoteSwiftPackageReference "KeychainAccess" */,
			);
			productRefGroup = 27F577682BCF38330012D66C /* Products */;
			projectDirPath = "";
			projectRoot = "";
			targets = (
				27F577662BCF38330012D66C /* Glimpse */,
				2741EA0E2BD8AEBA003EDEB2 /* Watch */,
				2741EA242BD8AF08003EDEB2 /* WatchWidget */,
			);
		};
/* End PBXProject section */

/* Begin PBXResourcesBuildPhase section */
		2741EA0D2BD8AEBA003EDEB2 /* Resources */ = {
			isa = PBXResourcesBuildPhase;
			buildActionMask = 2147483647;
			files = (
				2741EA192BD8AEBB003EDEB2 /* Preview Assets.xcassets in Resources */,
				2741EA162BD8AEBB003EDEB2 /* Assets.xcassets in Resources */,
			);
			runOnlyForDeploymentPostprocessing = 0;
		};
		2741EA232BD8AF08003EDEB2 /* Resources */ = {
			isa = PBXResourcesBuildPhase;
			buildActionMask = 2147483647;
			files = (
				2741EA312BD8AF0A003EDEB2 /* Assets.xcassets in Resources */,
			);
			runOnlyForDeploymentPostprocessing = 0;
		};
		27F577652BCF38330012D66C /* Resources */ = {
			isa = PBXResourcesBuildPhase;
			buildActionMask = 2147483647;
			files = (
				27F577722BCF38340012D66C /* Preview Assets.xcassets in Resources */,
				27F5776F2BCF38340012D66C /* Assets.xcassets in Resources */,
			);
			runOnlyForDeploymentPostprocessing = 0;
		};
/* End PBXResourcesBuildPhase section */

/* Begin PBXSourcesBuildPhase section */
		2741EA0B2BD8AEBA003EDEB2 /* Sources */ = {
			isa = PBXSourcesBuildPhase;
			buildActionMask = 2147483647;
			files = (
				2741EA142BD8AEBA003EDEB2 /* ContentView.swift in Sources */,
				2741EA122BD8AEBA003EDEB2 /* GlimpseWatchApp.swift in Sources */,
			);
			runOnlyForDeploymentPostprocessing = 0;
		};
		2741EA212BD8AF08003EDEB2 /* Sources */ = {
			isa = PBXSourcesBuildPhase;
			buildActionMask = 2147483647;
			files = (
				2741EA2D2BD8AF08003EDEB2 /* WatchWidget.swift in Sources */,
				2741EA2F2BD8AF08003EDEB2 /* AppIntent.swift in Sources */,
			);
			runOnlyForDeploymentPostprocessing = 0;
		};
		27F577632BCF38330012D66C /* Sources */ = {
			isa = PBXSourcesBuildPhase;
			buildActionMask = 2147483647;
			files = (
				27F5776D2BCF38330012D66C /* ContentView.swift in Sources */,
				27F5776B2BCF38330012D66C /* GlimpseApp.swift in Sources */,
				2741EA072BD8AA74003EDEB2 /* Keychain.swift in Sources */,
				2741EA0A2BD8AB2F003EDEB2 /* Constants.swift in Sources */,
			);
			runOnlyForDeploymentPostprocessing = 0;
		};
/* End PBXSourcesBuildPhase section */

/* Begin PBXTargetDependency section */
		2741EA1B2BD8AEBB003EDEB2 /* PBXTargetDependency */ = {
			isa = PBXTargetDependency;
			target = 2741EA0E2BD8AEBA003EDEB2 /* Watch */;
			targetProxy = 2741EA1A2BD8AEBB003EDEB2 /* PBXContainerItemProxy */;
		};
		2741EA342BD8AF0A003EDEB2 /* PBXTargetDependency */ = {
			isa = PBXTargetDependency;
			target = 2741EA242BD8AF08003EDEB2 /* WatchWidget */;
			targetProxy = 2741EA332BD8AF0A003EDEB2 /* PBXContainerItemProxy */;
		};
/* End PBXTargetDependency section */

/* Begin XCBuildConfiguration section */
		2741EA1E2BD8AEBB003EDEB2 /* Debug */ = {
			isa = XCBuildConfiguration;
			buildSettings = {
				ALWAYS_EMBED_SWIFT_STANDARD_LIBRARIES = YES;
				ASSETCATALOG_COMPILER_APPICON_NAME = AppIcon;
				ASSETCATALOG_COMPILER_GLOBAL_ACCENT_COLOR_NAME = AccentColor;
				CODE_SIGN_STYLE = Automatic;
				CURRENT_PROJECT_VERSION = 1;
				DEVELOPMENT_ASSET_PATHS = "\"Watch/Preview Content\"";
				DEVELOPMENT_TEAM = ZEAD23GG77;
				ENABLE_PREVIEWS = YES;
				GENERATE_INFOPLIST_FILE = YES;
				INFOPLIST_KEY_CFBundleDisplayName = GlimpseWatch;
				INFOPLIST_KEY_UISupportedInterfaceOrientations = "UIInterfaceOrientationPortrait UIInterfaceOrientationPortraitUpsideDown";
				INFOPLIST_KEY_WKCompanionAppBundleIdentifier = com.kylebashour.Glimpse;
				LD_RUNPATH_SEARCH_PATHS = (
					"$(inherited)",
					"@executable_path/Frameworks",
				);
				MARKETING_VERSION = 1.0;
				PRODUCT_BUNDLE_IDENTIFIER = com.kylebashour.Glimpse.watchkitapp;
				PRODUCT_NAME = "$(TARGET_NAME)";
				SDKROOT = watchos;
				SKIP_INSTALL = YES;
				SWIFT_EMIT_LOC_STRINGS = YES;
				SWIFT_VERSION = 5.0;
				TARGETED_DEVICE_FAMILY = 4;
				WATCHOS_DEPLOYMENT_TARGET = 10.4;
			};
			name = Debug;
		};
		2741EA1F2BD8AEBB003EDEB2 /* Release */ = {
			isa = XCBuildConfiguration;
			buildSettings = {
				ALWAYS_EMBED_SWIFT_STANDARD_LIBRARIES = YES;
				ASSETCATALOG_COMPILER_APPICON_NAME = AppIcon;
				ASSETCATALOG_COMPILER_GLOBAL_ACCENT_COLOR_NAME = AccentColor;
				CODE_SIGN_STYLE = Automatic;
				CURRENT_PROJECT_VERSION = 1;
				DEVELOPMENT_ASSET_PATHS = "\"Watch/Preview Content\"";
				DEVELOPMENT_TEAM = ZEAD23GG77;
				ENABLE_PREVIEWS = YES;
				GENERATE_INFOPLIST_FILE = YES;
				INFOPLIST_KEY_CFBundleDisplayName = GlimpseWatch;
				INFOPLIST_KEY_UISupportedInterfaceOrientations = "UIInterfaceOrientationPortrait UIInterfaceOrientationPortraitUpsideDown";
				INFOPLIST_KEY_WKCompanionAppBundleIdentifier = com.kylebashour.Glimpse;
				LD_RUNPATH_SEARCH_PATHS = (
					"$(inherited)",
					"@executable_path/Frameworks",
				);
				MARKETING_VERSION = 1.0;
				PRODUCT_BUNDLE_IDENTIFIER = com.kylebashour.Glimpse.watchkitapp;
				PRODUCT_NAME = "$(TARGET_NAME)";
				SDKROOT = watchos;
				SKIP_INSTALL = YES;
				SWIFT_EMIT_LOC_STRINGS = YES;
				SWIFT_VERSION = 5.0;
				TARGETED_DEVICE_FAMILY = 4;
				WATCHOS_DEPLOYMENT_TARGET = 10.4;
			};
			name = Release;
		};
		2741EA372BD8AF0A003EDEB2 /* Debug */ = {
			isa = XCBuildConfiguration;
			buildSettings = {
				ASSETCATALOG_COMPILER_GLOBAL_ACCENT_COLOR_NAME = AccentColor;
				ASSETCATALOG_COMPILER_WIDGET_BACKGROUND_COLOR_NAME = WidgetBackground;
				CODE_SIGN_STYLE = Automatic;
				CURRENT_PROJECT_VERSION = 1;
				DEVELOPMENT_TEAM = ZEAD23GG77;
				GENERATE_INFOPLIST_FILE = YES;
				INFOPLIST_FILE = WatchWidget/Info.plist;
				INFOPLIST_KEY_CFBundleDisplayName = WatchWidget;
				INFOPLIST_KEY_NSHumanReadableCopyright = "";
				LD_RUNPATH_SEARCH_PATHS = (
					"$(inherited)",
					"@executable_path/Frameworks",
					"@executable_path/../../Frameworks",
					"@executable_path/../../../../Frameworks",
				);
				MARKETING_VERSION = 1.0;
				PRODUCT_BUNDLE_IDENTIFIER = com.kylebashour.Glimpse.watchkitapp.WatchWidget;
				PRODUCT_NAME = "$(TARGET_NAME)";
				SDKROOT = watchos;
				SKIP_INSTALL = YES;
				SWIFT_EMIT_LOC_STRINGS = YES;
				SWIFT_VERSION = 5.0;
				TARGETED_DEVICE_FAMILY = 4;
				WATCHOS_DEPLOYMENT_TARGET = 10.4;
			};
			name = Debug;
		};
		2741EA382BD8AF0A003EDEB2 /* Release */ = {
			isa = XCBuildConfiguration;
			buildSettings = {
				ASSETCATALOG_COMPILER_GLOBAL_ACCENT_COLOR_NAME = AccentColor;
				ASSETCATALOG_COMPILER_WIDGET_BACKGROUND_COLOR_NAME = WidgetBackground;
				CODE_SIGN_STYLE = Automatic;
				CURRENT_PROJECT_VERSION = 1;
				DEVELOPMENT_TEAM = ZEAD23GG77;
				GENERATE_INFOPLIST_FILE = YES;
				INFOPLIST_FILE = WatchWidget/Info.plist;
				INFOPLIST_KEY_CFBundleDisplayName = WatchWidget;
				INFOPLIST_KEY_NSHumanReadableCopyright = "";
				LD_RUNPATH_SEARCH_PATHS = (
					"$(inherited)",
					"@executable_path/Frameworks",
					"@executable_path/../../Frameworks",
					"@executable_path/../../../../Frameworks",
				);
				MARKETING_VERSION = 1.0;
				PRODUCT_BUNDLE_IDENTIFIER = com.kylebashour.Glimpse.watchkitapp.WatchWidget;
				PRODUCT_NAME = "$(TARGET_NAME)";
				SDKROOT = watchos;
				SKIP_INSTALL = YES;
				SWIFT_EMIT_LOC_STRINGS = YES;
				SWIFT_VERSION = 5.0;
				TARGETED_DEVICE_FAMILY = 4;
				WATCHOS_DEPLOYMENT_TARGET = 10.4;
			};
			name = Release;
		};
		27F577732BCF38340012D66C /* Debug */ = {
			isa = XCBuildConfiguration;
			buildSettings = {
				ALWAYS_SEARCH_USER_PATHS = NO;
				ASSETCATALOG_COMPILER_GENERATE_SWIFT_ASSET_SYMBOL_EXTENSIONS = YES;
				CLANG_ANALYZER_NONNULL = YES;
				CLANG_ANALYZER_NUMBER_OBJECT_CONVERSION = YES_AGGRESSIVE;
				CLANG_CXX_LANGUAGE_STANDARD = "gnu++20";
				CLANG_ENABLE_MODULES = YES;
				CLANG_ENABLE_OBJC_ARC = YES;
				CLANG_ENABLE_OBJC_WEAK = YES;
				CLANG_WARN_BLOCK_CAPTURE_AUTORELEASING = YES;
				CLANG_WARN_BOOL_CONVERSION = YES;
				CLANG_WARN_COMMA = YES;
				CLANG_WARN_CONSTANT_CONVERSION = YES;
				CLANG_WARN_DEPRECATED_OBJC_IMPLEMENTATIONS = YES;
				CLANG_WARN_DIRECT_OBJC_ISA_USAGE = YES_ERROR;
				CLANG_WARN_DOCUMENTATION_COMMENTS = YES;
				CLANG_WARN_EMPTY_BODY = YES;
				CLANG_WARN_ENUM_CONVERSION = YES;
				CLANG_WARN_INFINITE_RECURSION = YES;
				CLANG_WARN_INT_CONVERSION = YES;
				CLANG_WARN_NON_LITERAL_NULL_CONVERSION = YES;
				CLANG_WARN_OBJC_IMPLICIT_RETAIN_SELF = YES;
				CLANG_WARN_OBJC_LITERAL_CONVERSION = YES;
				CLANG_WARN_OBJC_ROOT_CLASS = YES_ERROR;
				CLANG_WARN_QUOTED_INCLUDE_IN_FRAMEWORK_HEADER = YES;
				CLANG_WARN_RANGE_LOOP_ANALYSIS = YES;
				CLANG_WARN_STRICT_PROTOTYPES = YES;
				CLANG_WARN_SUSPICIOUS_MOVE = YES;
				CLANG_WARN_UNGUARDED_AVAILABILITY = YES_AGGRESSIVE;
				CLANG_WARN_UNREACHABLE_CODE = YES;
				CLANG_WARN__DUPLICATE_METHOD_MATCH = YES;
				COPY_PHASE_STRIP = NO;
				DEBUG_INFORMATION_FORMAT = dwarf;
				ENABLE_STRICT_OBJC_MSGSEND = YES;
				ENABLE_TESTABILITY = YES;
				ENABLE_USER_SCRIPT_SANDBOXING = YES;
				GCC_C_LANGUAGE_STANDARD = gnu17;
				GCC_DYNAMIC_NO_PIC = NO;
				GCC_NO_COMMON_BLOCKS = YES;
				GCC_OPTIMIZATION_LEVEL = 0;
				GCC_PREPROCESSOR_DEFINITIONS = (
					"DEBUG=1",
					"$(inherited)",
				);
				GCC_WARN_64_TO_32_BIT_CONVERSION = YES;
				GCC_WARN_ABOUT_RETURN_TYPE = YES_ERROR;
				GCC_WARN_UNDECLARED_SELECTOR = YES;
				GCC_WARN_UNINITIALIZED_AUTOS = YES_AGGRESSIVE;
				GCC_WARN_UNUSED_FUNCTION = YES;
				GCC_WARN_UNUSED_VARIABLE = YES;
				IPHONEOS_DEPLOYMENT_TARGET = 17.4;
				LOCALIZATION_PREFERS_STRING_CATALOGS = YES;
				MTL_ENABLE_DEBUG_INFO = INCLUDE_SOURCE;
				MTL_FAST_MATH = YES;
				ONLY_ACTIVE_ARCH = YES;
				SDKROOT = iphoneos;
				SWIFT_ACTIVE_COMPILATION_CONDITIONS = "DEBUG $(inherited)";
				SWIFT_OPTIMIZATION_LEVEL = "-Onone";
			};
			name = Debug;
		};
		27F577742BCF38340012D66C /* Release */ = {
			isa = XCBuildConfiguration;
			buildSettings = {
				ALWAYS_SEARCH_USER_PATHS = NO;
				ASSETCATALOG_COMPILER_GENERATE_SWIFT_ASSET_SYMBOL_EXTENSIONS = YES;
				CLANG_ANALYZER_NONNULL = YES;
				CLANG_ANALYZER_NUMBER_OBJECT_CONVERSION = YES_AGGRESSIVE;
				CLANG_CXX_LANGUAGE_STANDARD = "gnu++20";
				CLANG_ENABLE_MODULES = YES;
				CLANG_ENABLE_OBJC_ARC = YES;
				CLANG_ENABLE_OBJC_WEAK = YES;
				CLANG_WARN_BLOCK_CAPTURE_AUTORELEASING = YES;
				CLANG_WARN_BOOL_CONVERSION = YES;
				CLANG_WARN_COMMA = YES;
				CLANG_WARN_CONSTANT_CONVERSION = YES;
				CLANG_WARN_DEPRECATED_OBJC_IMPLEMENTATIONS = YES;
				CLANG_WARN_DIRECT_OBJC_ISA_USAGE = YES_ERROR;
				CLANG_WARN_DOCUMENTATION_COMMENTS = YES;
				CLANG_WARN_EMPTY_BODY = YES;
				CLANG_WARN_ENUM_CONVERSION = YES;
				CLANG_WARN_INFINITE_RECURSION = YES;
				CLANG_WARN_INT_CONVERSION = YES;
				CLANG_WARN_NON_LITERAL_NULL_CONVERSION = YES;
				CLANG_WARN_OBJC_IMPLICIT_RETAIN_SELF = YES;
				CLANG_WARN_OBJC_LITERAL_CONVERSION = YES;
				CLANG_WARN_OBJC_ROOT_CLASS = YES_ERROR;
				CLANG_WARN_QUOTED_INCLUDE_IN_FRAMEWORK_HEADER = YES;
				CLANG_WARN_RANGE_LOOP_ANALYSIS = YES;
				CLANG_WARN_STRICT_PROTOTYPES = YES;
				CLANG_WARN_SUSPICIOUS_MOVE = YES;
				CLANG_WARN_UNGUARDED_AVAILABILITY = YES_AGGRESSIVE;
				CLANG_WARN_UNREACHABLE_CODE = YES;
				CLANG_WARN__DUPLICATE_METHOD_MATCH = YES;
				COPY_PHASE_STRIP = NO;
				DEBUG_INFORMATION_FORMAT = "dwarf-with-dsym";
				ENABLE_NS_ASSERTIONS = NO;
				ENABLE_STRICT_OBJC_MSGSEND = YES;
				ENABLE_USER_SCRIPT_SANDBOXING = YES;
				GCC_C_LANGUAGE_STANDARD = gnu17;
				GCC_NO_COMMON_BLOCKS = YES;
				GCC_WARN_64_TO_32_BIT_CONVERSION = YES;
				GCC_WARN_ABOUT_RETURN_TYPE = YES_ERROR;
				GCC_WARN_UNDECLARED_SELECTOR = YES;
				GCC_WARN_UNINITIALIZED_AUTOS = YES_AGGRESSIVE;
				GCC_WARN_UNUSED_FUNCTION = YES;
				GCC_WARN_UNUSED_VARIABLE = YES;
				IPHONEOS_DEPLOYMENT_TARGET = 17.4;
				LOCALIZATION_PREFERS_STRING_CATALOGS = YES;
				MTL_ENABLE_DEBUG_INFO = NO;
				MTL_FAST_MATH = YES;
				SDKROOT = iphoneos;
				SWIFT_COMPILATION_MODE = wholemodule;
				VALIDATE_PRODUCT = YES;
			};
			name = Release;
		};
		27F577762BCF38340012D66C /* Debug */ = {
			isa = XCBuildConfiguration;
			buildSettings = {
				ALWAYS_EMBED_SWIFT_STANDARD_LIBRARIES = YES;
				ASSETCATALOG_COMPILER_APPICON_NAME = AppIcon;
				ASSETCATALOG_COMPILER_GLOBAL_ACCENT_COLOR_NAME = AccentColor;
				CODE_SIGN_ENTITLEMENTS = Glimpse/Glimpse.entitlements;
				CODE_SIGN_STYLE = Automatic;
				CURRENT_PROJECT_VERSION = 1;
				DEVELOPMENT_ASSET_PATHS = "\"Glimpse/Preview Content\"";
				DEVELOPMENT_TEAM = ZEAD23GG77;
				ENABLE_PREVIEWS = YES;
				GENERATE_INFOPLIST_FILE = YES;
				INFOPLIST_KEY_UIApplicationSceneManifest_Generation = YES;
				INFOPLIST_KEY_UIApplicationSupportsIndirectInputEvents = YES;
				INFOPLIST_KEY_UILaunchScreen_Generation = YES;
				INFOPLIST_KEY_UISupportedInterfaceOrientations_iPad = "UIInterfaceOrientationPortrait UIInterfaceOrientationPortraitUpsideDown UIInterfaceOrientationLandscapeLeft UIInterfaceOrientationLandscapeRight";
				INFOPLIST_KEY_UISupportedInterfaceOrientations_iPhone = "UIInterfaceOrientationPortrait UIInterfaceOrientationLandscapeLeft UIInterfaceOrientationLandscapeRight";
				LD_RUNPATH_SEARCH_PATHS = (
					"$(inherited)",
					"@executable_path/Frameworks",
				);
				MARKETING_VERSION = 1.0;
				PRODUCT_BUNDLE_IDENTIFIER = com.kylebashour.Glimpse;
				PRODUCT_NAME = "$(TARGET_NAME)";
				SWIFT_EMIT_LOC_STRINGS = YES;
				SWIFT_VERSION = 5.0;
				TARGETED_DEVICE_FAMILY = "1,2";
			};
			name = Debug;
		};
		27F577772BCF38340012D66C /* Release */ = {
			isa = XCBuildConfiguration;
			buildSettings = {
				ALWAYS_EMBED_SWIFT_STANDARD_LIBRARIES = YES;
				ASSETCATALOG_COMPILER_APPICON_NAME = AppIcon;
				ASSETCATALOG_COMPILER_GLOBAL_ACCENT_COLOR_NAME = AccentColor;
				CODE_SIGN_ENTITLEMENTS = Glimpse/Glimpse.entitlements;
				CODE_SIGN_STYLE = Automatic;
				CURRENT_PROJECT_VERSION = 1;
				DEVELOPMENT_ASSET_PATHS = "\"Glimpse/Preview Content\"";
				DEVELOPMENT_TEAM = ZEAD23GG77;
				ENABLE_PREVIEWS = YES;
				GENERATE_INFOPLIST_FILE = YES;
				INFOPLIST_KEY_UIApplicationSceneManifest_Generation = YES;
				INFOPLIST_KEY_UIApplicationSupportsIndirectInputEvents = YES;
				INFOPLIST_KEY_UILaunchScreen_Generation = YES;
				INFOPLIST_KEY_UISupportedInterfaceOrientations_iPad = "UIInterfaceOrientationPortrait UIInterfaceOrientationPortraitUpsideDown UIInterfaceOrientationLandscapeLeft UIInterfaceOrientationLandscapeRight";
				INFOPLIST_KEY_UISupportedInterfaceOrientations_iPhone = "UIInterfaceOrientationPortrait UIInterfaceOrientationLandscapeLeft UIInterfaceOrientationLandscapeRight";
				LD_RUNPATH_SEARCH_PATHS = (
					"$(inherited)",
					"@executable_path/Frameworks",
				);
				MARKETING_VERSION = 1.0;
				PRODUCT_BUNDLE_IDENTIFIER = com.kylebashour.Glimpse;
				PRODUCT_NAME = "$(TARGET_NAME)";
				SWIFT_EMIT_LOC_STRINGS = YES;
				SWIFT_VERSION = 5.0;
				TARGETED_DEVICE_FAMILY = "1,2";
			};
			name = Release;
		};
/* End XCBuildConfiguration section */

/* Begin XCConfigurationList section */
		2741EA1D2BD8AEBB003EDEB2 /* Build configuration list for PBXNativeTarget "Watch" */ = {
			isa = XCConfigurationList;
			buildConfigurations = (
				2741EA1E2BD8AEBB003EDEB2 /* Debug */,
				2741EA1F2BD8AEBB003EDEB2 /* Release */,
			);
			defaultConfigurationIsVisible = 0;
			defaultConfigurationName = Release;
		};
		2741EA362BD8AF0A003EDEB2 /* Build configuration list for PBXNativeTarget "WatchWidget" */ = {
			isa = XCConfigurationList;
			buildConfigurations = (
				2741EA372BD8AF0A003EDEB2 /* Debug */,
				2741EA382BD8AF0A003EDEB2 /* Release */,
			);
			defaultConfigurationIsVisible = 0;
			defaultConfigurationName = Release;
		};
		27F577622BCF38330012D66C /* Build configuration list for PBXProject "Glimpse" */ = {
			isa = XCConfigurationList;
			buildConfigurations = (
				27F577732BCF38340012D66C /* Debug */,
				27F577742BCF38340012D66C /* Release */,
			);
			defaultConfigurationIsVisible = 0;
			defaultConfigurationName = Release;
		};
		27F577752BCF38340012D66C /* Build configuration list for PBXNativeTarget "Glimpse" */ = {
			isa = XCConfigurationList;
			buildConfigurations = (
				27F577762BCF38340012D66C /* Debug */,
				27F577772BCF38340012D66C /* Release */,
			);
			defaultConfigurationIsVisible = 0;
			defaultConfigurationName = Release;
		};
/* End XCConfigurationList section */

/* Begin XCRemoteSwiftPackageReference section */
		27C6E25D2BCF386E006BAE98 /* XCRemoteSwiftPackageReference "dexcom-swift" */ = {
			isa = XCRemoteSwiftPackageReference;
			repositoryURL = "https://github.com/kylebshr/dexcom-swift";
			requirement = {
				branch = main;
				kind = branch;
			};
		};
		27C6E2602BCF387A006BAE98 /* XCRemoteSwiftPackageReference "KeychainAccess" */ = {
			isa = XCRemoteSwiftPackageReference;
			repositoryURL = "https://github.com/kishikawakatsumi/KeychainAccess";
			requirement = {
				branch = master;
				kind = branch;
			};
		};
/* End XCRemoteSwiftPackageReference section */

/* Begin XCSwiftPackageProductDependency section */
		27C6E25E2BCF386E006BAE98 /* Dexcom */ = {
			isa = XCSwiftPackageProductDependency;
			package = 27C6E25D2BCF386E006BAE98 /* XCRemoteSwiftPackageReference "dexcom-swift" */;
			productName = Dexcom;
		};
		27C6E2612BCF387A006BAE98 /* KeychainAccess */ = {
			isa = XCSwiftPackageProductDependency;
			package = 27C6E2602BCF387A006BAE98 /* XCRemoteSwiftPackageReference "KeychainAccess" */;
			productName = KeychainAccess;
		};
/* End XCSwiftPackageProductDependency section */
	};
	rootObject = 27F5775F2BCF38330012D66C /* Project object */;
}
