// !$*UTF8*$!
{
	archiveVersion = 1;
	classes = {
	};
	objectVersion = 56;
	objects = {

/* Begin PBXBuildFile section */
		270332482BD99E81009535EE /* GraphTimelineProvider.swift in Sources */ = {isa = PBXBuildFile; fileRef = 270332452BD99E79009535EE /* GraphTimelineProvider.swift */; };
		2703324E2BD99E90009535EE /* WidgetKit.framework in Frameworks */ = {isa = PBXBuildFile; fileRef = 2741EA272BD8AF08003EDEB2 /* WidgetKit.framework */; };
		2703324F2BD99E90009535EE /* SwiftUI.framework in Frameworks */ = {isa = PBXBuildFile; fileRef = 2741EA292BD8AF08003EDEB2 /* SwiftUI.framework */; };
		270332522BD99E90009535EE /* GlimpseWidgetBundle.swift in Sources */ = {isa = PBXBuildFile; fileRef = 270332512BD99E90009535EE /* GlimpseWidgetBundle.swift */; };
		270332542BD99E90009535EE /* GlimpseReadingWidget.swift in Sources */ = {isa = PBXBuildFile; fileRef = 270332532BD99E90009535EE /* GlimpseReadingWidget.swift */; };
		270332562BD99E91009535EE /* Assets.xcassets in Resources */ = {isa = PBXBuildFile; fileRef = 270332552BD99E91009535EE /* Assets.xcassets */; };
		2703325A2BD99E91009535EE /* GlimpseWidget.appex in Embed Foundation Extensions */ = {isa = PBXBuildFile; fileRef = 2703324D2BD99E90009535EE /* GlimpseWidget.appex */; settings = {ATTRIBUTES = (RemoveHeadersOnCopy, ); }; };
		270332602BD99F43009535EE /* GraphTimelineProvider.swift in Sources */ = {isa = PBXBuildFile; fileRef = 270332452BD99E79009535EE /* GraphTimelineProvider.swift */; };
		270332632BD9A09F009535EE /* Dexcom in Frameworks */ = {isa = PBXBuildFile; productRef = 270332622BD9A09F009535EE /* Dexcom */; };
		270332652BD9A09F009535EE /* KeychainAccess in Frameworks */ = {isa = PBXBuildFile; productRef = 270332642BD9A09F009535EE /* KeychainAccess */; };
		270332662BD9A0B5009535EE /* Constants.swift in Sources */ = {isa = PBXBuildFile; fileRef = 2741EA092BD8AB2F003EDEB2 /* Constants.swift */; };
		270332672BD9A0B9009535EE /* Keychain.swift in Sources */ = {isa = PBXBuildFile; fileRef = 2741EA062BD8AA74003EDEB2 /* Keychain.swift */; };
		270332682BD9A0B9009535EE /* Defaults.swift in Sources */ = {isa = PBXBuildFile; fileRef = 27E2C5812BD98AB50000FB40 /* Defaults.swift */; };
		270E185F2BDA082A00CB7D4D /* CircularWidgetReadingView.swift in Sources */ = {isa = PBXBuildFile; fileRef = 270E185E2BDA082A00CB7D4D /* CircularWidgetReadingView.swift */; };
		270E18602BDA082A00CB7D4D /* CircularWidgetReadingView.swift in Sources */ = {isa = PBXBuildFile; fileRef = 270E185E2BDA082A00CB7D4D /* CircularWidgetReadingView.swift */; };
		270E18622BDA084E00CB7D4D /* ReadingWidgetView.swift in Sources */ = {isa = PBXBuildFile; fileRef = 270E18612BDA084E00CB7D4D /* ReadingWidgetView.swift */; };
		270E18632BDA084E00CB7D4D /* ReadingWidgetView.swift in Sources */ = {isa = PBXBuildFile; fileRef = 270E18612BDA084E00CB7D4D /* ReadingWidgetView.swift */; };
		270E18652BDA0A1400CB7D4D /* ReloadWidgetIntent.swift in Sources */ = {isa = PBXBuildFile; fileRef = 270E18642BDA0A1400CB7D4D /* ReloadWidgetIntent.swift */; };
		270E18662BDA0A1400CB7D4D /* ReloadWidgetIntent.swift in Sources */ = {isa = PBXBuildFile; fileRef = 270E18642BDA0A1400CB7D4D /* ReloadWidgetIntent.swift */; };
		271166AE2BEFD1B600C30ECC /* Images.xcassets in Resources */ = {isa = PBXBuildFile; fileRef = 271166AD2BEFD1B600C30ECC /* Images.xcassets */; };
		271166AF2BEFD1C600C30ECC /* Images.xcassets in Resources */ = {isa = PBXBuildFile; fileRef = 271166AD2BEFD1B600C30ECC /* Images.xcassets */; };
		271166B02BEFD1C700C30ECC /* Images.xcassets in Resources */ = {isa = PBXBuildFile; fileRef = 271166AD2BEFD1B600C30ECC /* Images.xcassets */; };
		271166B12BEFD1C700C30ECC /* Images.xcassets in Resources */ = {isa = PBXBuildFile; fileRef = 271166AD2BEFD1B600C30ECC /* Images.xcassets */; };
		271522592BE009C80009D8EA /* GraphWidgetConfiguration.swift in Sources */ = {isa = PBXBuildFile; fileRef = 2741EA2E2BD8AF08003EDEB2 /* GraphWidgetConfiguration.swift */; };
		2715225C2BE009FC0009D8EA /* GraphView+GraphRange.swift in Sources */ = {isa = PBXBuildFile; fileRef = 2715225B2BE009FC0009D8EA /* GraphView+GraphRange.swift */; };
		2715225D2BE009FC0009D8EA /* GraphView+GraphRange.swift in Sources */ = {isa = PBXBuildFile; fileRef = 2715225B2BE009FC0009D8EA /* GraphView+GraphRange.swift */; };
		271CD1D92BD96B1500FBE5DB /* Dexcom in Frameworks */ = {isa = PBXBuildFile; productRef = 271CD1D82BD96B1500FBE5DB /* Dexcom */; };
		271CD1DB2BD96B1700FBE5DB /* KeychainAccess in Frameworks */ = {isa = PBXBuildFile; productRef = 271CD1DA2BD96B1700FBE5DB /* KeychainAccess */; };
		271CD1DD2BD96B1C00FBE5DB /* Dexcom in Frameworks */ = {isa = PBXBuildFile; productRef = 271CD1DC2BD96B1C00FBE5DB /* Dexcom */; };
		271CD1DF2BD96B1C00FBE5DB /* KeychainAccess in Frameworks */ = {isa = PBXBuildFile; productRef = 271CD1DE2BD96B1C00FBE5DB /* KeychainAccess */; };
		271CD1E12BD96B3200FBE5DB /* Constants.swift in Sources */ = {isa = PBXBuildFile; fileRef = 2741EA092BD8AB2F003EDEB2 /* Constants.swift */; };
		271CD1E22BD96B3200FBE5DB /* Keychain.swift in Sources */ = {isa = PBXBuildFile; fileRef = 2741EA062BD8AA74003EDEB2 /* Keychain.swift */; };
		271CD1E32BD96B3200FBE5DB /* Constants.swift in Sources */ = {isa = PBXBuildFile; fileRef = 2741EA092BD8AB2F003EDEB2 /* Constants.swift */; };
		271CD1E42BD96B3200FBE5DB /* Keychain.swift in Sources */ = {isa = PBXBuildFile; fileRef = 2741EA062BD8AA74003EDEB2 /* Keychain.swift */; };
		27221C792BEAB65600661B26 /* RootView.swift in Sources */ = {isa = PBXBuildFile; fileRef = 27221C782BEAB65600661B26 /* RootView.swift */; };
		27221C7A2BEAB72900661B26 /* SignInView.swift in Sources */ = {isa = PBXBuildFile; fileRef = 27F5776C2BCF38330012D66C /* SignInView.swift */; };
		27221C7B2BEAB73000661B26 /* RootViewModel.swift in Sources */ = {isa = PBXBuildFile; fileRef = 2731E0812BDC735300695EBF /* RootViewModel.swift */; };
		27221C7C2BEAB74800661B26 /* FooterScrollView.swift in Sources */ = {isa = PBXBuildFile; fileRef = 279BA4092BDED8D5006C87B6 /* FooterScrollView.swift */; };
		27221C7D2BEABE2700661B26 /* FormSection.swift in Sources */ = {isa = PBXBuildFile; fileRef = 27D96EEB2BE4305F007F4720 /* FormSection.swift */; };
		27221C7E2BEABE2E00661B26 /* FormRow.swift in Sources */ = {isa = PBXBuildFile; fileRef = 27D96EEA2BE4305F007F4720 /* FormRow.swift */; };
		27221C7F2BEABE3200661B26 /* FormSectionDivider.swift in Sources */ = {isa = PBXBuildFile; fileRef = 27D96EEC2BE4305F007F4720 /* FormSectionDivider.swift */; };
		27221C802BEABE7800661B26 /* CardModifier.swift in Sources */ = {isa = PBXBuildFile; fileRef = 27D96EF42BE430E9007F4720 /* CardModifier.swift */; };
		27221C812BEABE8F00661B26 /* EdgeInsets+Extensions.swift in Sources */ = {isa = PBXBuildFile; fileRef = 27D96EF62BE43110007F4720 /* EdgeInsets+Extensions.swift */; };
		2731E07D2BDC6CB400695EBF /* CardTextFieldStyle.swift in Sources */ = {isa = PBXBuildFile; fileRef = 2731E07C2BDC6CB400695EBF /* CardTextFieldStyle.swift */; };
		2731E07F2BDC6D8F00695EBF /* RootView.swift in Sources */ = {isa = PBXBuildFile; fileRef = 2731E07E2BDC6D8F00695EBF /* RootView.swift */; };
		2731E0822BDC735300695EBF /* RootViewModel.swift in Sources */ = {isa = PBXBuildFile; fileRef = 2731E0812BDC735300695EBF /* RootViewModel.swift */; };
		2731E08A2BDC9D7C00695EBF /* MainView.swift in Sources */ = {isa = PBXBuildFile; fileRef = 2731E0892BDC9D7C00695EBF /* MainView.swift */; };
		2741EA072BD8AA74003EDEB2 /* Keychain.swift in Sources */ = {isa = PBXBuildFile; fileRef = 2741EA062BD8AA74003EDEB2 /* Keychain.swift */; };
		2741EA0A2BD8AB2F003EDEB2 /* Constants.swift in Sources */ = {isa = PBXBuildFile; fileRef = 2741EA092BD8AB2F003EDEB2 /* Constants.swift */; };
		2741EA162BD8AEBB003EDEB2 /* Assets.xcassets in Resources */ = {isa = PBXBuildFile; fileRef = 2741EA152BD8AEBB003EDEB2 /* Assets.xcassets */; };
		2741EA192BD8AEBB003EDEB2 /* Preview Assets.xcassets in Resources */ = {isa = PBXBuildFile; fileRef = 2741EA182BD8AEBB003EDEB2 /* Preview Assets.xcassets */; };
		2741EA1C2BD8AEBB003EDEB2 /* Luka.app in Embed Watch Content */ = {isa = PBXBuildFile; fileRef = 2741EA0F2BD8AEBA003EDEB2 /* Luka.app */; settings = {ATTRIBUTES = (RemoveHeadersOnCopy, ); }; };
		2741EA282BD8AF08003EDEB2 /* WidgetKit.framework in Frameworks */ = {isa = PBXBuildFile; fileRef = 2741EA272BD8AF08003EDEB2 /* WidgetKit.framework */; };
		2741EA2A2BD8AF08003EDEB2 /* SwiftUI.framework in Frameworks */ = {isa = PBXBuildFile; fileRef = 2741EA292BD8AF08003EDEB2 /* SwiftUI.framework */; };
		2741EA2F2BD8AF08003EDEB2 /* GraphWidgetConfiguration.swift in Sources */ = {isa = PBXBuildFile; fileRef = 2741EA2E2BD8AF08003EDEB2 /* GraphWidgetConfiguration.swift */; };
		2741EA312BD8AF0A003EDEB2 /* Assets.xcassets in Resources */ = {isa = PBXBuildFile; fileRef = 2741EA302BD8AF0A003EDEB2 /* Assets.xcassets */; };
		2741EA352BD8AF0A003EDEB2 /* WatchWidget.appex in Embed Foundation Extensions */ = {isa = PBXBuildFile; fileRef = 2741EA252BD8AF08003EDEB2 /* WatchWidget.appex */; settings = {ATTRIBUTES = (RemoveHeadersOnCopy, ); }; };
		274E9A492BE1C8E60035F216 /* View+Extensions.swift in Sources */ = {isa = PBXBuildFile; fileRef = 274E9A482BE1C8E60035F216 /* View+Extensions.swift */; };
		274E9A4A2BE1C8E60035F216 /* View+Extensions.swift in Sources */ = {isa = PBXBuildFile; fileRef = 274E9A482BE1C8E60035F216 /* View+Extensions.swift */; };
		274E9A4B2BE1C8E60035F216 /* View+Extensions.swift in Sources */ = {isa = PBXBuildFile; fileRef = 274E9A482BE1C8E60035F216 /* View+Extensions.swift */; };
		274E9A4C2BE1C8E60035F216 /* View+Extensions.swift in Sources */ = {isa = PBXBuildFile; fileRef = 274E9A482BE1C8E60035F216 /* View+Extensions.swift */; };
		27558D0C2BE2D57C000CACB4 /* GlimpseWidgetBundle.swift in Sources */ = {isa = PBXBuildFile; fileRef = 270332512BD99E90009535EE /* GlimpseWidgetBundle.swift */; };
		27558D0D2BE2D57C000CACB4 /* GlimpseReadingWidget.swift in Sources */ = {isa = PBXBuildFile; fileRef = 270332532BD99E90009535EE /* GlimpseReadingWidget.swift */; };
		27558D132BE2D634000CACB4 /* GlimpseGraphWidget.swift in Sources */ = {isa = PBXBuildFile; fileRef = 27558D122BE2D634000CACB4 /* GlimpseGraphWidget.swift */; };
		27558D142BE2D634000CACB4 /* GlimpseGraphWidget.swift in Sources */ = {isa = PBXBuildFile; fileRef = 27558D122BE2D634000CACB4 /* GlimpseGraphWidget.swift */; };
		27558D162BE2D662000CACB4 /* WidgetErrorView.swift in Sources */ = {isa = PBXBuildFile; fileRef = 27558D152BE2D662000CACB4 /* WidgetErrorView.swift */; };
		27558D172BE2D662000CACB4 /* WidgetErrorView.swift in Sources */ = {isa = PBXBuildFile; fileRef = 27558D152BE2D662000CACB4 /* WidgetErrorView.swift */; };
		27558D192BE2D6BE000CACB4 /* GraphWidgetView.swift in Sources */ = {isa = PBXBuildFile; fileRef = 27558D182BE2D6BE000CACB4 /* GraphWidgetView.swift */; };
		27558D1A2BE2D6BE000CACB4 /* GraphWidgetView.swift in Sources */ = {isa = PBXBuildFile; fileRef = 27558D182BE2D6BE000CACB4 /* GraphWidgetView.swift */; };
		27558D1C2BE2D7B1000CACB4 /* GlucoseEntry.swift in Sources */ = {isa = PBXBuildFile; fileRef = 27558D1B2BE2D7B1000CACB4 /* GlucoseEntry.swift */; };
		27558D1D2BE2D7B1000CACB4 /* GlucoseEntry.swift in Sources */ = {isa = PBXBuildFile; fileRef = 27558D1B2BE2D7B1000CACB4 /* GlucoseEntry.swift */; };
		27558D592BE2F464000CACB4 /* GlucoseEntryData.swift in Sources */ = {isa = PBXBuildFile; fileRef = 27558D572BE2F464000CACB4 /* GlucoseEntryData.swift */; };
		27558D5B2BE2F464000CACB4 /* GlucoseEntryData.swift in Sources */ = {isa = PBXBuildFile; fileRef = 27558D572BE2F464000CACB4 /* GlucoseEntryData.swift */; };
		27558D5D2BE2F9A5000CACB4 /* ReadingTimelineProvider.swift in Sources */ = {isa = PBXBuildFile; fileRef = 27558D5C2BE2F9A5000CACB4 /* ReadingTimelineProvider.swift */; };
		27558D5E2BE2F9A5000CACB4 /* ReadingTimelineProvider.swift in Sources */ = {isa = PBXBuildFile; fileRef = 27558D5C2BE2F9A5000CACB4 /* ReadingTimelineProvider.swift */; };
		27558D602BE2FA20000CACB4 /* DexcomTimelineProvider.swift in Sources */ = {isa = PBXBuildFile; fileRef = 27558D5F2BE2FA20000CACB4 /* DexcomTimelineProvider.swift */; };
		27558D612BE2FA20000CACB4 /* DexcomTimelineProvider.swift in Sources */ = {isa = PBXBuildFile; fileRef = 27558D5F2BE2FA20000CACB4 /* DexcomTimelineProvider.swift */; };
		27558D632BE3006F000CACB4 /* SystemWidgetReadingView.swift in Sources */ = {isa = PBXBuildFile; fileRef = 27558D622BE3006F000CACB4 /* SystemWidgetReadingView.swift */; };
		27558D642BE3006F000CACB4 /* SystemWidgetReadingView.swift in Sources */ = {isa = PBXBuildFile; fileRef = 27558D622BE3006F000CACB4 /* SystemWidgetReadingView.swift */; };
		27558D662BE30944000CACB4 /* WidgetButtonContent.swift in Sources */ = {isa = PBXBuildFile; fileRef = 27558D652BE30944000CACB4 /* WidgetButtonContent.swift */; };
		27558D672BE30944000CACB4 /* WidgetButtonContent.swift in Sources */ = {isa = PBXBuildFile; fileRef = 27558D652BE30944000CACB4 /* WidgetButtonContent.swift */; };
		2775BE452BED8269009B5973 /* LaunchableApp.swift in Sources */ = {isa = PBXBuildFile; fileRef = 2775BE442BED8269009B5973 /* LaunchableApp.swift */; };
		2775BE462BED8269009B5973 /* LaunchableApp.swift in Sources */ = {isa = PBXBuildFile; fileRef = 2775BE442BED8269009B5973 /* LaunchableApp.swift */; };
		27784DA02BE9E609000B2B3E /* MainView.swift in Sources */ = {isa = PBXBuildFile; fileRef = 27784D9F2BE9E609000B2B3E /* MainView.swift */; };
		278663FE2BED88300016DA96 /* ReadingWidgetConfiguration.swift in Sources */ = {isa = PBXBuildFile; fileRef = 278663FD2BED88300016DA96 /* ReadingWidgetConfiguration.swift */; };
		278663FF2BED88300016DA96 /* ReadingWidgetConfiguration.swift in Sources */ = {isa = PBXBuildFile; fileRef = 278663FD2BED88300016DA96 /* ReadingWidgetConfiguration.swift */; };
		278664012BED8BBE0016DA96 /* WidgetTapAction.swift in Sources */ = {isa = PBXBuildFile; fileRef = 278664002BED8BBE0016DA96 /* WidgetTapAction.swift */; };
		278664022BED8BBE0016DA96 /* WidgetTapAction.swift in Sources */ = {isa = PBXBuildFile; fileRef = 278664002BED8BBE0016DA96 /* WidgetTapAction.swift */; };
		279BA40A2BDED8D5006C87B6 /* FooterScrollView.swift in Sources */ = {isa = PBXBuildFile; fileRef = 279BA4092BDED8D5006C87B6 /* FooterScrollView.swift */; };
		279BA40D2BDEDAAC006C87B6 /* SettingsView.swift in Sources */ = {isa = PBXBuildFile; fileRef = 279BA40C2BDEDAAC006C87B6 /* SettingsView.swift */; };
		279BA4102BDFC65B006C87B6 /* GraphView.swift in Sources */ = {isa = PBXBuildFile; fileRef = 279BA40F2BDFC65B006C87B6 /* GraphView.swift */; };
		279BA4142BDFCA4C006C87B6 /* GlucoseReading+Extensions.swift in Sources */ = {isa = PBXBuildFile; fileRef = 27AB80452BDAD8C20071E482 /* GlucoseReading+Extensions.swift */; };
		279BA4152BDFCA4C006C87B6 /* GlucoseReading+Extensions.swift in Sources */ = {isa = PBXBuildFile; fileRef = 27AB80452BDAD8C20071E482 /* GlucoseReading+Extensions.swift */; };
		27A367E62BE153B600FC07FB /* DexcomClient+Extensions.swift in Sources */ = {isa = PBXBuildFile; fileRef = 27A367E52BE153B600FC07FB /* DexcomClient+Extensions.swift */; };
		27A367E72BE153B600FC07FB /* DexcomClient+Extensions.swift in Sources */ = {isa = PBXBuildFile; fileRef = 27A367E52BE153B600FC07FB /* DexcomClient+Extensions.swift */; };
		27A367E82BE153B600FC07FB /* DexcomClient+Extensions.swift in Sources */ = {isa = PBXBuildFile; fileRef = 27A367E52BE153B600FC07FB /* DexcomClient+Extensions.swift */; };
		27A367E92BE153B600FC07FB /* DexcomClient+Extensions.swift in Sources */ = {isa = PBXBuildFile; fileRef = 27A367E52BE153B600FC07FB /* DexcomClient+Extensions.swift */; };
		27AB80462BDAD8C20071E482 /* GlucoseReading+Extensions.swift in Sources */ = {isa = PBXBuildFile; fileRef = 27AB80452BDAD8C20071E482 /* GlucoseReading+Extensions.swift */; };
		27AB80472BDAD8C20071E482 /* GlucoseReading+Extensions.swift in Sources */ = {isa = PBXBuildFile; fileRef = 27AB80452BDAD8C20071E482 /* GlucoseReading+Extensions.swift */; };
		27AB804A2BDAD96D0071E482 /* InlineWidgetReadingView.swift in Sources */ = {isa = PBXBuildFile; fileRef = 27AB80492BDAD96D0071E482 /* InlineWidgetReadingView.swift */; };
		27AB804B2BDAD96D0071E482 /* InlineWidgetReadingView.swift in Sources */ = {isa = PBXBuildFile; fileRef = 27AB80492BDAD96D0071E482 /* InlineWidgetReadingView.swift */; };
		27AB804D2BDAD9B10071E482 /* WidgetGraphView.swift in Sources */ = {isa = PBXBuildFile; fileRef = 27AB804C2BDAD9B10071E482 /* WidgetGraphView.swift */; };
		27AB804E2BDAD9B10071E482 /* WidgetGraphView.swift in Sources */ = {isa = PBXBuildFile; fileRef = 27AB804C2BDAD9B10071E482 /* WidgetGraphView.swift */; };
		27AB80502BDADF030071E482 /* SystemWidgetErrorView.swift in Sources */ = {isa = PBXBuildFile; fileRef = 27AB804F2BDADF030071E482 /* SystemWidgetErrorView.swift */; };
		27AB80512BDADF030071E482 /* SystemWidgetErrorView.swift in Sources */ = {isa = PBXBuildFile; fileRef = 27AB804F2BDADF030071E482 /* SystemWidgetErrorView.swift */; };
		27AB80532BDAE51C0071E482 /* RectangularWidgetErrorView.swift in Sources */ = {isa = PBXBuildFile; fileRef = 27AB80522BDAE51C0071E482 /* RectangularWidgetErrorView.swift */; };
		27AB80542BDAE51C0071E482 /* RectangularWidgetErrorView.swift in Sources */ = {isa = PBXBuildFile; fileRef = 27AB80522BDAE51C0071E482 /* RectangularWidgetErrorView.swift */; };
		27AB80562BDAF27C0071E482 /* CircularWidgetErrorView.swift in Sources */ = {isa = PBXBuildFile; fileRef = 27AB80552BDAF27C0071E482 /* CircularWidgetErrorView.swift */; };
		27AB80572BDAF27C0071E482 /* CircularWidgetErrorView.swift in Sources */ = {isa = PBXBuildFile; fileRef = 27AB80552BDAF27C0071E482 /* CircularWidgetErrorView.swift */; };
		27AD76D02BE98F760037564B /* Defaults in Frameworks */ = {isa = PBXBuildFile; productRef = 27AD76CF2BE98F760037564B /* Defaults */; };
		27AD76D22BE98F7D0037564B /* Defaults in Frameworks */ = {isa = PBXBuildFile; productRef = 27AD76D12BE98F7D0037564B /* Defaults */; };
		27AD76D42BE98F820037564B /* Defaults in Frameworks */ = {isa = PBXBuildFile; productRef = 27AD76D32BE98F820037564B /* Defaults */; };
		27AD76D62BE98F890037564B /* Defaults in Frameworks */ = {isa = PBXBuildFile; productRef = 27AD76D52BE98F890037564B /* Defaults */; };
		27AD76D72BE9906F0037564B /* GraphRange.swift in Sources */ = {isa = PBXBuildFile; fileRef = 27AF390E2BE94332000491E1 /* GraphRange.swift */; };
		27AD76D82BE990700037564B /* GraphRange.swift in Sources */ = {isa = PBXBuildFile; fileRef = 27AF390E2BE94332000491E1 /* GraphRange.swift */; };
		27AD76D92BE990700037564B /* GraphRange.swift in Sources */ = {isa = PBXBuildFile; fileRef = 27AF390E2BE94332000491E1 /* GraphRange.swift */; };
		27AD76DD2BE995F80037564B /* GraphView+GraphRange.swift in Sources */ = {isa = PBXBuildFile; fileRef = 2715225B2BE009FC0009D8EA /* GraphView+GraphRange.swift */; };
		27AD76DE2BE995F90037564B /* GraphView+GraphRange.swift in Sources */ = {isa = PBXBuildFile; fileRef = 2715225B2BE009FC0009D8EA /* GraphView+GraphRange.swift */; };
		27AF390F2BE94332000491E1 /* GraphRange.swift in Sources */ = {isa = PBXBuildFile; fileRef = 27AF390E2BE94332000491E1 /* GraphRange.swift */; };
		27C6E25F2BCF386E006BAE98 /* Dexcom in Frameworks */ = {isa = PBXBuildFile; productRef = 27C6E25E2BCF386E006BAE98 /* Dexcom */; };
		27C6E2622BCF387A006BAE98 /* KeychainAccess in Frameworks */ = {isa = PBXBuildFile; productRef = 27C6E2612BCF387A006BAE98 /* KeychainAccess */; };
		27D96EEF2BE4305F007F4720 /* FormHeader.swift in Sources */ = {isa = PBXBuildFile; fileRef = 27D96EE92BE4305F007F4720 /* FormHeader.swift */; };
		27D96EF02BE4305F007F4720 /* FormRow.swift in Sources */ = {isa = PBXBuildFile; fileRef = 27D96EEA2BE4305F007F4720 /* FormRow.swift */; };
		27D96EF12BE4305F007F4720 /* FormSection.swift in Sources */ = {isa = PBXBuildFile; fileRef = 27D96EEB2BE4305F007F4720 /* FormSection.swift */; };
		27D96EF22BE4305F007F4720 /* FormSectionDivider.swift in Sources */ = {isa = PBXBuildFile; fileRef = 27D96EEC2BE4305F007F4720 /* FormSectionDivider.swift */; };
		27D96EF32BE4305F007F4720 /* FormToggle.swift in Sources */ = {isa = PBXBuildFile; fileRef = 27D96EED2BE4305F007F4720 /* FormToggle.swift */; };
		27D96EF52BE430E9007F4720 /* CardModifier.swift in Sources */ = {isa = PBXBuildFile; fileRef = 27D96EF42BE430E9007F4720 /* CardModifier.swift */; };
		27D96EF72BE43110007F4720 /* EdgeInsets+Extensions.swift in Sources */ = {isa = PBXBuildFile; fileRef = 27D96EF62BE43110007F4720 /* EdgeInsets+Extensions.swift */; };
		27D96EF92BE43192007F4720 /* GraphView.swift in Sources */ = {isa = PBXBuildFile; fileRef = 279BA40F2BDFC65B006C87B6 /* GraphView.swift */; };
		27D96EFA2BE43195007F4720 /* GraphView.swift in Sources */ = {isa = PBXBuildFile; fileRef = 279BA40F2BDFC65B006C87B6 /* GraphView.swift */; };
		27D96EFB2BE43196007F4720 /* GraphView.swift in Sources */ = {isa = PBXBuildFile; fileRef = 279BA40F2BDFC65B006C87B6 /* GraphView.swift */; };
		27D96EFE2BE431A2007F4720 /* GlimpseApp.swift in Sources */ = {isa = PBXBuildFile; fileRef = 27D96EFC2BE4319E007F4720 /* GlimpseApp.swift */; };
		27D96F002BE434F1007F4720 /* Bundle+Extensions.swift in Sources */ = {isa = PBXBuildFile; fileRef = 27D96EFF2BE434F1007F4720 /* Bundle+Extensions.swift */; };
		27D96F012BE434FA007F4720 /* Bundle+Extensions.swift in Sources */ = {isa = PBXBuildFile; fileRef = 27D96EFF2BE434F1007F4720 /* Bundle+Extensions.swift */; };
		27D96F042BE4490E007F4720 /* LiveViewModel.swift in Sources */ = {isa = PBXBuildFile; fileRef = 27D96F032BE4490E007F4720 /* LiveViewModel.swift */; };
		27D96F052BE4490E007F4720 /* LiveViewModel.swift in Sources */ = {isa = PBXBuildFile; fileRef = 27D96F032BE4490E007F4720 /* LiveViewModel.swift */; };
		27E2C5822BD98AB50000FB40 /* Defaults.swift in Sources */ = {isa = PBXBuildFile; fileRef = 27E2C5812BD98AB50000FB40 /* Defaults.swift */; };
		27E2C5832BD98B3B0000FB40 /* Defaults.swift in Sources */ = {isa = PBXBuildFile; fileRef = 27E2C5812BD98AB50000FB40 /* Defaults.swift */; };
		27E2C5842BD98B3B0000FB40 /* Defaults.swift in Sources */ = {isa = PBXBuildFile; fileRef = 27E2C5812BD98AB50000FB40 /* Defaults.swift */; };
		27F5776B2BCF38330012D66C /* GlimpseApp.swift in Sources */ = {isa = PBXBuildFile; fileRef = 27F5776A2BCF38330012D66C /* GlimpseApp.swift */; };
		27F5776D2BCF38330012D66C /* SignInView.swift in Sources */ = {isa = PBXBuildFile; fileRef = 27F5776C2BCF38330012D66C /* SignInView.swift */; };
		27F5776F2BCF38340012D66C /* Assets.xcassets in Resources */ = {isa = PBXBuildFile; fileRef = 27F5776E2BCF38340012D66C /* Assets.xcassets */; };
		27F577722BCF38340012D66C /* Preview Assets.xcassets in Resources */ = {isa = PBXBuildFile; fileRef = 27F577712BCF38340012D66C /* Preview Assets.xcassets */; };
/* End PBXBuildFile section */

/* Begin PBXContainerItemProxy section */
		270332582BD99E91009535EE /* PBXContainerItemProxy */ = {
			isa = PBXContainerItemProxy;
			containerPortal = 27F5775F2BCF38330012D66C /* Project object */;
			proxyType = 1;
			remoteGlobalIDString = 2703324C2BD99E90009535EE;
			remoteInfo = GlimpseWidgetExtension;
		};
		2741EA1A2BD8AEBB003EDEB2 /* PBXContainerItemProxy */ = {
			isa = PBXContainerItemProxy;
			containerPortal = 27F5775F2BCF38330012D66C /* Project object */;
			proxyType = 1;
			remoteGlobalIDString = 2741EA0E2BD8AEBA003EDEB2;
			remoteInfo = "GlimpseWatch Watch App";
		};
		2741EA332BD8AF0A003EDEB2 /* PBXContainerItemProxy */ = {
			isa = PBXContainerItemProxy;
			containerPortal = 27F5775F2BCF38330012D66C /* Project object */;
			proxyType = 1;
			remoteGlobalIDString = 2741EA242BD8AF08003EDEB2;
			remoteInfo = WatchWidgetExtension;
		};
/* End PBXContainerItemProxy section */

/* Begin PBXCopyFilesBuildPhase section */
		2703325E2BD99E91009535EE /* Embed Foundation Extensions */ = {
			isa = PBXCopyFilesBuildPhase;
			buildActionMask = 2147483647;
			dstPath = "";
			dstSubfolderSpec = 13;
			files = (
				2703325A2BD99E91009535EE /* GlimpseWidget.appex in Embed Foundation Extensions */,
			);
			name = "Embed Foundation Extensions";
			runOnlyForDeploymentPostprocessing = 0;
		};
		2741EA202BD8AEBB003EDEB2 /* Embed Watch Content */ = {
			isa = PBXCopyFilesBuildPhase;
			buildActionMask = 2147483647;
			dstPath = "$(CONTENTS_FOLDER_PATH)/Watch";
			dstSubfolderSpec = 16;
			files = (
				2741EA1C2BD8AEBB003EDEB2 /* Luka.app in Embed Watch Content */,
			);
			name = "Embed Watch Content";
			runOnlyForDeploymentPostprocessing = 0;
		};
		2741EA392BD8AF0A003EDEB2 /* Embed Foundation Extensions */ = {
			isa = PBXCopyFilesBuildPhase;
			buildActionMask = 2147483647;
			dstPath = "";
			dstSubfolderSpec = 13;
			files = (
				2741EA352BD8AF0A003EDEB2 /* WatchWidget.appex in Embed Foundation Extensions */,
			);
			name = "Embed Foundation Extensions";
			runOnlyForDeploymentPostprocessing = 0;
		};
/* End PBXCopyFilesBuildPhase section */

/* Begin PBXFileReference section */
		270332452BD99E79009535EE /* GraphTimelineProvider.swift */ = {isa = PBXFileReference; lastKnownFileType = sourcecode.swift; path = GraphTimelineProvider.swift; sourceTree = "<group>"; };
		2703324D2BD99E90009535EE /* GlimpseWidget.appex */ = {isa = PBXFileReference; explicitFileType = "wrapper.app-extension"; includeInIndex = 0; path = GlimpseWidget.appex; sourceTree = BUILT_PRODUCTS_DIR; };
		270332512BD99E90009535EE /* GlimpseWidgetBundle.swift */ = {isa = PBXFileReference; lastKnownFileType = sourcecode.swift; path = GlimpseWidgetBundle.swift; sourceTree = "<group>"; };
		270332532BD99E90009535EE /* GlimpseReadingWidget.swift */ = {isa = PBXFileReference; lastKnownFileType = sourcecode.swift; path = GlimpseReadingWidget.swift; sourceTree = "<group>"; };
		270332552BD99E91009535EE /* Assets.xcassets */ = {isa = PBXFileReference; lastKnownFileType = folder.assetcatalog; path = Assets.xcassets; sourceTree = "<group>"; };
		270332572BD99E91009535EE /* Info.plist */ = {isa = PBXFileReference; lastKnownFileType = text.plist.xml; path = Info.plist; sourceTree = "<group>"; };
		2703325F2BD99EA4009535EE /* GlimpseWidget.entitlements */ = {isa = PBXFileReference; lastKnownFileType = text.plist.entitlements; path = GlimpseWidget.entitlements; sourceTree = "<group>"; };
		270E185E2BDA082A00CB7D4D /* CircularWidgetReadingView.swift */ = {isa = PBXFileReference; lastKnownFileType = sourcecode.swift; path = CircularWidgetReadingView.swift; sourceTree = "<group>"; };
		270E18612BDA084E00CB7D4D /* ReadingWidgetView.swift */ = {isa = PBXFileReference; lastKnownFileType = sourcecode.swift; path = ReadingWidgetView.swift; sourceTree = "<group>"; };
		270E18642BDA0A1400CB7D4D /* ReloadWidgetIntent.swift */ = {isa = PBXFileReference; lastKnownFileType = sourcecode.swift; path = ReloadWidgetIntent.swift; sourceTree = "<group>"; };
		271166AD2BEFD1B600C30ECC /* Images.xcassets */ = {isa = PBXFileReference; lastKnownFileType = folder.assetcatalog; path = Images.xcassets; sourceTree = "<group>"; };
		2715225B2BE009FC0009D8EA /* GraphView+GraphRange.swift */ = {isa = PBXFileReference; lastKnownFileType = sourcecode.swift; path = "GraphView+GraphRange.swift"; sourceTree = "<group>"; };
		27221C782BEAB65600661B26 /* RootView.swift */ = {isa = PBXFileReference; lastKnownFileType = sourcecode.swift; path = RootView.swift; sourceTree = "<group>"; };
		2731E07C2BDC6CB400695EBF /* CardTextFieldStyle.swift */ = {isa = PBXFileReference; lastKnownFileType = sourcecode.swift; path = CardTextFieldStyle.swift; sourceTree = "<group>"; };
		2731E07E2BDC6D8F00695EBF /* RootView.swift */ = {isa = PBXFileReference; lastKnownFileType = sourcecode.swift; path = RootView.swift; sourceTree = "<group>"; };
		2731E0812BDC735300695EBF /* RootViewModel.swift */ = {isa = PBXFileReference; lastKnownFileType = sourcecode.swift; path = RootViewModel.swift; sourceTree = "<group>"; };
		2731E0892BDC9D7C00695EBF /* MainView.swift */ = {isa = PBXFileReference; lastKnownFileType = sourcecode.swift; path = MainView.swift; sourceTree = "<group>"; };
		2741EA062BD8AA74003EDEB2 /* Keychain.swift */ = {isa = PBXFileReference; fileEncoding = 4; lastKnownFileType = sourcecode.swift; path = Keychain.swift; sourceTree = "<group>"; };
		2741EA082BD8AA84003EDEB2 /* Glimpse.entitlements */ = {isa = PBXFileReference; lastKnownFileType = text.plist.entitlements; path = Glimpse.entitlements; sourceTree = "<group>"; };
		2741EA092BD8AB2F003EDEB2 /* Constants.swift */ = {isa = PBXFileReference; fileEncoding = 4; lastKnownFileType = sourcecode.swift; path = Constants.swift; sourceTree = "<group>"; };
		2741EA0F2BD8AEBA003EDEB2 /* Luka.app */ = {isa = PBXFileReference; explicitFileType = wrapper.application; includeInIndex = 0; path = Luka.app; sourceTree = BUILT_PRODUCTS_DIR; };
		2741EA152BD8AEBB003EDEB2 /* Assets.xcassets */ = {isa = PBXFileReference; lastKnownFileType = folder.assetcatalog; path = Assets.xcassets; sourceTree = "<group>"; };
		2741EA182BD8AEBB003EDEB2 /* Preview Assets.xcassets */ = {isa = PBXFileReference; lastKnownFileType = folder.assetcatalog; path = "Preview Assets.xcassets"; sourceTree = "<group>"; };
		2741EA252BD8AF08003EDEB2 /* WatchWidget.appex */ = {isa = PBXFileReference; explicitFileType = "wrapper.app-extension"; includeInIndex = 0; path = WatchWidget.appex; sourceTree = BUILT_PRODUCTS_DIR; };
		2741EA272BD8AF08003EDEB2 /* WidgetKit.framework */ = {isa = PBXFileReference; lastKnownFileType = wrapper.framework; name = WidgetKit.framework; path = System/Library/Frameworks/WidgetKit.framework; sourceTree = SDKROOT; };
		2741EA292BD8AF08003EDEB2 /* SwiftUI.framework */ = {isa = PBXFileReference; lastKnownFileType = wrapper.framework; name = SwiftUI.framework; path = System/Library/Frameworks/SwiftUI.framework; sourceTree = SDKROOT; };
		2741EA2E2BD8AF08003EDEB2 /* GraphWidgetConfiguration.swift */ = {isa = PBXFileReference; lastKnownFileType = sourcecode.swift; path = GraphWidgetConfiguration.swift; sourceTree = "<group>"; };
		2741EA302BD8AF0A003EDEB2 /* Assets.xcassets */ = {isa = PBXFileReference; lastKnownFileType = folder.assetcatalog; path = Assets.xcassets; sourceTree = "<group>"; };
		2741EA322BD8AF0A003EDEB2 /* Info.plist */ = {isa = PBXFileReference; lastKnownFileType = text.plist.xml; path = Info.plist; sourceTree = "<group>"; };
		274E9A482BE1C8E60035F216 /* View+Extensions.swift */ = {isa = PBXFileReference; lastKnownFileType = sourcecode.swift; path = "View+Extensions.swift"; sourceTree = "<group>"; };
		27558D122BE2D634000CACB4 /* GlimpseGraphWidget.swift */ = {isa = PBXFileReference; lastKnownFileType = sourcecode.swift; path = GlimpseGraphWidget.swift; sourceTree = "<group>"; };
		27558D152BE2D662000CACB4 /* WidgetErrorView.swift */ = {isa = PBXFileReference; lastKnownFileType = sourcecode.swift; path = WidgetErrorView.swift; sourceTree = "<group>"; };
		27558D182BE2D6BE000CACB4 /* GraphWidgetView.swift */ = {isa = PBXFileReference; lastKnownFileType = sourcecode.swift; path = GraphWidgetView.swift; sourceTree = "<group>"; };
		27558D1B2BE2D7B1000CACB4 /* GlucoseEntry.swift */ = {isa = PBXFileReference; lastKnownFileType = sourcecode.swift; path = GlucoseEntry.swift; sourceTree = "<group>"; };
		27558D572BE2F464000CACB4 /* GlucoseEntryData.swift */ = {isa = PBXFileReference; lastKnownFileType = sourcecode.swift; path = GlucoseEntryData.swift; sourceTree = "<group>"; };
		27558D5C2BE2F9A5000CACB4 /* ReadingTimelineProvider.swift */ = {isa = PBXFileReference; lastKnownFileType = sourcecode.swift; path = ReadingTimelineProvider.swift; sourceTree = "<group>"; };
		27558D5F2BE2FA20000CACB4 /* DexcomTimelineProvider.swift */ = {isa = PBXFileReference; lastKnownFileType = sourcecode.swift; path = DexcomTimelineProvider.swift; sourceTree = "<group>"; };
		27558D622BE3006F000CACB4 /* SystemWidgetReadingView.swift */ = {isa = PBXFileReference; lastKnownFileType = sourcecode.swift; path = SystemWidgetReadingView.swift; sourceTree = "<group>"; };
		27558D652BE30944000CACB4 /* WidgetButtonContent.swift */ = {isa = PBXFileReference; lastKnownFileType = sourcecode.swift; path = WidgetButtonContent.swift; sourceTree = "<group>"; };
		2775BE442BED8269009B5973 /* LaunchableApp.swift */ = {isa = PBXFileReference; lastKnownFileType = sourcecode.swift; path = LaunchableApp.swift; sourceTree = "<group>"; };
		27784D9F2BE9E609000B2B3E /* MainView.swift */ = {isa = PBXFileReference; lastKnownFileType = sourcecode.swift; path = MainView.swift; sourceTree = "<group>"; };
		278663FD2BED88300016DA96 /* ReadingWidgetConfiguration.swift */ = {isa = PBXFileReference; lastKnownFileType = sourcecode.swift; path = ReadingWidgetConfiguration.swift; sourceTree = "<group>"; };
		278664002BED8BBE0016DA96 /* WidgetTapAction.swift */ = {isa = PBXFileReference; lastKnownFileType = sourcecode.swift; path = WidgetTapAction.swift; sourceTree = "<group>"; };
		279BA4092BDED8D5006C87B6 /* FooterScrollView.swift */ = {isa = PBXFileReference; lastKnownFileType = sourcecode.swift; path = FooterScrollView.swift; sourceTree = "<group>"; };
		279BA40C2BDEDAAC006C87B6 /* SettingsView.swift */ = {isa = PBXFileReference; lastKnownFileType = sourcecode.swift; path = SettingsView.swift; sourceTree = "<group>"; };
		279BA40F2BDFC65B006C87B6 /* GraphView.swift */ = {isa = PBXFileReference; lastKnownFileType = sourcecode.swift; path = GraphView.swift; sourceTree = "<group>"; };
		27A367E52BE153B600FC07FB /* DexcomClient+Extensions.swift */ = {isa = PBXFileReference; lastKnownFileType = sourcecode.swift; path = "DexcomClient+Extensions.swift"; sourceTree = "<group>"; };
		27AB80452BDAD8C20071E482 /* GlucoseReading+Extensions.swift */ = {isa = PBXFileReference; lastKnownFileType = sourcecode.swift; path = "GlucoseReading+Extensions.swift"; sourceTree = "<group>"; };
		27AB80492BDAD96D0071E482 /* InlineWidgetReadingView.swift */ = {isa = PBXFileReference; lastKnownFileType = sourcecode.swift; path = InlineWidgetReadingView.swift; sourceTree = "<group>"; };
		27AB804C2BDAD9B10071E482 /* WidgetGraphView.swift */ = {isa = PBXFileReference; lastKnownFileType = sourcecode.swift; path = WidgetGraphView.swift; sourceTree = "<group>"; };
		27AB804F2BDADF030071E482 /* SystemWidgetErrorView.swift */ = {isa = PBXFileReference; lastKnownFileType = sourcecode.swift; path = SystemWidgetErrorView.swift; sourceTree = "<group>"; };
		27AB80522BDAE51C0071E482 /* RectangularWidgetErrorView.swift */ = {isa = PBXFileReference; lastKnownFileType = sourcecode.swift; path = RectangularWidgetErrorView.swift; sourceTree = "<group>"; };
		27AB80552BDAF27C0071E482 /* CircularWidgetErrorView.swift */ = {isa = PBXFileReference; lastKnownFileType = sourcecode.swift; path = CircularWidgetErrorView.swift; sourceTree = "<group>"; };
		27AF390E2BE94332000491E1 /* GraphRange.swift */ = {isa = PBXFileReference; lastKnownFileType = sourcecode.swift; path = GraphRange.swift; sourceTree = "<group>"; };
		27D96EE92BE4305F007F4720 /* FormHeader.swift */ = {isa = PBXFileReference; fileEncoding = 4; lastKnownFileType = sourcecode.swift; path = FormHeader.swift; sourceTree = "<group>"; };
		27D96EEA2BE4305F007F4720 /* FormRow.swift */ = {isa = PBXFileReference; fileEncoding = 4; lastKnownFileType = sourcecode.swift; path = FormRow.swift; sourceTree = "<group>"; };
		27D96EEB2BE4305F007F4720 /* FormSection.swift */ = {isa = PBXFileReference; fileEncoding = 4; lastKnownFileType = sourcecode.swift; path = FormSection.swift; sourceTree = "<group>"; };
		27D96EEC2BE4305F007F4720 /* FormSectionDivider.swift */ = {isa = PBXFileReference; fileEncoding = 4; lastKnownFileType = sourcecode.swift; path = FormSectionDivider.swift; sourceTree = "<group>"; };
		27D96EED2BE4305F007F4720 /* FormToggle.swift */ = {isa = PBXFileReference; fileEncoding = 4; lastKnownFileType = sourcecode.swift; path = FormToggle.swift; sourceTree = "<group>"; };
		27D96EF42BE430E9007F4720 /* CardModifier.swift */ = {isa = PBXFileReference; fileEncoding = 4; lastKnownFileType = sourcecode.swift; path = CardModifier.swift; sourceTree = "<group>"; };
		27D96EF62BE43110007F4720 /* EdgeInsets+Extensions.swift */ = {isa = PBXFileReference; fileEncoding = 4; lastKnownFileType = sourcecode.swift; path = "EdgeInsets+Extensions.swift"; sourceTree = "<group>"; };
		27D96EFC2BE4319E007F4720 /* GlimpseApp.swift */ = {isa = PBXFileReference; lastKnownFileType = sourcecode.swift; path = GlimpseApp.swift; sourceTree = "<group>"; };
		27D96EFF2BE434F1007F4720 /* Bundle+Extensions.swift */ = {isa = PBXFileReference; lastKnownFileType = sourcecode.swift; path = "Bundle+Extensions.swift"; sourceTree = "<group>"; };
		27D96F032BE4490E007F4720 /* LiveViewModel.swift */ = {isa = PBXFileReference; lastKnownFileType = sourcecode.swift; path = LiveViewModel.swift; sourceTree = "<group>"; };
		27E2C57D2BD980C60000FB40 /* Watch.entitlements */ = {isa = PBXFileReference; lastKnownFileType = text.plist.entitlements; path = Watch.entitlements; sourceTree = "<group>"; };
		27E2C57E2BD980CF0000FB40 /* WatchWidget.entitlements */ = {isa = PBXFileReference; lastKnownFileType = text.plist.entitlements; path = WatchWidget.entitlements; sourceTree = "<group>"; };
		27E2C57F2BD981D80000FB40 /* Info.plist */ = {isa = PBXFileReference; lastKnownFileType = text.plist; path = Info.plist; sourceTree = "<group>"; };
		27E2C5812BD98AB50000FB40 /* Defaults.swift */ = {isa = PBXFileReference; lastKnownFileType = sourcecode.swift; path = Defaults.swift; sourceTree = "<group>"; };
		27F577672BCF38330012D66C /* Glimpse.app */ = {isa = PBXFileReference; explicitFileType = wrapper.application; includeInIndex = 0; path = Glimpse.app; sourceTree = BUILT_PRODUCTS_DIR; };
		27F5776A2BCF38330012D66C /* GlimpseApp.swift */ = {isa = PBXFileReference; lastKnownFileType = sourcecode.swift; path = GlimpseApp.swift; sourceTree = "<group>"; };
		27F5776C2BCF38330012D66C /* SignInView.swift */ = {isa = PBXFileReference; lastKnownFileType = sourcecode.swift; path = SignInView.swift; sourceTree = "<group>"; };
		27F5776E2BCF38340012D66C /* Assets.xcassets */ = {isa = PBXFileReference; lastKnownFileType = folder.assetcatalog; path = Assets.xcassets; sourceTree = "<group>"; };
		27F577712BCF38340012D66C /* Preview Assets.xcassets */ = {isa = PBXFileReference; lastKnownFileType = folder.assetcatalog; path = "Preview Assets.xcassets"; sourceTree = "<group>"; };
/* End PBXFileReference section */

/* Begin PBXFrameworksBuildPhase section */
		2703324A2BD99E90009535EE /* Frameworks */ = {
			isa = PBXFrameworksBuildPhase;
			buildActionMask = 2147483647;
			files = (
				270332652BD9A09F009535EE /* KeychainAccess in Frameworks */,
				2703324F2BD99E90009535EE /* SwiftUI.framework in Frameworks */,
				2703324E2BD99E90009535EE /* WidgetKit.framework in Frameworks */,
				270332632BD9A09F009535EE /* Dexcom in Frameworks */,
				27AD76D22BE98F7D0037564B /* Defaults in Frameworks */,
			);
			runOnlyForDeploymentPostprocessing = 0;
		};
		2741EA0C2BD8AEBA003EDEB2 /* Frameworks */ = {
			isa = PBXFrameworksBuildPhase;
			buildActionMask = 2147483647;
			files = (
				27AD76D42BE98F820037564B /* Defaults in Frameworks */,
				271CD1DB2BD96B1700FBE5DB /* KeychainAccess in Frameworks */,
				271CD1D92BD96B1500FBE5DB /* Dexcom in Frameworks */,
			);
			runOnlyForDeploymentPostprocessing = 0;
		};
		2741EA222BD8AF08003EDEB2 /* Frameworks */ = {
			isa = PBXFrameworksBuildPhase;
			buildActionMask = 2147483647;
			files = (
				271CD1DF2BD96B1C00FBE5DB /* KeychainAccess in Frameworks */,
				2741EA2A2BD8AF08003EDEB2 /* SwiftUI.framework in Frameworks */,
				2741EA282BD8AF08003EDEB2 /* WidgetKit.framework in Frameworks */,
				271CD1DD2BD96B1C00FBE5DB /* Dexcom in Frameworks */,
				27AD76D62BE98F890037564B /* Defaults in Frameworks */,
			);
			runOnlyForDeploymentPostprocessing = 0;
		};
		27F577642BCF38330012D66C /* Frameworks */ = {
			isa = PBXFrameworksBuildPhase;
			buildActionMask = 2147483647;
			files = (
				27AD76D02BE98F760037564B /* Defaults in Frameworks */,
				27C6E2622BCF387A006BAE98 /* KeychainAccess in Frameworks */,
				27C6E25F2BCF386E006BAE98 /* Dexcom in Frameworks */,
			);
			runOnlyForDeploymentPostprocessing = 0;
		};
/* End PBXFrameworksBuildPhase section */

/* Begin PBXGroup section */
		270332502BD99E90009535EE /* GlimpseWidget */ = {
			isa = PBXGroup;
			children = (
				2703325F2BD99EA4009535EE /* GlimpseWidget.entitlements */,
				270332552BD99E91009535EE /* Assets.xcassets */,
				270332572BD99E91009535EE /* Info.plist */,
			);
			path = GlimpseWidget;
			sourceTree = "<group>";
		};
		271CD1E02BD96B2000FBE5DB /* Shared */ = {
			isa = PBXGroup;
			children = (
				2731E0872BDC73A400695EBF /* Views */,
				27D96F022BE448FB007F4720 /* View Models */,
				2731E0862BDC739D00695EBF /* Style */,
				2731E0852BDC738E00695EBF /* Widgets */,
				2731E0842BDC737200695EBF /* Intents */,
				2731E0832BDC736600695EBF /* Utilities */,
				271166AD2BEFD1B600C30ECC /* Images.xcassets */,
			);
			path = Shared;
			sourceTree = "<group>";
		};
		2731E0832BDC736600695EBF /* Utilities */ = {
			isa = PBXGroup;
			children = (
				2741EA092BD8AB2F003EDEB2 /* Constants.swift */,
				27D96EFF2BE434F1007F4720 /* Bundle+Extensions.swift */,
				2741EA062BD8AA74003EDEB2 /* Keychain.swift */,
				27E2C5812BD98AB50000FB40 /* Defaults.swift */,
				27D96EF62BE43110007F4720 /* EdgeInsets+Extensions.swift */,
				27AB80452BDAD8C20071E482 /* GlucoseReading+Extensions.swift */,
				27A367E52BE153B600FC07FB /* DexcomClient+Extensions.swift */,
				274E9A482BE1C8E60035F216 /* View+Extensions.swift */,
			);
			path = Utilities;
			sourceTree = "<group>";
		};
		2731E0842BDC737200695EBF /* Intents */ = {
			isa = PBXGroup;
			children = (
				2741EA2E2BD8AF08003EDEB2 /* GraphWidgetConfiguration.swift */,
				278663FD2BED88300016DA96 /* ReadingWidgetConfiguration.swift */,
				27AF390E2BE94332000491E1 /* GraphRange.swift */,
				2775BE442BED8269009B5973 /* LaunchableApp.swift */,
				278664002BED8BBE0016DA96 /* WidgetTapAction.swift */,
				270E18642BDA0A1400CB7D4D /* ReloadWidgetIntent.swift */,
			);
			path = Intents;
			sourceTree = "<group>";
		};
		2731E0852BDC738E00695EBF /* Widgets */ = {
			isa = PBXGroup;
			children = (
				270332452BD99E79009535EE /* GraphTimelineProvider.swift */,
				27558D5C2BE2F9A5000CACB4 /* ReadingTimelineProvider.swift */,
				27558D5F2BE2FA20000CACB4 /* DexcomTimelineProvider.swift */,
				27558D1B2BE2D7B1000CACB4 /* GlucoseEntry.swift */,
				27558D572BE2F464000CACB4 /* GlucoseEntryData.swift */,
				270332512BD99E90009535EE /* GlimpseWidgetBundle.swift */,
				27558D122BE2D634000CACB4 /* GlimpseGraphWidget.swift */,
				270332532BD99E90009535EE /* GlimpseReadingWidget.swift */,
				27AB80482BDAD9500071E482 /* Views */,
			);
			path = Widgets;
			sourceTree = "<group>";
		};
		2731E0862BDC739D00695EBF /* Style */ = {
			isa = PBXGroup;
			children = (
				2731E07C2BDC6CB400695EBF /* CardTextFieldStyle.swift */,
				27D96EF42BE430E9007F4720 /* CardModifier.swift */,
			);
			path = Style;
			sourceTree = "<group>";
		};
		2731E0872BDC73A400695EBF /* Views */ = {
			isa = PBXGroup;
			children = (
				279BA40F2BDFC65B006C87B6 /* GraphView.swift */,
			);
			path = Views;
			sourceTree = "<group>";
		};
		2741EA102BD8AEBA003EDEB2 /* Watch */ = {
			isa = PBXGroup;
			children = (
				27D96EFC2BE4319E007F4720 /* GlimpseApp.swift */,
				27221C782BEAB65600661B26 /* RootView.swift */,
				27784D9F2BE9E609000B2B3E /* MainView.swift */,
				27E2C57D2BD980C60000FB40 /* Watch.entitlements */,
				2741EA152BD8AEBB003EDEB2 /* Assets.xcassets */,
				2741EA172BD8AEBB003EDEB2 /* Preview Content */,
			);
			path = Watch;
			sourceTree = "<group>";
		};
		2741EA172BD8AEBB003EDEB2 /* Preview Content */ = {
			isa = PBXGroup;
			children = (
				2741EA182BD8AEBB003EDEB2 /* Preview Assets.xcassets */,
			);
			path = "Preview Content";
			sourceTree = "<group>";
		};
		2741EA262BD8AF08003EDEB2 /* Frameworks */ = {
			isa = PBXGroup;
			children = (
				2741EA272BD8AF08003EDEB2 /* WidgetKit.framework */,
				2741EA292BD8AF08003EDEB2 /* SwiftUI.framework */,
			);
			name = Frameworks;
			sourceTree = "<group>";
		};
		2741EA2B2BD8AF08003EDEB2 /* WatchWidget */ = {
			isa = PBXGroup;
			children = (
				27E2C57E2BD980CF0000FB40 /* WatchWidget.entitlements */,
				2741EA302BD8AF0A003EDEB2 /* Assets.xcassets */,
				2741EA322BD8AF0A003EDEB2 /* Info.plist */,
			);
			path = WatchWidget;
			sourceTree = "<group>";
		};
		27AB80482BDAD9500071E482 /* Views */ = {
			isa = PBXGroup;
			children = (
				270E18612BDA084E00CB7D4D /* ReadingWidgetView.swift */,
				27558D182BE2D6BE000CACB4 /* GraphWidgetView.swift */,
				27558D152BE2D662000CACB4 /* WidgetErrorView.swift */,
				27AB804C2BDAD9B10071E482 /* WidgetGraphView.swift */,
				27558D622BE3006F000CACB4 /* SystemWidgetReadingView.swift */,
				27AB804F2BDADF030071E482 /* SystemWidgetErrorView.swift */,
				27AB80492BDAD96D0071E482 /* InlineWidgetReadingView.swift */,
				27AB80522BDAE51C0071E482 /* RectangularWidgetErrorView.swift */,
				270E185E2BDA082A00CB7D4D /* CircularWidgetReadingView.swift */,
				27AB80552BDAF27C0071E482 /* CircularWidgetErrorView.swift */,
				27558D652BE30944000CACB4 /* WidgetButtonContent.swift */,
				2715225B2BE009FC0009D8EA /* GraphView+GraphRange.swift */,
			);
			path = Views;
			sourceTree = "<group>";
		};
		27D96EEE2BE4305F007F4720 /* Form */ = {
			isa = PBXGroup;
			children = (
				27D96EE92BE4305F007F4720 /* FormHeader.swift */,
				27D96EEA2BE4305F007F4720 /* FormRow.swift */,
				27D96EEB2BE4305F007F4720 /* FormSection.swift */,
				27D96EEC2BE4305F007F4720 /* FormSectionDivider.swift */,
				27D96EED2BE4305F007F4720 /* FormToggle.swift */,
			);
			path = Form;
			sourceTree = "<group>";
		};
		27D96EF82BE4318B007F4720 /* Views */ = {
			isa = PBXGroup;
			children = (
				2731E07E2BDC6D8F00695EBF /* RootView.swift */,
				2731E0812BDC735300695EBF /* RootViewModel.swift */,
				27F5776C2BCF38330012D66C /* SignInView.swift */,
				2731E0892BDC9D7C00695EBF /* MainView.swift */,
				279BA40C2BDEDAAC006C87B6 /* SettingsView.swift */,
				279BA4092BDED8D5006C87B6 /* FooterScrollView.swift */,
				27D96EEE2BE4305F007F4720 /* Form */,
			);
			path = Views;
			sourceTree = "<group>";
		};
		27D96F022BE448FB007F4720 /* View Models */ = {
			isa = PBXGroup;
			children = (
				27D96F032BE4490E007F4720 /* LiveViewModel.swift */,
			);
			path = "View Models";
			sourceTree = "<group>";
		};
		27F5775E2BCF38330012D66C = {
			isa = PBXGroup;
			children = (
				271CD1E02BD96B2000FBE5DB /* Shared */,
				27F577692BCF38330012D66C /* Glimpse */,
				270332502BD99E90009535EE /* GlimpseWidget */,
				2741EA102BD8AEBA003EDEB2 /* Watch */,
				2741EA2B2BD8AF08003EDEB2 /* WatchWidget */,
				2741EA262BD8AF08003EDEB2 /* Frameworks */,
				27F577682BCF38330012D66C /* Products */,
			);
			sourceTree = "<group>";
		};
		27F577682BCF38330012D66C /* Products */ = {
			isa = PBXGroup;
			children = (
				27F577672BCF38330012D66C /* Glimpse.app */,
				2741EA0F2BD8AEBA003EDEB2 /* Luka.app */,
				2741EA252BD8AF08003EDEB2 /* WatchWidget.appex */,
				2703324D2BD99E90009535EE /* GlimpseWidget.appex */,
			);
			name = Products;
			sourceTree = "<group>";
		};
		27F577692BCF38330012D66C /* Glimpse */ = {
			isa = PBXGroup;
			children = (
				27F5776A2BCF38330012D66C /* GlimpseApp.swift */,
				27D96EF82BE4318B007F4720 /* Views */,
				27E2C57F2BD981D80000FB40 /* Info.plist */,
				2741EA082BD8AA84003EDEB2 /* Glimpse.entitlements */,
				27F5776E2BCF38340012D66C /* Assets.xcassets */,
				27F577702BCF38340012D66C /* Preview Content */,
			);
			path = Glimpse;
			sourceTree = "<group>";
		};
		27F577702BCF38340012D66C /* Preview Content */ = {
			isa = PBXGroup;
			children = (
				27F577712BCF38340012D66C /* Preview Assets.xcassets */,
			);
			path = "Preview Content";
			sourceTree = "<group>";
		};
/* End PBXGroup section */

/* Begin PBXNativeTarget section */
		2703324C2BD99E90009535EE /* GlimpseWidget */ = {
			isa = PBXNativeTarget;
			buildConfigurationList = 2703325B2BD99E91009535EE /* Build configuration list for PBXNativeTarget "GlimpseWidget" */;
			buildPhases = (
				270332492BD99E90009535EE /* Sources */,
				2703324A2BD99E90009535EE /* Frameworks */,
				2703324B2BD99E90009535EE /* Resources */,
			);
			buildRules = (
			);
			dependencies = (
			);
			name = GlimpseWidget;
			packageProductDependencies = (
				270332622BD9A09F009535EE /* Dexcom */,
				270332642BD9A09F009535EE /* KeychainAccess */,
				27AD76D12BE98F7D0037564B /* Defaults */,
			);
			productName = GlimpseWidgetExtension;
			productReference = 2703324D2BD99E90009535EE /* GlimpseWidget.appex */;
			productType = "com.apple.product-type.app-extension";
		};
		2741EA0E2BD8AEBA003EDEB2 /* Watch */ = {
			isa = PBXNativeTarget;
			buildConfigurationList = 2741EA1D2BD8AEBB003EDEB2 /* Build configuration list for PBXNativeTarget "Watch" */;
			buildPhases = (
				2741EA0B2BD8AEBA003EDEB2 /* Sources */,
				2741EA0C2BD8AEBA003EDEB2 /* Frameworks */,
				2741EA0D2BD8AEBA003EDEB2 /* Resources */,
				2741EA392BD8AF0A003EDEB2 /* Embed Foundation Extensions */,
			);
			buildRules = (
			);
			dependencies = (
				2741EA342BD8AF0A003EDEB2 /* PBXTargetDependency */,
			);
			name = Watch;
			packageProductDependencies = (
				271CD1D82BD96B1500FBE5DB /* Dexcom */,
				271CD1DA2BD96B1700FBE5DB /* KeychainAccess */,
				27AD76D32BE98F820037564B /* Defaults */,
			);
			productName = "GlimpseWatch Watch App";
			productReference = 2741EA0F2BD8AEBA003EDEB2 /* Luka.app */;
			productType = "com.apple.product-type.application";
		};
		2741EA242BD8AF08003EDEB2 /* WatchWidget */ = {
			isa = PBXNativeTarget;
			buildConfigurationList = 2741EA362BD8AF0A003EDEB2 /* Build configuration list for PBXNativeTarget "WatchWidget" */;
			buildPhases = (
				2741EA212BD8AF08003EDEB2 /* Sources */,
				2741EA222BD8AF08003EDEB2 /* Frameworks */,
				2741EA232BD8AF08003EDEB2 /* Resources */,
			);
			buildRules = (
			);
			dependencies = (
			);
			name = WatchWidget;
			packageProductDependencies = (
				271CD1DC2BD96B1C00FBE5DB /* Dexcom */,
				271CD1DE2BD96B1C00FBE5DB /* KeychainAccess */,
				27AD76D52BE98F890037564B /* Defaults */,
			);
			productName = WatchWidgetExtension;
			productReference = 2741EA252BD8AF08003EDEB2 /* WatchWidget.appex */;
			productType = "com.apple.product-type.app-extension";
		};
		27F577662BCF38330012D66C /* Glimpse */ = {
			isa = PBXNativeTarget;
			buildConfigurationList = 27F577752BCF38340012D66C /* Build configuration list for PBXNativeTarget "Glimpse" */;
			buildPhases = (
				27F577632BCF38330012D66C /* Sources */,
				27F577642BCF38330012D66C /* Frameworks */,
				27F577652BCF38330012D66C /* Resources */,
				2741EA202BD8AEBB003EDEB2 /* Embed Watch Content */,
				2703325E2BD99E91009535EE /* Embed Foundation Extensions */,
			);
			buildRules = (
			);
			dependencies = (
				2741EA1B2BD8AEBB003EDEB2 /* PBXTargetDependency */,
				270332592BD99E91009535EE /* PBXTargetDependency */,
			);
			name = Glimpse;
			packageProductDependencies = (
				27C6E25E2BCF386E006BAE98 /* Dexcom */,
				27C6E2612BCF387A006BAE98 /* KeychainAccess */,
				27AD76CF2BE98F760037564B /* Defaults */,
			);
			productName = Glimpse;
			productReference = 27F577672BCF38330012D66C /* Glimpse.app */;
			productType = "com.apple.product-type.application";
		};
/* End PBXNativeTarget section */

/* Begin PBXProject section */
		27F5775F2BCF38330012D66C /* Project object */ = {
			isa = PBXProject;
			attributes = {
				BuildIndependentTargetsInParallel = 1;
				LastSwiftUpdateCheck = 1530;
				LastUpgradeCheck = 1530;
				TargetAttributes = {
					2703324C2BD99E90009535EE = {
						CreatedOnToolsVersion = 15.3;
					};
					2741EA0E2BD8AEBA003EDEB2 = {
						CreatedOnToolsVersion = 15.3;
					};
					2741EA242BD8AF08003EDEB2 = {
						CreatedOnToolsVersion = 15.3;
					};
					27F577662BCF38330012D66C = {
						CreatedOnToolsVersion = 15.3;
					};
				};
			};
			buildConfigurationList = 27F577622BCF38330012D66C /* Build configuration list for PBXProject "Glimpse" */;
			compatibilityVersion = "Xcode 14.0";
			developmentRegion = en;
			hasScannedForEncodings = 0;
			knownRegions = (
				en,
				Base,
			);
			mainGroup = 27F5775E2BCF38330012D66C;
			packageReferences = (
				27C6E25D2BCF386E006BAE98 /* XCRemoteSwiftPackageReference "dexcom-swift" */,
				27C6E2602BCF387A006BAE98 /* XCRemoteSwiftPackageReference "KeychainAccess" */,
				27AD76CE2BE98F760037564B /* XCRemoteSwiftPackageReference "Defaults" */,
			);
			productRefGroup = 27F577682BCF38330012D66C /* Products */;
			projectDirPath = "";
			projectRoot = "";
			targets = (
				27F577662BCF38330012D66C /* Glimpse */,
				2703324C2BD99E90009535EE /* GlimpseWidget */,
				2741EA0E2BD8AEBA003EDEB2 /* Watch */,
				2741EA242BD8AF08003EDEB2 /* WatchWidget */,
			);
		};
/* End PBXProject section */

/* Begin PBXResourcesBuildPhase section */
		2703324B2BD99E90009535EE /* Resources */ = {
			isa = PBXResourcesBuildPhase;
			buildActionMask = 2147483647;
			files = (
				270332562BD99E91009535EE /* Assets.xcassets in Resources */,
				271166AF2BEFD1C600C30ECC /* Images.xcassets in Resources */,
			);
			runOnlyForDeploymentPostprocessing = 0;
		};
		2741EA0D2BD8AEBA003EDEB2 /* Resources */ = {
			isa = PBXResourcesBuildPhase;
			buildActionMask = 2147483647;
			files = (
				271166B02BEFD1C700C30ECC /* Images.xcassets in Resources */,
				2741EA192BD8AEBB003EDEB2 /* Preview Assets.xcassets in Resources */,
				2741EA162BD8AEBB003EDEB2 /* Assets.xcassets in Resources */,
			);
			runOnlyForDeploymentPostprocessing = 0;
		};
		2741EA232BD8AF08003EDEB2 /* Resources */ = {
			isa = PBXResourcesBuildPhase;
			buildActionMask = 2147483647;
			files = (
				2741EA312BD8AF0A003EDEB2 /* Assets.xcassets in Resources */,
				271166B12BEFD1C700C30ECC /* Images.xcassets in Resources */,
			);
			runOnlyForDeploymentPostprocessing = 0;
		};
		27F577652BCF38330012D66C /* Resources */ = {
			isa = PBXResourcesBuildPhase;
			buildActionMask = 2147483647;
			files = (
				271166AE2BEFD1B600C30ECC /* Images.xcassets in Resources */,
				27F577722BCF38340012D66C /* Preview Assets.xcassets in Resources */,
				27F5776F2BCF38340012D66C /* Assets.xcassets in Resources */,
			);
			runOnlyForDeploymentPostprocessing = 0;
		};
/* End PBXResourcesBuildPhase section */

/* Begin PBXSourcesBuildPhase section */
		270332492BD99E90009535EE /* Sources */ = {
			isa = PBXSourcesBuildPhase;
			buildActionMask = 2147483647;
			files = (
				270332662BD9A0B5009535EE /* Constants.swift in Sources */,
				27558D162BE2D662000CACB4 /* WidgetErrorView.swift in Sources */,
				278663FE2BED88300016DA96 /* ReadingWidgetConfiguration.swift in Sources */,
				270332602BD99F43009535EE /* GraphTimelineProvider.swift in Sources */,
				27558D592BE2F464000CACB4 /* GlucoseEntryData.swift in Sources */,
				27AB804D2BDAD9B10071E482 /* WidgetGraphView.swift in Sources */,
				27558D602BE2FA20000CACB4 /* DexcomTimelineProvider.swift in Sources */,
				278664012BED8BBE0016DA96 /* WidgetTapAction.swift in Sources */,
				27A367E72BE153B600FC07FB /* DexcomClient+Extensions.swift in Sources */,
				271522592BE009C80009D8EA /* GraphWidgetConfiguration.swift in Sources */,
				270E18652BDA0A1400CB7D4D /* ReloadWidgetIntent.swift in Sources */,
				27AF390F2BE94332000491E1 /* GraphRange.swift in Sources */,
				274E9A4A2BE1C8E60035F216 /* View+Extensions.swift in Sources */,
				270332522BD99E90009535EE /* GlimpseWidgetBundle.swift in Sources */,
				2715225C2BE009FC0009D8EA /* GraphView+GraphRange.swift in Sources */,
				2775BE452BED8269009B5973 /* LaunchableApp.swift in Sources */,
				27558D662BE30944000CACB4 /* WidgetButtonContent.swift in Sources */,
				27558D632BE3006F000CACB4 /* SystemWidgetReadingView.swift in Sources */,
				27AB80502BDADF030071E482 /* SystemWidgetErrorView.swift in Sources */,
				27AB80562BDAF27C0071E482 /* CircularWidgetErrorView.swift in Sources */,
				27558D5D2BE2F9A5000CACB4 /* ReadingTimelineProvider.swift in Sources */,
				27AB80532BDAE51C0071E482 /* RectangularWidgetErrorView.swift in Sources */,
				270E18622BDA084E00CB7D4D /* ReadingWidgetView.swift in Sources */,
				27558D1C2BE2D7B1000CACB4 /* GlucoseEntry.swift in Sources */,
				27D96EFA2BE43195007F4720 /* GraphView.swift in Sources */,
				270332672BD9A0B9009535EE /* Keychain.swift in Sources */,
				27558D192BE2D6BE000CACB4 /* GraphWidgetView.swift in Sources */,
				27AB804A2BDAD96D0071E482 /* InlineWidgetReadingView.swift in Sources */,
				270332682BD9A0B9009535EE /* Defaults.swift in Sources */,
				27AB80462BDAD8C20071E482 /* GlucoseReading+Extensions.swift in Sources */,
				270E185F2BDA082A00CB7D4D /* CircularWidgetReadingView.swift in Sources */,
				27558D132BE2D634000CACB4 /* GlimpseGraphWidget.swift in Sources */,
				270332542BD99E90009535EE /* GlimpseReadingWidget.swift in Sources */,
			);
			runOnlyForDeploymentPostprocessing = 0;
		};
		2741EA0B2BD8AEBA003EDEB2 /* Sources */ = {
			isa = PBXSourcesBuildPhase;
			buildActionMask = 2147483647;
			files = (
				27AD76D82BE990700037564B /* GraphRange.swift in Sources */,
				27784DA02BE9E609000B2B3E /* MainView.swift in Sources */,
				27A367E82BE153B600FC07FB /* DexcomClient+Extensions.swift in Sources */,
				27D96F052BE4490E007F4720 /* LiveViewModel.swift in Sources */,
				27221C792BEAB65600661B26 /* RootView.swift in Sources */,
				27221C802BEABE7800661B26 /* CardModifier.swift in Sources */,
				27221C7E2BEABE2E00661B26 /* FormRow.swift in Sources */,
				27D96F012BE434FA007F4720 /* Bundle+Extensions.swift in Sources */,
				27221C7C2BEAB74800661B26 /* FooterScrollView.swift in Sources */,
				27E2C5832BD98B3B0000FB40 /* Defaults.swift in Sources */,
				271CD1E12BD96B3200FBE5DB /* Constants.swift in Sources */,
				271CD1E22BD96B3200FBE5DB /* Keychain.swift in Sources */,
				27221C7A2BEAB72900661B26 /* SignInView.swift in Sources */,
				279BA4152BDFCA4C006C87B6 /* GlucoseReading+Extensions.swift in Sources */,
				27AD76DE2BE995F90037564B /* GraphView+GraphRange.swift in Sources */,
				274E9A4B2BE1C8E60035F216 /* View+Extensions.swift in Sources */,
				27D96EFE2BE431A2007F4720 /* GlimpseApp.swift in Sources */,
				27221C7B2BEAB73000661B26 /* RootViewModel.swift in Sources */,
				27D96EF92BE43192007F4720 /* GraphView.swift in Sources */,
				27221C7D2BEABE2700661B26 /* FormSection.swift in Sources */,
				27221C812BEABE8F00661B26 /* EdgeInsets+Extensions.swift in Sources */,
				27221C7F2BEABE3200661B26 /* FormSectionDivider.swift in Sources */,
			);
			runOnlyForDeploymentPostprocessing = 0;
		};
		2741EA212BD8AF08003EDEB2 /* Sources */ = {
			isa = PBXSourcesBuildPhase;
			buildActionMask = 2147483647;
			files = (
				27AD76D92BE990700037564B /* GraphRange.swift in Sources */,
				27AB804B2BDAD96D0071E482 /* InlineWidgetReadingView.swift in Sources */,
				278663FF2BED88300016DA96 /* ReadingWidgetConfiguration.swift in Sources */,
				27558D172BE2D662000CACB4 /* WidgetErrorView.swift in Sources */,
				27AB80542BDAE51C0071E482 /* RectangularWidgetErrorView.swift in Sources */,
				27558D5B2BE2F464000CACB4 /* GlucoseEntryData.swift in Sources */,
				27A367E92BE153B600FC07FB /* DexcomClient+Extensions.swift in Sources */,
				278664022BED8BBE0016DA96 /* WidgetTapAction.swift in Sources */,
				27558D612BE2FA20000CACB4 /* DexcomTimelineProvider.swift in Sources */,
				270E18662BDA0A1400CB7D4D /* ReloadWidgetIntent.swift in Sources */,
				27AB804E2BDAD9B10071E482 /* WidgetGraphView.swift in Sources */,
				274E9A4C2BE1C8E60035F216 /* View+Extensions.swift in Sources */,
				27558D0C2BE2D57C000CACB4 /* GlimpseWidgetBundle.swift in Sources */,
				2741EA2F2BD8AF08003EDEB2 /* GraphWidgetConfiguration.swift in Sources */,
				27AB80572BDAF27C0071E482 /* CircularWidgetErrorView.swift in Sources */,
				2775BE462BED8269009B5973 /* LaunchableApp.swift in Sources */,
				270E18632BDA084E00CB7D4D /* ReadingWidgetView.swift in Sources */,
				270E18602BDA082A00CB7D4D /* CircularWidgetReadingView.swift in Sources */,
				27558D672BE30944000CACB4 /* WidgetButtonContent.swift in Sources */,
				27558D642BE3006F000CACB4 /* SystemWidgetReadingView.swift in Sources */,
				27AB80472BDAD8C20071E482 /* GlucoseReading+Extensions.swift in Sources */,
				27AB80512BDADF030071E482 /* SystemWidgetErrorView.swift in Sources */,
				27558D5E2BE2F9A5000CACB4 /* ReadingTimelineProvider.swift in Sources */,
				27E2C5842BD98B3B0000FB40 /* Defaults.swift in Sources */,
				270332482BD99E81009535EE /* GraphTimelineProvider.swift in Sources */,
				27558D1D2BE2D7B1000CACB4 /* GlucoseEntry.swift in Sources */,
				27D96EFB2BE43196007F4720 /* GraphView.swift in Sources */,
				2715225D2BE009FC0009D8EA /* GraphView+GraphRange.swift in Sources */,
				27558D1A2BE2D6BE000CACB4 /* GraphWidgetView.swift in Sources */,
				271CD1E32BD96B3200FBE5DB /* Constants.swift in Sources */,
				27558D0D2BE2D57C000CACB4 /* GlimpseReadingWidget.swift in Sources */,
				271CD1E42BD96B3200FBE5DB /* Keychain.swift in Sources */,
				27558D142BE2D634000CACB4 /* GlimpseGraphWidget.swift in Sources */,
			);
			runOnlyForDeploymentPostprocessing = 0;
		};
		27F577632BCF38330012D66C /* Sources */ = {
			isa = PBXSourcesBuildPhase;
			buildActionMask = 2147483647;
			files = (
				27D96EF02BE4305F007F4720 /* FormRow.swift in Sources */,
				27D96EEF2BE4305F007F4720 /* FormHeader.swift in Sources */,
				2731E07F2BDC6D8F00695EBF /* RootView.swift in Sources */,
				27D96EF52BE430E9007F4720 /* CardModifier.swift in Sources */,
				2731E08A2BDC9D7C00695EBF /* MainView.swift in Sources */,
				27AD76D72BE9906F0037564B /* GraphRange.swift in Sources */,
				27D96EF32BE4305F007F4720 /* FormToggle.swift in Sources */,
				27F5776D2BCF38330012D66C /* SignInView.swift in Sources */,
				27F5776B2BCF38330012D66C /* GlimpseApp.swift in Sources */,
				27E2C5822BD98AB50000FB40 /* Defaults.swift in Sources */,
				2731E07D2BDC6CB400695EBF /* CardTextFieldStyle.swift in Sources */,
				274E9A492BE1C8E60035F216 /* View+Extensions.swift in Sources */,
				27D96F042BE4490E007F4720 /* LiveViewModel.swift in Sources */,
				279BA40A2BDED8D5006C87B6 /* FooterScrollView.swift in Sources */,
				27AD76DD2BE995F80037564B /* GraphView+GraphRange.swift in Sources */,
				27D96EF72BE43110007F4720 /* EdgeInsets+Extensions.swift in Sources */,
				2741EA072BD8AA74003EDEB2 /* Keychain.swift in Sources */,
				27D96F002BE434F1007F4720 /* Bundle+Extensions.swift in Sources */,
				279BA4142BDFCA4C006C87B6 /* GlucoseReading+Extensions.swift in Sources */,
				2731E0822BDC735300695EBF /* RootViewModel.swift in Sources */,
				27A367E62BE153B600FC07FB /* DexcomClient+Extensions.swift in Sources */,
				2741EA0A2BD8AB2F003EDEB2 /* Constants.swift in Sources */,
				279BA40D2BDEDAAC006C87B6 /* SettingsView.swift in Sources */,
				279BA4102BDFC65B006C87B6 /* GraphView.swift in Sources */,
				27D96EF12BE4305F007F4720 /* FormSection.swift in Sources */,
				27D96EF22BE4305F007F4720 /* FormSectionDivider.swift in Sources */,
			);
			runOnlyForDeploymentPostprocessing = 0;
		};
/* End PBXSourcesBuildPhase section */

/* Begin PBXTargetDependency section */
		270332592BD99E91009535EE /* PBXTargetDependency */ = {
			isa = PBXTargetDependency;
			target = 2703324C2BD99E90009535EE /* GlimpseWidget */;
			targetProxy = 270332582BD99E91009535EE /* PBXContainerItemProxy */;
		};
		2741EA1B2BD8AEBB003EDEB2 /* PBXTargetDependency */ = {
			isa = PBXTargetDependency;
			target = 2741EA0E2BD8AEBA003EDEB2 /* Watch */;
			targetProxy = 2741EA1A2BD8AEBB003EDEB2 /* PBXContainerItemProxy */;
		};
		2741EA342BD8AF0A003EDEB2 /* PBXTargetDependency */ = {
			isa = PBXTargetDependency;
			target = 2741EA242BD8AF08003EDEB2 /* WatchWidget */;
			targetProxy = 2741EA332BD8AF0A003EDEB2 /* PBXContainerItemProxy */;
		};
/* End PBXTargetDependency section */

/* Begin XCBuildConfiguration section */
		2703325C2BD99E91009535EE /* Debug */ = {
			isa = XCBuildConfiguration;
			buildSettings = {
				ASSETCATALOG_COMPILER_GLOBAL_ACCENT_COLOR_NAME = AccentColor;
				ASSETCATALOG_COMPILER_WIDGET_BACKGROUND_COLOR_NAME = WidgetBackground;
				CODE_SIGN_ENTITLEMENTS = GlimpseWidget/GlimpseWidget.entitlements;
				CODE_SIGN_STYLE = Automatic;
				CURRENT_PROJECT_VERSION = 21;
				DEVELOPMENT_TEAM = ZEAD23GG77;
				GENERATE_INFOPLIST_FILE = YES;
				INFOPLIST_FILE = GlimpseWidget/Info.plist;
				INFOPLIST_KEY_CFBundleDisplayName = GlimpseWidget;
				INFOPLIST_KEY_NSHumanReadableCopyright = "";
				LD_RUNPATH_SEARCH_PATHS = (
					"$(inherited)",
					"@executable_path/Frameworks",
					"@executable_path/../../Frameworks",
				);
				MARKETING_VERSION = 1.0;
				PRODUCT_BUNDLE_IDENTIFIER = com.kylebashour.Glimpse.GlimpseWidget;
				PRODUCT_NAME = "$(TARGET_NAME)";
				SKIP_INSTALL = YES;
				SWIFT_EMIT_LOC_STRINGS = YES;
				SWIFT_VERSION = 5.0;
			};
			name = Debug;
		};
		2703325D2BD99E91009535EE /* Release */ = {
			isa = XCBuildConfiguration;
			buildSettings = {
				ASSETCATALOG_COMPILER_GLOBAL_ACCENT_COLOR_NAME = AccentColor;
				ASSETCATALOG_COMPILER_WIDGET_BACKGROUND_COLOR_NAME = WidgetBackground;
				CODE_SIGN_ENTITLEMENTS = GlimpseWidget/GlimpseWidget.entitlements;
				CODE_SIGN_STYLE = Automatic;
				CURRENT_PROJECT_VERSION = 21;
				DEVELOPMENT_TEAM = ZEAD23GG77;
				GENERATE_INFOPLIST_FILE = YES;
				INFOPLIST_FILE = GlimpseWidget/Info.plist;
				INFOPLIST_KEY_CFBundleDisplayName = GlimpseWidget;
				INFOPLIST_KEY_NSHumanReadableCopyright = "";
				LD_RUNPATH_SEARCH_PATHS = (
					"$(inherited)",
					"@executable_path/Frameworks",
					"@executable_path/../../Frameworks",
				);
				MARKETING_VERSION = 1.0;
				PRODUCT_BUNDLE_IDENTIFIER = com.kylebashour.Glimpse.GlimpseWidget;
				PRODUCT_NAME = "$(TARGET_NAME)";
				SKIP_INSTALL = YES;
				SWIFT_EMIT_LOC_STRINGS = YES;
				SWIFT_VERSION = 5.0;
			};
			name = Release;
		};
		2741EA1E2BD8AEBB003EDEB2 /* Debug */ = {
			isa = XCBuildConfiguration;
			buildSettings = {
				ALWAYS_EMBED_SWIFT_STANDARD_LIBRARIES = YES;
				ASSETCATALOG_COMPILER_APPICON_NAME = AppIcon;
				ASSETCATALOG_COMPILER_GLOBAL_ACCENT_COLOR_NAME = AccentColor;
				CODE_SIGN_ENTITLEMENTS = Watch/Watch.entitlements;
				CODE_SIGN_STYLE = Automatic;
				CURRENT_PROJECT_VERSION = 21;
				DEVELOPMENT_ASSET_PATHS = "\"Watch/Preview Content\"";
				DEVELOPMENT_TEAM = ZEAD23GG77;
				ENABLE_PREVIEWS = YES;
				GENERATE_INFOPLIST_FILE = YES;
				INFOPLIST_KEY_UISupportedInterfaceOrientations = "UIInterfaceOrientationPortrait UIInterfaceOrientationPortraitUpsideDown";
				INFOPLIST_KEY_WKCompanionAppBundleIdentifier = com.kylebashour.Glimpse;
				LD_RUNPATH_SEARCH_PATHS = (
					"$(inherited)",
					"@executable_path/Frameworks",
				);
				MARKETING_VERSION = 1.0;
				PRODUCT_BUNDLE_IDENTIFIER = com.kylebashour.Glimpse.watchkitapp;
				PRODUCT_NAME = Luka;
				SDKROOT = watchos;
				SKIP_INSTALL = YES;
				SWIFT_EMIT_LOC_STRINGS = YES;
				SWIFT_VERSION = 5.0;
				TARGETED_DEVICE_FAMILY = 4;
			};
			name = Debug;
		};
		2741EA1F2BD8AEBB003EDEB2 /* Release */ = {
			isa = XCBuildConfiguration;
			buildSettings = {
				ALWAYS_EMBED_SWIFT_STANDARD_LIBRARIES = YES;
				ASSETCATALOG_COMPILER_APPICON_NAME = AppIcon;
				ASSETCATALOG_COMPILER_GLOBAL_ACCENT_COLOR_NAME = AccentColor;
				CODE_SIGN_ENTITLEMENTS = Watch/Watch.entitlements;
				CODE_SIGN_STYLE = Automatic;
				CURRENT_PROJECT_VERSION = 21;
				DEVELOPMENT_ASSET_PATHS = "\"Watch/Preview Content\"";
				DEVELOPMENT_TEAM = ZEAD23GG77;
				ENABLE_PREVIEWS = YES;
				GENERATE_INFOPLIST_FILE = YES;
				INFOPLIST_KEY_UISupportedInterfaceOrientations = "UIInterfaceOrientationPortrait UIInterfaceOrientationPortraitUpsideDown";
				INFOPLIST_KEY_WKCompanionAppBundleIdentifier = com.kylebashour.Glimpse;
				LD_RUNPATH_SEARCH_PATHS = (
					"$(inherited)",
					"@executable_path/Frameworks",
				);
				MARKETING_VERSION = 1.0;
				PRODUCT_BUNDLE_IDENTIFIER = com.kylebashour.Glimpse.watchkitapp;
				PRODUCT_NAME = Luka;
				SDKROOT = watchos;
				SKIP_INSTALL = YES;
				SWIFT_EMIT_LOC_STRINGS = YES;
				SWIFT_VERSION = 5.0;
				TARGETED_DEVICE_FAMILY = 4;
			};
			name = Release;
		};
		2741EA372BD8AF0A003EDEB2 /* Debug */ = {
			isa = XCBuildConfiguration;
			buildSettings = {
				ASSETCATALOG_COMPILER_GLOBAL_ACCENT_COLOR_NAME = AccentColor;
				ASSETCATALOG_COMPILER_WIDGET_BACKGROUND_COLOR_NAME = WidgetBackground;
				CODE_SIGN_ENTITLEMENTS = WatchWidget/WatchWidget.entitlements;
				CODE_SIGN_STYLE = Automatic;
				CURRENT_PROJECT_VERSION = 21;
				DEVELOPMENT_TEAM = ZEAD23GG77;
				GENERATE_INFOPLIST_FILE = YES;
				INFOPLIST_FILE = WatchWidget/Info.plist;
				INFOPLIST_KEY_CFBundleDisplayName = WatchWidget;
				INFOPLIST_KEY_NSHumanReadableCopyright = "";
				LD_RUNPATH_SEARCH_PATHS = (
					"$(inherited)",
					"@executable_path/Frameworks",
					"@executable_path/../../Frameworks",
					"@executable_path/../../../../Frameworks",
				);
				MARKETING_VERSION = 1.0;
				PRODUCT_BUNDLE_IDENTIFIER = com.kylebashour.Glimpse.watchkitapp.WatchWidget;
				PRODUCT_NAME = "$(TARGET_NAME)";
				SDKROOT = watchos;
				SKIP_INSTALL = YES;
				SWIFT_EMIT_LOC_STRINGS = YES;
				SWIFT_VERSION = 5.0;
				TARGETED_DEVICE_FAMILY = 4;
			};
			name = Debug;
		};
		2741EA382BD8AF0A003EDEB2 /* Release */ = {
			isa = XCBuildConfiguration;
			buildSettings = {
				ASSETCATALOG_COMPILER_GLOBAL_ACCENT_COLOR_NAME = AccentColor;
				ASSETCATALOG_COMPILER_WIDGET_BACKGROUND_COLOR_NAME = WidgetBackground;
				CODE_SIGN_ENTITLEMENTS = WatchWidget/WatchWidget.entitlements;
				CODE_SIGN_STYLE = Automatic;
				CURRENT_PROJECT_VERSION = 21;
				DEVELOPMENT_TEAM = ZEAD23GG77;
				GENERATE_INFOPLIST_FILE = YES;
				INFOPLIST_FILE = WatchWidget/Info.plist;
				INFOPLIST_KEY_CFBundleDisplayName = WatchWidget;
				INFOPLIST_KEY_NSHumanReadableCopyright = "";
				LD_RUNPATH_SEARCH_PATHS = (
					"$(inherited)",
					"@executable_path/Frameworks",
					"@executable_path/../../Frameworks",
					"@executable_path/../../../../Frameworks",
				);
				MARKETING_VERSION = 1.0;
				PRODUCT_BUNDLE_IDENTIFIER = com.kylebashour.Glimpse.watchkitapp.WatchWidget;
				PRODUCT_NAME = "$(TARGET_NAME)";
				SDKROOT = watchos;
				SKIP_INSTALL = YES;
				SWIFT_EMIT_LOC_STRINGS = YES;
				SWIFT_VERSION = 5.0;
				TARGETED_DEVICE_FAMILY = 4;
			};
			name = Release;
		};
		27F577732BCF38340012D66C /* Debug */ = {
			isa = XCBuildConfiguration;
			buildSettings = {
				ALWAYS_SEARCH_USER_PATHS = NO;
				ASSETCATALOG_COMPILER_GENERATE_SWIFT_ASSET_SYMBOL_EXTENSIONS = YES;
				CLANG_ANALYZER_NONNULL = YES;
				CLANG_ANALYZER_NUMBER_OBJECT_CONVERSION = YES_AGGRESSIVE;
				CLANG_CXX_LANGUAGE_STANDARD = "gnu++20";
				CLANG_ENABLE_MODULES = YES;
				CLANG_ENABLE_OBJC_ARC = YES;
				CLANG_ENABLE_OBJC_WEAK = YES;
				CLANG_WARN_BLOCK_CAPTURE_AUTORELEASING = YES;
				CLANG_WARN_BOOL_CONVERSION = YES;
				CLANG_WARN_COMMA = YES;
				CLANG_WARN_CONSTANT_CONVERSION = YES;
				CLANG_WARN_DEPRECATED_OBJC_IMPLEMENTATIONS = YES;
				CLANG_WARN_DIRECT_OBJC_ISA_USAGE = YES_ERROR;
				CLANG_WARN_DOCUMENTATION_COMMENTS = YES;
				CLANG_WARN_EMPTY_BODY = YES;
				CLANG_WARN_ENUM_CONVERSION = YES;
				CLANG_WARN_INFINITE_RECURSION = YES;
				CLANG_WARN_INT_CONVERSION = YES;
				CLANG_WARN_NON_LITERAL_NULL_CONVERSION = YES;
				CLANG_WARN_OBJC_IMPLICIT_RETAIN_SELF = YES;
				CLANG_WARN_OBJC_LITERAL_CONVERSION = YES;
				CLANG_WARN_OBJC_ROOT_CLASS = YES_ERROR;
				CLANG_WARN_QUOTED_INCLUDE_IN_FRAMEWORK_HEADER = YES;
				CLANG_WARN_RANGE_LOOP_ANALYSIS = YES;
				CLANG_WARN_STRICT_PROTOTYPES = YES;
				CLANG_WARN_SUSPICIOUS_MOVE = YES;
				CLANG_WARN_UNGUARDED_AVAILABILITY = YES_AGGRESSIVE;
				CLANG_WARN_UNREACHABLE_CODE = YES;
				CLANG_WARN__DUPLICATE_METHOD_MATCH = YES;
				COPY_PHASE_STRIP = NO;
				DEBUG_INFORMATION_FORMAT = dwarf;
				ENABLE_STRICT_OBJC_MSGSEND = YES;
				ENABLE_TESTABILITY = YES;
				ENABLE_USER_SCRIPT_SANDBOXING = YES;
				GCC_C_LANGUAGE_STANDARD = gnu17;
				GCC_DYNAMIC_NO_PIC = NO;
				GCC_NO_COMMON_BLOCKS = YES;
				GCC_OPTIMIZATION_LEVEL = 0;
				GCC_PREPROCESSOR_DEFINITIONS = (
					"DEBUG=1",
					"$(inherited)",
				);
				GCC_WARN_64_TO_32_BIT_CONVERSION = YES;
				GCC_WARN_ABOUT_RETURN_TYPE = YES_ERROR;
				GCC_WARN_UNDECLARED_SELECTOR = YES;
				GCC_WARN_UNINITIALIZED_AUTOS = YES_AGGRESSIVE;
				GCC_WARN_UNUSED_FUNCTION = YES;
				GCC_WARN_UNUSED_VARIABLE = YES;
				IPHONEOS_DEPLOYMENT_TARGET = 17.0;
				LOCALIZATION_PREFERS_STRING_CATALOGS = YES;
				MTL_ENABLE_DEBUG_INFO = INCLUDE_SOURCE;
				MTL_FAST_MATH = YES;
				ONLY_ACTIVE_ARCH = YES;
				SDKROOT = iphoneos;
				SWIFT_ACTIVE_COMPILATION_CONDITIONS = "DEBUG $(inherited)";
				SWIFT_OPTIMIZATION_LEVEL = "-Onone";
				TARGETED_DEVICE_FAMILY = "1,2";
				WATCHOS_DEPLOYMENT_TARGET = 10.0;
			};
			name = Debug;
		};
		27F577742BCF38340012D66C /* Release */ = {
			isa = XCBuildConfiguration;
			buildSettings = {
				ALWAYS_SEARCH_USER_PATHS = NO;
				ASSETCATALOG_COMPILER_GENERATE_SWIFT_ASSET_SYMBOL_EXTENSIONS = YES;
				CLANG_ANALYZER_NONNULL = YES;
				CLANG_ANALYZER_NUMBER_OBJECT_CONVERSION = YES_AGGRESSIVE;
				CLANG_CXX_LANGUAGE_STANDARD = "gnu++20";
				CLANG_ENABLE_MODULES = YES;
				CLANG_ENABLE_OBJC_ARC = YES;
				CLANG_ENABLE_OBJC_WEAK = YES;
				CLANG_WARN_BLOCK_CAPTURE_AUTORELEASING = YES;
				CLANG_WARN_BOOL_CONVERSION = YES;
				CLANG_WARN_COMMA = YES;
				CLANG_WARN_CONSTANT_CONVERSION = YES;
				CLANG_WARN_DEPRECATED_OBJC_IMPLEMENTATIONS = YES;
				CLANG_WARN_DIRECT_OBJC_ISA_USAGE = YES_ERROR;
				CLANG_WARN_DOCUMENTATION_COMMENTS = YES;
				CLANG_WARN_EMPTY_BODY = YES;
				CLANG_WARN_ENUM_CONVERSION = YES;
				CLANG_WARN_INFINITE_RECURSION = YES;
				CLANG_WARN_INT_CONVERSION = YES;
				CLANG_WARN_NON_LITERAL_NULL_CONVERSION = YES;
				CLANG_WARN_OBJC_IMPLICIT_RETAIN_SELF = YES;
				CLANG_WARN_OBJC_LITERAL_CONVERSION = YES;
				CLANG_WARN_OBJC_ROOT_CLASS = YES_ERROR;
				CLANG_WARN_QUOTED_INCLUDE_IN_FRAMEWORK_HEADER = YES;
				CLANG_WARN_RANGE_LOOP_ANALYSIS = YES;
				CLANG_WARN_STRICT_PROTOTYPES = YES;
				CLANG_WARN_SUSPICIOUS_MOVE = YES;
				CLANG_WARN_UNGUARDED_AVAILABILITY = YES_AGGRESSIVE;
				CLANG_WARN_UNREACHABLE_CODE = YES;
				CLANG_WARN__DUPLICATE_METHOD_MATCH = YES;
				COPY_PHASE_STRIP = NO;
				DEBUG_INFORMATION_FORMAT = "dwarf-with-dsym";
				ENABLE_NS_ASSERTIONS = NO;
				ENABLE_STRICT_OBJC_MSGSEND = YES;
				ENABLE_USER_SCRIPT_SANDBOXING = YES;
				GCC_C_LANGUAGE_STANDARD = gnu17;
				GCC_NO_COMMON_BLOCKS = YES;
				GCC_WARN_64_TO_32_BIT_CONVERSION = YES;
				GCC_WARN_ABOUT_RETURN_TYPE = YES_ERROR;
				GCC_WARN_UNDECLARED_SELECTOR = YES;
				GCC_WARN_UNINITIALIZED_AUTOS = YES_AGGRESSIVE;
				GCC_WARN_UNUSED_FUNCTION = YES;
				GCC_WARN_UNUSED_VARIABLE = YES;
				IPHONEOS_DEPLOYMENT_TARGET = 17.0;
				LOCALIZATION_PREFERS_STRING_CATALOGS = YES;
				MTL_ENABLE_DEBUG_INFO = NO;
				MTL_FAST_MATH = YES;
				SDKROOT = iphoneos;
				SWIFT_COMPILATION_MODE = wholemodule;
				TARGETED_DEVICE_FAMILY = "1,2";
				VALIDATE_PRODUCT = YES;
				WATCHOS_DEPLOYMENT_TARGET = 10.0;
			};
			name = Release;
		};
		27F577762BCF38340012D66C /* Debug */ = {
			isa = XCBuildConfiguration;
			buildSettings = {
				ALWAYS_EMBED_SWIFT_STANDARD_LIBRARIES = YES;
				ASSETCATALOG_COMPILER_APPICON_NAME = AppIcon;
				ASSETCATALOG_COMPILER_GLOBAL_ACCENT_COLOR_NAME = AccentColor;
				CODE_SIGN_ENTITLEMENTS = Glimpse/Glimpse.entitlements;
				CODE_SIGN_STYLE = Automatic;
				CURRENT_PROJECT_VERSION = 21;
				DEVELOPMENT_ASSET_PATHS = "\"Glimpse/Preview Content\"";
				DEVELOPMENT_TEAM = ZEAD23GG77;
				ENABLE_PREVIEWS = YES;
				GENERATE_INFOPLIST_FILE = YES;
				INFOPLIST_FILE = Glimpse/Info.plist;
				INFOPLIST_KEY_CFBundleDisplayName = Luka;
				INFOPLIST_KEY_UIApplicationSceneManifest_Generation = YES;
				INFOPLIST_KEY_UIApplicationSupportsIndirectInputEvents = YES;
				INFOPLIST_KEY_UILaunchScreen_Generation = YES;
				INFOPLIST_KEY_UISupportedInterfaceOrientations_iPad = "UIInterfaceOrientationPortrait UIInterfaceOrientationPortraitUpsideDown UIInterfaceOrientationLandscapeLeft UIInterfaceOrientationLandscapeRight";
				INFOPLIST_KEY_UISupportedInterfaceOrientations_iPhone = "UIInterfaceOrientationPortrait UIInterfaceOrientationLandscapeLeft UIInterfaceOrientationLandscapeRight";
				LD_RUNPATH_SEARCH_PATHS = (
					"$(inherited)",
					"@executable_path/Frameworks",
				);
				MARKETING_VERSION = 1.0;
				PRODUCT_BUNDLE_IDENTIFIER = com.kylebashour.Glimpse;
				PRODUCT_NAME = "$(TARGET_NAME)";
				SWIFT_EMIT_LOC_STRINGS = YES;
				SWIFT_VERSION = 5.0;
			};
			name = Debug;
		};
		27F577772BCF38340012D66C /* Release */ = {
			isa = XCBuildConfiguration;
			buildSettings = {
				ALWAYS_EMBED_SWIFT_STANDARD_LIBRARIES = YES;
				ASSETCATALOG_COMPILER_APPICON_NAME = AppIcon;
				ASSETCATALOG_COMPILER_GLOBAL_ACCENT_COLOR_NAME = AccentColor;
				CODE_SIGN_ENTITLEMENTS = Glimpse/Glimpse.entitlements;
				CODE_SIGN_STYLE = Automatic;
				CURRENT_PROJECT_VERSION = 21;
				DEVELOPMENT_ASSET_PATHS = "\"Glimpse/Preview Content\"";
				DEVELOPMENT_TEAM = ZEAD23GG77;
				ENABLE_PREVIEWS = YES;
				GENERATE_INFOPLIST_FILE = YES;
				INFOPLIST_FILE = Glimpse/Info.plist;
				INFOPLIST_KEY_CFBundleDisplayName = Luka;
				INFOPLIST_KEY_UIApplicationSceneManifest_Generation = YES;
				INFOPLIST_KEY_UIApplicationSupportsIndirectInputEvents = YES;
				INFOPLIST_KEY_UILaunchScreen_Generation = YES;
				INFOPLIST_KEY_UISupportedInterfaceOrientations_iPad = "UIInterfaceOrientationPortrait UIInterfaceOrientationPortraitUpsideDown UIInterfaceOrientationLandscapeLeft UIInterfaceOrientationLandscapeRight";
				INFOPLIST_KEY_UISupportedInterfaceOrientations_iPhone = "UIInterfaceOrientationPortrait UIInterfaceOrientationLandscapeLeft UIInterfaceOrientationLandscapeRight";
				LD_RUNPATH_SEARCH_PATHS = (
					"$(inherited)",
					"@executable_path/Frameworks",
				);
				MARKETING_VERSION = 1.0;
				PRODUCT_BUNDLE_IDENTIFIER = com.kylebashour.Glimpse;
				PRODUCT_NAME = "$(TARGET_NAME)";
				SWIFT_EMIT_LOC_STRINGS = YES;
				SWIFT_VERSION = 5.0;
			};
			name = Release;
		};
/* End XCBuildConfiguration section */

/* Begin XCConfigurationList section */
		2703325B2BD99E91009535EE /* Build configuration list for PBXNativeTarget "GlimpseWidget" */ = {
			isa = XCConfigurationList;
			buildConfigurations = (
				2703325C2BD99E91009535EE /* Debug */,
				2703325D2BD99E91009535EE /* Release */,
			);
			defaultConfigurationIsVisible = 0;
			defaultConfigurationName = Release;
		};
		2741EA1D2BD8AEBB003EDEB2 /* Build configuration list for PBXNativeTarget "Watch" */ = {
			isa = XCConfigurationList;
			buildConfigurations = (
				2741EA1E2BD8AEBB003EDEB2 /* Debug */,
				2741EA1F2BD8AEBB003EDEB2 /* Release */,
			);
			defaultConfigurationIsVisible = 0;
			defaultConfigurationName = Release;
		};
		2741EA362BD8AF0A003EDEB2 /* Build configuration list for PBXNativeTarget "WatchWidget" */ = {
			isa = XCConfigurationList;
			buildConfigurations = (
				2741EA372BD8AF0A003EDEB2 /* Debug */,
				2741EA382BD8AF0A003EDEB2 /* Release */,
			);
			defaultConfigurationIsVisible = 0;
			defaultConfigurationName = Release;
		};
		27F577622BCF38330012D66C /* Build configuration list for PBXProject "Glimpse" */ = {
			isa = XCConfigurationList;
			buildConfigurations = (
				27F577732BCF38340012D66C /* Debug */,
				27F577742BCF38340012D66C /* Release */,
			);
			defaultConfigurationIsVisible = 0;
			defaultConfigurationName = Release;
		};
		27F577752BCF38340012D66C /* Build configuration list for PBXNativeTarget "Glimpse" */ = {
			isa = XCConfigurationList;
			buildConfigurations = (
				27F577762BCF38340012D66C /* Debug */,
				27F577772BCF38340012D66C /* Release */,
			);
			defaultConfigurationIsVisible = 0;
			defaultConfigurationName = Release;
		};
/* End XCConfigurationList section */

/* Begin XCRemoteSwiftPackageReference section */
		27AD76CE2BE98F760037564B /* XCRemoteSwiftPackageReference "Defaults" */ = {
			isa = XCRemoteSwiftPackageReference;
			repositoryURL = "https://github.com/sindresorhus/Defaults";
			requirement = {
				branch = main;
				kind = branch;
			};
		};
		27C6E25D2BCF386E006BAE98 /* XCRemoteSwiftPackageReference "dexcom-swift" */ = {
			isa = XCRemoteSwiftPackageReference;
			repositoryURL = "https://github.com/kylebshr/dexcom-swift";
			requirement = {
				branch = main;
				kind = branch;
			};
		};
		27C6E2602BCF387A006BAE98 /* XCRemoteSwiftPackageReference "KeychainAccess" */ = {
			isa = XCRemoteSwiftPackageReference;
			repositoryURL = "https://github.com/kishikawakatsumi/KeychainAccess";
			requirement = {
				branch = master;
				kind = branch;
			};
		};
/* End XCRemoteSwiftPackageReference section */

/* Begin XCSwiftPackageProductDependency section */
		270332622BD9A09F009535EE /* Dexcom */ = {
			isa = XCSwiftPackageProductDependency;
			package = 27C6E25D2BCF386E006BAE98 /* XCRemoteSwiftPackageReference "dexcom-swift" */;
			productName = Dexcom;
		};
		270332642BD9A09F009535EE /* KeychainAccess */ = {
			isa = XCSwiftPackageProductDependency;
			package = 27C6E2602BCF387A006BAE98 /* XCRemoteSwiftPackageReference "KeychainAccess" */;
			productName = KeychainAccess;
		};
		271CD1D82BD96B1500FBE5DB /* Dexcom */ = {
			isa = XCSwiftPackageProductDependency;
			package = 27C6E25D2BCF386E006BAE98 /* XCRemoteSwiftPackageReference "dexcom-swift" */;
			productName = Dexcom;
		};
		271CD1DA2BD96B1700FBE5DB /* KeychainAccess */ = {
			isa = XCSwiftPackageProductDependency;
			package = 27C6E2602BCF387A006BAE98 /* XCRemoteSwiftPackageReference "KeychainAccess" */;
			productName = KeychainAccess;
		};
		271CD1DC2BD96B1C00FBE5DB /* Dexcom */ = {
			isa = XCSwiftPackageProductDependency;
			package = 27C6E25D2BCF386E006BAE98 /* XCRemoteSwiftPackageReference "dexcom-swift" */;
			productName = Dexcom;
		};
		271CD1DE2BD96B1C00FBE5DB /* KeychainAccess */ = {
			isa = XCSwiftPackageProductDependency;
			package = 27C6E2602BCF387A006BAE98 /* XCRemoteSwiftPackageReference "KeychainAccess" */;
			productName = KeychainAccess;
		};
		27AD76CF2BE98F760037564B /* Defaults */ = {
			isa = XCSwiftPackageProductDependency;
			package = 27AD76CE2BE98F760037564B /* XCRemoteSwiftPackageReference "Defaults" */;
			productName = Defaults;
		};
		27AD76D12BE98F7D0037564B /* Defaults */ = {
			isa = XCSwiftPackageProductDependency;
			package = 27AD76CE2BE98F760037564B /* XCRemoteSwiftPackageReference "Defaults" */;
			productName = Defaults;
		};
		27AD76D32BE98F820037564B /* Defaults */ = {
			isa = XCSwiftPackageProductDependency;
			package = 27AD76CE2BE98F760037564B /* XCRemoteSwiftPackageReference "Defaults" */;
			productName = Defaults;
		};
		27AD76D52BE98F890037564B /* Defaults */ = {
			isa = XCSwiftPackageProductDependency;
			package = 27AD76CE2BE98F760037564B /* XCRemoteSwiftPackageReference "Defaults" */;
			productName = Defaults;
		};
		27C6E25E2BCF386E006BAE98 /* Dexcom */ = {
			isa = XCSwiftPackageProductDependency;
			package = 27C6E25D2BCF386E006BAE98 /* XCRemoteSwiftPackageReference "dexcom-swift" */;
			productName = Dexcom;
		};
		27C6E2612BCF387A006BAE98 /* KeychainAccess */ = {
			isa = XCSwiftPackageProductDependency;
			package = 27C6E2602BCF387A006BAE98 /* XCRemoteSwiftPackageReference "KeychainAccess" */;
			productName = KeychainAccess;
		};
/* End XCSwiftPackageProductDependency section */
	};
	rootObject = 27F5775F2BCF38330012D66C /* Project object */;
}
