// !$*UTF8*$!
{
	archiveVersion = 1;
	classes = {
	};
	objectVersion = 70;
	objects = {

/* Begin PBXBuildFile section */
		2703324E2BD99E90009535EE /* WidgetKit.framework in Frameworks */ = {isa = PBXBuildFile; fileRef = 2741EA272BD8AF08003EDEB2 /* WidgetKit.framework */; };
		2703324F2BD99E90009535EE /* SwiftUI.framework in Frameworks */ = {isa = PBXBuildFile; fileRef = 2741EA292BD8AF08003EDEB2 /* SwiftUI.framework */; };
		2703325A2BD99E91009535EE /* LukaWidget.appex in Embed Foundation Extensions */ = {isa = PBXBuildFile; fileRef = 2703324D2BD99E90009535EE /* LukaWidget.appex */; settings = {ATTRIBUTES = (RemoveHeadersOnCopy, ); }; };
		270332632BD9A09F009535EE /* Dexcom in Frameworks */ = {isa = PBXBuildFile; productRef = 270332622BD9A09F009535EE /* Dexcom */; };
		270332652BD9A09F009535EE /* KeychainAccess in Frameworks */ = {isa = PBXBuildFile; productRef = 270332642BD9A09F009535EE /* KeychainAccess */; };
		271CD1D92BD96B1500FBE5DB /* Dexcom in Frameworks */ = {isa = PBXBuildFile; productRef = 271CD1D82BD96B1500FBE5DB /* Dexcom */; };
		271CD1DB2BD96B1700FBE5DB /* KeychainAccess in Frameworks */ = {isa = PBXBuildFile; productRef = 271CD1DA2BD96B1700FBE5DB /* KeychainAccess */; };
		271CD1DD2BD96B1C00FBE5DB /* Dexcom in Frameworks */ = {isa = PBXBuildFile; productRef = 271CD1DC2BD96B1C00FBE5DB /* Dexcom */; };
		271CD1DF2BD96B1C00FBE5DB /* KeychainAccess in Frameworks */ = {isa = PBXBuildFile; productRef = 271CD1DE2BD96B1C00FBE5DB /* KeychainAccess */; };
		2741EA1C2BD8AEBB003EDEB2 /* Luka.app in Embed Watch Content */ = {isa = PBXBuildFile; fileRef = 2741EA0F2BD8AEBA003EDEB2 /* Luka.app */; settings = {ATTRIBUTES = (RemoveHeadersOnCopy, ); }; };
		2741EA282BD8AF08003EDEB2 /* WidgetKit.framework in Frameworks */ = {isa = PBXBuildFile; fileRef = 2741EA272BD8AF08003EDEB2 /* WidgetKit.framework */; };
		2741EA2A2BD8AF08003EDEB2 /* SwiftUI.framework in Frameworks */ = {isa = PBXBuildFile; fileRef = 2741EA292BD8AF08003EDEB2 /* SwiftUI.framework */; };
		2741EA352BD8AF0A003EDEB2 /* WatchWidget.appex in Embed Foundation Extensions */ = {isa = PBXBuildFile; fileRef = 2741EA252BD8AF08003EDEB2 /* WatchWidget.appex */; settings = {ATTRIBUTES = (RemoveHeadersOnCopy, ); }; };
		27834B8A2ECF81A70096D201 /* TelemetryDeck in Frameworks */ = {isa = PBXBuildFile; productRef = 27834B892ECF81A70096D201 /* TelemetryDeck */; };
		27BA04A52ED239210096F131 /* TelemetryDeck in Frameworks */ = {isa = PBXBuildFile; productRef = 27BA04A42ED239210096F131 /* TelemetryDeck */; };
		27C6E25F2BCF386E006BAE98 /* Dexcom in Frameworks */ = {isa = PBXBuildFile; productRef = 27C6E25E2BCF386E006BAE98 /* Dexcom */; };
		27C6E2622BCF387A006BAE98 /* KeychainAccess in Frameworks */ = {isa = PBXBuildFile; productRef = 27C6E2612BCF387A006BAE98 /* KeychainAccess */; };
		27DB8CB72E9DE3C0005B8087 /* Defaults in Frameworks */ = {isa = PBXBuildFile; productRef = 27DB8CB62E9DE3C0005B8087 /* Defaults */; };
		27DB8CB92E9DE3CB005B8087 /* Defaults in Frameworks */ = {isa = PBXBuildFile; productRef = 27DB8CB82E9DE3CB005B8087 /* Defaults */; };
		27DB8CBB2E9DE409005B8087 /* Defaults in Frameworks */ = {isa = PBXBuildFile; productRef = 27DB8CBA2E9DE409005B8087 /* Defaults */; };
		27DB8CBD2E9DE40E005B8087 /* Defaults in Frameworks */ = {isa = PBXBuildFile; productRef = 27DB8CBC2E9DE40E005B8087 /* Defaults */; };
		27DB990E2EA2005A005B8087 /* ActivityKit.framework in Frameworks */ = {isa = PBXBuildFile; fileRef = 27DB990D2EA2005A005B8087 /* ActivityKit.framework */; };
		27DB9A012EA2048C005B8087 /* ActivityKit.framework in Frameworks */ = {isa = PBXBuildFile; fileRef = 27DB990D2EA2005A005B8087 /* ActivityKit.framework */; };
/* End PBXBuildFile section */

/* Begin PBXContainerItemProxy section */
		270332582BD99E91009535EE /* PBXContainerItemProxy */ = {
			isa = PBXContainerItemProxy;
			containerPortal = 27F5775F2BCF38330012D66C /* Project object */;
			proxyType = 1;
			remoteGlobalIDString = 2703324C2BD99E90009535EE;
			remoteInfo = GlimpseWidgetExtension;
		};
		2741EA1A2BD8AEBB003EDEB2 /* PBXContainerItemProxy */ = {
			isa = PBXContainerItemProxy;
			containerPortal = 27F5775F2BCF38330012D66C /* Project object */;
			proxyType = 1;
			remoteGlobalIDString = 2741EA0E2BD8AEBA003EDEB2;
			remoteInfo = "GlimpseWatch Watch App";
		};
		2741EA332BD8AF0A003EDEB2 /* PBXContainerItemProxy */ = {
			isa = PBXContainerItemProxy;
			containerPortal = 27F5775F2BCF38330012D66C /* Project object */;
			proxyType = 1;
			remoteGlobalIDString = 2741EA242BD8AF08003EDEB2;
			remoteInfo = WatchWidgetExtension;
		};
/* End PBXContainerItemProxy section */

/* Begin PBXCopyFilesBuildPhase section */
		2703325E2BD99E91009535EE /* Embed Foundation Extensions */ = {
			isa = PBXCopyFilesBuildPhase;
			buildActionMask = 2147483647;
			dstPath = "";
			dstSubfolderSpec = 13;
			files = (
				2703325A2BD99E91009535EE /* LukaWidget.appex in Embed Foundation Extensions */,
			);
			name = "Embed Foundation Extensions";
			runOnlyForDeploymentPostprocessing = 0;
		};
		2741EA202BD8AEBB003EDEB2 /* Embed Watch Content */ = {
			isa = PBXCopyFilesBuildPhase;
			buildActionMask = 2147483647;
			dstPath = "$(CONTENTS_FOLDER_PATH)/Watch";
			dstSubfolderSpec = 16;
			files = (
				2741EA1C2BD8AEBB003EDEB2 /* Luka.app in Embed Watch Content */,
			);
			name = "Embed Watch Content";
			runOnlyForDeploymentPostprocessing = 0;
		};
		2741EA392BD8AF0A003EDEB2 /* Embed Foundation Extensions */ = {
			isa = PBXCopyFilesBuildPhase;
			buildActionMask = 2147483647;
			dstPath = "";
			dstSubfolderSpec = 13;
			files = (
				2741EA352BD8AF0A003EDEB2 /* WatchWidget.appex in Embed Foundation Extensions */,
			);
			name = "Embed Foundation Extensions";
			runOnlyForDeploymentPostprocessing = 0;
		};
/* End PBXCopyFilesBuildPhase section */

/* Begin PBXFileReference section */
		2703324D2BD99E90009535EE /* LukaWidget.appex */ = {isa = PBXFileReference; explicitFileType = "wrapper.app-extension"; includeInIndex = 0; path = LukaWidget.appex; sourceTree = BUILT_PRODUCTS_DIR; };
		2741EA0F2BD8AEBA003EDEB2 /* Luka.app */ = {isa = PBXFileReference; explicitFileType = wrapper.application; includeInIndex = 0; path = Luka.app; sourceTree = BUILT_PRODUCTS_DIR; };
		2741EA252BD8AF08003EDEB2 /* WatchWidget.appex */ = {isa = PBXFileReference; explicitFileType = "wrapper.app-extension"; includeInIndex = 0; path = WatchWidget.appex; sourceTree = BUILT_PRODUCTS_DIR; };
		2741EA272BD8AF08003EDEB2 /* WidgetKit.framework */ = {isa = PBXFileReference; lastKnownFileType = wrapper.framework; name = WidgetKit.framework; path = System/Library/Frameworks/WidgetKit.framework; sourceTree = SDKROOT; };
		2741EA292BD8AF08003EDEB2 /* SwiftUI.framework */ = {isa = PBXFileReference; lastKnownFileType = wrapper.framework; name = SwiftUI.framework; path = System/Library/Frameworks/SwiftUI.framework; sourceTree = SDKROOT; };
		27DB990D2EA2005A005B8087 /* ActivityKit.framework */ = {isa = PBXFileReference; lastKnownFileType = wrapper.framework; name = ActivityKit.framework; path = System/Library/Frameworks/ActivityKit.framework; sourceTree = SDKROOT; };
		27F577672BCF38330012D66C /* Luka.app */ = {isa = PBXFileReference; explicitFileType = wrapper.application; includeInIndex = 0; path = Luka.app; sourceTree = BUILT_PRODUCTS_DIR; };
/* End PBXFileReference section */

/* Begin PBXFileSystemSynchronizedBuildFileExceptionSet section */
		27BA04A32ED238BD0096F131 /* PBXFileSystemSynchronizedBuildFileExceptionSet */ = {
			isa = PBXFileSystemSynchronizedBuildFileExceptionSet;
			membershipExceptions = (
				Intents/StartLiveActivityIntent.swift,
				Intents/StopLiveActivityIntent.swift,
			);
			target = 2703324C2BD99E90009535EE /* LukaWidget */;
		};
		27DB99BC2EA203D4005B8087 /* PBXFileSystemSynchronizedBuildFileExceptionSet */ = {
			isa = PBXFileSystemSynchronizedBuildFileExceptionSet;
			membershipExceptions = (
				AppIcon.icon,
				Images.xcassets,
				Intents/GraphRange.swift,
				"Models/DexcomClient+Service.swift",
				Models/DexcomClientService.swift,
				Models/DexcomDelegate.swift,
				Models/DexcomHelper.swift,
				Models/EndLiveActivityRequest.swift,
				Models/LiveActivityState.swift,
				Models/MockDexcomClient.swift,
				Models/ReadingAttributes.swift,
				Models/StartLiveActivityRequest.swift,
				"Models/Unit+Extensions.swift",
				"Modifiers/View+Modifiers.swift",
				Style/CardModifier.swift,
				Style/CardTextFieldStyle.swift,
				"Utilities/Bundle+Extensions.swift",
				"Utilities/Color+Extensions.swift",
				Utilities/Constants.swift,
				Utilities/Defaults.swift,
				"Utilities/DexcomClient+Extensions.swift",
				"Utilities/EdgeInsets+Extensions.swift",
				"Utilities/GlucoseReading+Extensions.swift",
				Utilities/Keychain.swift,
				"Utilities/View+Extensions.swift",
				"Utilities/View+Modifier.swift",
				"View Models/LiveViewModel.swift",
				Views/GraphView.swift,
				Views/LineChart.swift,
				Views/RangeChart.swift,
				Views/ReadingView.swift,
				"Widgets/Views/GraphView+GraphRange.swift",
			);
			target = 27F577662BCF38330012D66C /* Luka */;
		};
		27DB99BD2EA203D4005B8087 /* PBXFileSystemSynchronizedBuildFileExceptionSet */ = {
			isa = PBXFileSystemSynchronizedBuildFileExceptionSet;
			membershipExceptions = (
				AppIcon.icon,
				"Modifiers/View+Modifiers.swift",
				Style/CardModifier.swift,
				Style/CardTextFieldStyle.swift,
				"Utilities/Bundle+Extensions.swift",
				"Utilities/EdgeInsets+Extensions.swift",
				"Utilities/View+Modifier.swift",
				"View Models/LiveViewModel.swift",
			);
			target = 2703324C2BD99E90009535EE /* LukaWidget */;
		};
		27DB99BE2EA203D4005B8087 /* PBXFileSystemSynchronizedBuildFileExceptionSet */ = {
			isa = PBXFileSystemSynchronizedBuildFileExceptionSet;
			membershipExceptions = (
				AppIcon.icon,
				Images.xcassets,
				Intents/GraphRange.swift,
				"Models/DexcomClient+Service.swift",
				Models/DexcomClientService.swift,
				Models/DexcomDelegate.swift,
				Models/DexcomHelper.swift,
				Models/EndLiveActivityRequest.swift,
				Models/LiveActivityState.swift,
				Models/MockDexcomClient.swift,
				Models/StartLiveActivityRequest.swift,
				"Models/Unit+Extensions.swift",
				"Modifiers/View+Modifiers.swift",
				Style/CardModifier.swift,
				"Utilities/Bundle+Extensions.swift",
				"Utilities/Color+Extensions.swift",
				Utilities/Constants.swift,
				Utilities/Defaults.swift,
				"Utilities/DexcomClient+Extensions.swift",
				"Utilities/EdgeInsets+Extensions.swift",
				"Utilities/GlucoseReading+Extensions.swift",
				Utilities/Keychain.swift,
				"Utilities/View+Extensions.swift",
				"Utilities/View+Modifier.swift",
				"View Models/LiveViewModel.swift",
				Views/GraphView.swift,
				Views/LineChart.swift,
				Views/RangeChart.swift,
				Views/ReadingView.swift,
				"Widgets/Views/GraphView+GraphRange.swift",
			);
			target = 2741EA0E2BD8AEBA003EDEB2 /* Watch */;
		};
		27DB99BF2EA203D4005B8087 /* PBXFileSystemSynchronizedBuildFileExceptionSet */ = {
			isa = PBXFileSystemSynchronizedBuildFileExceptionSet;
			membershipExceptions = (
				AppIcon.icon,
				Models/ReadingAttributes.swift,
				"Modifiers/View+Modifiers.swift",
				Style/CardModifier.swift,
				Style/CardTextFieldStyle.swift,
				"Utilities/Bundle+Extensions.swift",
				"Utilities/EdgeInsets+Extensions.swift",
				"Utilities/View+Modifier.swift",
				"View Models/LiveViewModel.swift",
			);
			target = 2741EA242BD8AF08003EDEB2 /* WatchWidget */;
		};
		27DB99E62EA203DC005B8087 /* PBXFileSystemSynchronizedBuildFileExceptionSet */ = {
			isa = PBXFileSystemSynchronizedBuildFileExceptionSet;
			membershipExceptions = (
				Info.plist,
			);
			target = 27F577662BCF38330012D66C /* Luka */;
		};
		27DB99E72EA203DC005B8087 /* PBXFileSystemSynchronizedBuildFileExceptionSet */ = {
			isa = PBXFileSystemSynchronizedBuildFileExceptionSet;
			membershipExceptions = (
				Views/FooterScrollView.swift,
				Views/Form/FormRow.swift,
				Views/Form/FormSection.swift,
				Views/Form/FormSectionDivider.swift,
				Views/RootViewModel.swift,
				Views/SignInView.swift,
			);
			target = 2741EA0E2BD8AEBA003EDEB2 /* Watch */;
		};
		27DB99EF2EA203E0005B8087 /* PBXFileSystemSynchronizedBuildFileExceptionSet */ = {
			isa = PBXFileSystemSynchronizedBuildFileExceptionSet;
			membershipExceptions = (
				Assets.xcassets,
				ReadingActivityConfiguration.swift,
			);
			target = 2703324C2BD99E90009535EE /* LukaWidget */;
		};
		27DB99FF2EA203E4005B8087 /* PBXFileSystemSynchronizedBuildFileExceptionSet */ = {
			isa = PBXFileSystemSynchronizedBuildFileExceptionSet;
			membershipExceptions = (
				Assets.xcassets,
			);
			target = 2741EA242BD8AF08003EDEB2 /* WatchWidget */;
		};
/* End PBXFileSystemSynchronizedBuildFileExceptionSet section */

/* Begin PBXFileSystemSynchronizedRootGroup section */
		27DB994A2EA203D4005B8087 /* Shared */ = {isa = PBXFileSystemSynchronizedRootGroup; exceptions = (27DB99BC2EA203D4005B8087 /* PBXFileSystemSynchronizedBuildFileExceptionSet */, 27DB99BD2EA203D4005B8087 /* PBXFileSystemSynchronizedBuildFileExceptionSet */, 27DB99BE2EA203D4005B8087 /* PBXFileSystemSynchronizedBuildFileExceptionSet */, 27DB99BF2EA203D4005B8087 /* PBXFileSystemSynchronizedBuildFileExceptionSet */, ); explicitFileTypes = {}; explicitFolders = (); path = Shared; sourceTree = "<group>"; };
		27DB99D12EA203DC005B8087 /* Luka */ = {isa = PBXFileSystemSynchronizedRootGroup; exceptions = (27DB99E62EA203DC005B8087 /* PBXFileSystemSynchronizedBuildFileExceptionSet */, 27BA04A32ED238BD0096F131 /* PBXFileSystemSynchronizedBuildFileExceptionSet */, 27DB99E72EA203DC005B8087 /* PBXFileSystemSynchronizedBuildFileExceptionSet */, ); explicitFileTypes = {}; explicitFolders = (); path = Luka; sourceTree = "<group>"; };
		27DB99EC2EA203E0005B8087 /* LukaWidget */ = {isa = PBXFileSystemSynchronizedRootGroup; exceptions = (27DB99EF2EA203E0005B8087 /* PBXFileSystemSynchronizedBuildFileExceptionSet */, ); explicitFileTypes = {}; explicitFolders = (); path = LukaWidget; sourceTree = "<group>"; };
		27DB99F52EA203E2005B8087 /* Watch */ = {isa = PBXFileSystemSynchronizedRootGroup; explicitFileTypes = {}; explicitFolders = (); path = Watch; sourceTree = "<group>"; };
		27DB99FD2EA203E4005B8087 /* WatchWidget */ = {isa = PBXFileSystemSynchronizedRootGroup; exceptions = (27DB99FF2EA203E4005B8087 /* PBXFileSystemSynchronizedBuildFileExceptionSet */, ); explicitFileTypes = {}; explicitFolders = (); path = WatchWidget; sourceTree = "<group>"; };
/* End PBXFileSystemSynchronizedRootGroup section */

/* Begin PBXFrameworksBuildPhase section */
		2703324A2BD99E90009535EE /* Frameworks */ = {
			isa = PBXFrameworksBuildPhase;
			buildActionMask = 2147483647;
			files = (
				27DB990E2EA2005A005B8087 /* ActivityKit.framework in Frameworks */,
				270332652BD9A09F009535EE /* KeychainAccess in Frameworks */,
				2703324F2BD99E90009535EE /* SwiftUI.framework in Frameworks */,
				2703324E2BD99E90009535EE /* WidgetKit.framework in Frameworks */,
				270332632BD9A09F009535EE /* Dexcom in Frameworks */,
				27BA04A52ED239210096F131 /* TelemetryDeck in Frameworks */,
				27DB8CBD2E9DE40E005B8087 /* Defaults in Frameworks */,
			);
			runOnlyForDeploymentPostprocessing = 0;
		};
		2741EA0C2BD8AEBA003EDEB2 /* Frameworks */ = {
			isa = PBXFrameworksBuildPhase;
			buildActionMask = 2147483647;
			files = (
				27DB8CB92E9DE3CB005B8087 /* Defaults in Frameworks */,
				271CD1DB2BD96B1700FBE5DB /* KeychainAccess in Frameworks */,
				271CD1D92BD96B1500FBE5DB /* Dexcom in Frameworks */,
			);
			runOnlyForDeploymentPostprocessing = 0;
		};
		2741EA222BD8AF08003EDEB2 /* Frameworks */ = {
			isa = PBXFrameworksBuildPhase;
			buildActionMask = 2147483647;
			files = (
				271CD1DF2BD96B1C00FBE5DB /* KeychainAccess in Frameworks */,
				2741EA2A2BD8AF08003EDEB2 /* SwiftUI.framework in Frameworks */,
				2741EA282BD8AF08003EDEB2 /* WidgetKit.framework in Frameworks */,
				271CD1DD2BD96B1C00FBE5DB /* Dexcom in Frameworks */,
				27DB8CBB2E9DE409005B8087 /* Defaults in Frameworks */,
			);
			runOnlyForDeploymentPostprocessing = 0;
		};
		27F577642BCF38330012D66C /* Frameworks */ = {
			isa = PBXFrameworksBuildPhase;
			buildActionMask = 2147483647;
			files = (
				27DB8CB72E9DE3C0005B8087 /* Defaults in Frameworks */,
				27C6E2622BCF387A006BAE98 /* KeychainAccess in Frameworks */,
				27DB9A012EA2048C005B8087 /* ActivityKit.framework in Frameworks */,
				27834B8A2ECF81A70096D201 /* TelemetryDeck in Frameworks */,
				27C6E25F2BCF386E006BAE98 /* Dexcom in Frameworks */,
			);
			runOnlyForDeploymentPostprocessing = 0;
		};
/* End PBXFrameworksBuildPhase section */

/* Begin PBXGroup section */
		2741EA262BD8AF08003EDEB2 /* Frameworks */ = {
			isa = PBXGroup;
			children = (
				27DB990D2EA2005A005B8087 /* ActivityKit.framework */,
				2741EA272BD8AF08003EDEB2 /* WidgetKit.framework */,
				2741EA292BD8AF08003EDEB2 /* SwiftUI.framework */,
			);
			name = Frameworks;
			sourceTree = "<group>";
		};
		27F5775E2BCF38330012D66C = {
			isa = PBXGroup;
			children = (
				27DB994A2EA203D4005B8087 /* Shared */,
				27DB99D12EA203DC005B8087 /* Luka */,
				27DB99EC2EA203E0005B8087 /* LukaWidget */,
				27DB99F52EA203E2005B8087 /* Watch */,
				27DB99FD2EA203E4005B8087 /* WatchWidget */,
				2741EA262BD8AF08003EDEB2 /* Frameworks */,
				27F577682BCF38330012D66C /* Products */,
			);
			sourceTree = "<group>";
		};
		27F577682BCF38330012D66C /* Products */ = {
			isa = PBXGroup;
			children = (
				27F577672BCF38330012D66C /* Luka.app */,
				2741EA0F2BD8AEBA003EDEB2 /* Luka.app */,
				2741EA252BD8AF08003EDEB2 /* WatchWidget.appex */,
				2703324D2BD99E90009535EE /* LukaWidget.appex */,
			);
			name = Products;
			sourceTree = "<group>";
		};
/* End PBXGroup section */

/* Begin PBXNativeTarget section */
		2703324C2BD99E90009535EE /* LukaWidget */ = {
			isa = PBXNativeTarget;
			buildConfigurationList = 2703325B2BD99E91009535EE /* Build configuration list for PBXNativeTarget "LukaWidget" */;
			buildPhases = (
				270332492BD99E90009535EE /* Sources */,
				2703324A2BD99E90009535EE /* Frameworks */,
				2703324B2BD99E90009535EE /* Resources */,
			);
			buildRules = (
			);
			dependencies = (
			);
			fileSystemSynchronizedGroups = (
				27DB994A2EA203D4005B8087 /* Shared */,
			);
			name = LukaWidget;
			packageProductDependencies = (
				270332622BD9A09F009535EE /* Dexcom */,
				270332642BD9A09F009535EE /* KeychainAccess */,
				27DB8CBC2E9DE40E005B8087 /* Defaults */,
				27BA04A42ED239210096F131 /* TelemetryDeck */,
			);
			productName = GlimpseWidgetExtension;
			productReference = 2703324D2BD99E90009535EE /* LukaWidget.appex */;
			productType = "com.apple.product-type.app-extension";
		};
		2741EA0E2BD8AEBA003EDEB2 /* Watch */ = {
			isa = PBXNativeTarget;
			buildConfigurationList = 2741EA1D2BD8AEBB003EDEB2 /* Build configuration list for PBXNativeTarget "Watch" */;
			buildPhases = (
				2741EA0B2BD8AEBA003EDEB2 /* Sources */,
				2741EA0C2BD8AEBA003EDEB2 /* Frameworks */,
				2741EA0D2BD8AEBA003EDEB2 /* Resources */,
				2741EA392BD8AF0A003EDEB2 /* Embed Foundation Extensions */,
			);
			buildRules = (
			);
			dependencies = (
				2741EA342BD8AF0A003EDEB2 /* PBXTargetDependency */,
			);
			fileSystemSynchronizedGroups = (
				27DB99F52EA203E2005B8087 /* Watch */,
			);
			name = Watch;
			packageProductDependencies = (
				271CD1D82BD96B1500FBE5DB /* Dexcom */,
				271CD1DA2BD96B1700FBE5DB /* KeychainAccess */,
				27DB8CB82E9DE3CB005B8087 /* Defaults */,
			);
			productName = "GlimpseWatch Watch App";
			productReference = 2741EA0F2BD8AEBA003EDEB2 /* Luka.app */;
			productType = "com.apple.product-type.application";
		};
		2741EA242BD8AF08003EDEB2 /* WatchWidget */ = {
			isa = PBXNativeTarget;
			buildConfigurationList = 2741EA362BD8AF0A003EDEB2 /* Build configuration list for PBXNativeTarget "WatchWidget" */;
			buildPhases = (
				2741EA212BD8AF08003EDEB2 /* Sources */,
				2741EA222BD8AF08003EDEB2 /* Frameworks */,
				2741EA232BD8AF08003EDEB2 /* Resources */,
			);
			buildRules = (
			);
			dependencies = (
			);
			fileSystemSynchronizedGroups = (
				27DB994A2EA203D4005B8087 /* Shared */,
			);
			name = WatchWidget;
			packageProductDependencies = (
				271CD1DC2BD96B1C00FBE5DB /* Dexcom */,
				271CD1DE2BD96B1C00FBE5DB /* KeychainAccess */,
				27DB8CBA2E9DE409005B8087 /* Defaults */,
			);
			productName = WatchWidgetExtension;
			productReference = 2741EA252BD8AF08003EDEB2 /* WatchWidget.appex */;
			productType = "com.apple.product-type.app-extension";
		};
		27F577662BCF38330012D66C /* Luka */ = {
			isa = PBXNativeTarget;
			buildConfigurationList = 27F577752BCF38340012D66C /* Build configuration list for PBXNativeTarget "Luka" */;
			buildPhases = (
				27F577632BCF38330012D66C /* Sources */,
				27F577642BCF38330012D66C /* Frameworks */,
				27F577652BCF38330012D66C /* Resources */,
				2741EA202BD8AEBB003EDEB2 /* Embed Watch Content */,
				2703325E2BD99E91009535EE /* Embed Foundation Extensions */,
			);
			buildRules = (
			);
			dependencies = (
				2741EA1B2BD8AEBB003EDEB2 /* PBXTargetDependency */,
				270332592BD99E91009535EE /* PBXTargetDependency */,
			);
			fileSystemSynchronizedGroups = (
				27DB99D12EA203DC005B8087 /* Luka */,
			);
			name = Luka;
			packageProductDependencies = (
				27C6E25E2BCF386E006BAE98 /* Dexcom */,
				27C6E2612BCF387A006BAE98 /* KeychainAccess */,
				27DB8CB62E9DE3C0005B8087 /* Defaults */,
				27834B892ECF81A70096D201 /* TelemetryDeck */,
			);
			productName = Glimpse;
			productReference = 27F577672BCF38330012D66C /* Luka.app */;
			productType = "com.apple.product-type.application";
		};
/* End PBXNativeTarget section */

/* Begin PBXProject section */
		27F5775F2BCF38330012D66C /* Project object */ = {
			isa = PBXProject;
			attributes = {
				BuildIndependentTargetsInParallel = 1;
				LastSwiftUpdateCheck = 1530;
				LastUpgradeCheck = 1530;
				TargetAttributes = {
					2703324C2BD99E90009535EE = {
						CreatedOnToolsVersion = 15.3;
					};
					2741EA0E2BD8AEBA003EDEB2 = {
						CreatedOnToolsVersion = 15.3;
					};
					2741EA242BD8AF08003EDEB2 = {
						CreatedOnToolsVersion = 15.3;
					};
					27F577662BCF38330012D66C = {
						CreatedOnToolsVersion = 15.3;
					};
				};
			};
			buildConfigurationList = 27F577622BCF38330012D66C /* Build configuration list for PBXProject "Luka" */;
			compatibilityVersion = "Xcode 14.0";
			developmentRegion = en;
			hasScannedForEncodings = 0;
			knownRegions = (
				en,
				Base,
			);
			mainGroup = 27F5775E2BCF38330012D66C;
			packageReferences = (
				27C6E25D2BCF386E006BAE98 /* XCRemoteSwiftPackageReference "dexcom-swift" */,
				27C6E2602BCF387A006BAE98 /* XCRemoteSwiftPackageReference "KeychainAccess" */,
				27DB8CB52E9DE3C0005B8087 /* XCRemoteSwiftPackageReference "Defaults" */,
				27834B882ECF81A70096D201 /* XCRemoteSwiftPackageReference "SwiftSDK" */,
			);
			productRefGroup = 27F577682BCF38330012D66C /* Products */;
			projectDirPath = "";
			projectRoot = "";
			targets = (
				27F577662BCF38330012D66C /* Luka */,
				2703324C2BD99E90009535EE /* LukaWidget */,
				2741EA0E2BD8AEBA003EDEB2 /* Watch */,
				2741EA242BD8AF08003EDEB2 /* WatchWidget */,
			);
		};
/* End PBXProject section */

/* Begin PBXResourcesBuildPhase section */
		2703324B2BD99E90009535EE /* Resources */ = {
			isa = PBXResourcesBuildPhase;
			buildActionMask = 2147483647;
			files = (
			);
			runOnlyForDeploymentPostprocessing = 0;
		};
		2741EA0D2BD8AEBA003EDEB2 /* Resources */ = {
			isa = PBXResourcesBuildPhase;
			buildActionMask = 2147483647;
			files = (
			);
			runOnlyForDeploymentPostprocessing = 0;
		};
		2741EA232BD8AF08003EDEB2 /* Resources */ = {
			isa = PBXResourcesBuildPhase;
			buildActionMask = 2147483647;
			files = (
			);
			runOnlyForDeploymentPostprocessing = 0;
		};
		27F577652BCF38330012D66C /* Resources */ = {
			isa = PBXResourcesBuildPhase;
			buildActionMask = 2147483647;
			files = (
			);
			runOnlyForDeploymentPostprocessing = 0;
		};
/* End PBXResourcesBuildPhase section */

/* Begin PBXSourcesBuildPhase section */
		270332492BD99E90009535EE /* Sources */ = {
			isa = PBXSourcesBuildPhase;
			buildActionMask = 2147483647;
			files = (
			);
			runOnlyForDeploymentPostprocessing = 0;
		};
		2741EA0B2BD8AEBA003EDEB2 /* Sources */ = {
			isa = PBXSourcesBuildPhase;
			buildActionMask = 2147483647;
			files = (
			);
			runOnlyForDeploymentPostprocessing = 0;
		};
		2741EA212BD8AF08003EDEB2 /* Sources */ = {
			isa = PBXSourcesBuildPhase;
			buildActionMask = 2147483647;
			files = (
			);
			runOnlyForDeploymentPostprocessing = 0;
		};
		27F577632BCF38330012D66C /* Sources */ = {
			isa = PBXSourcesBuildPhase;
			buildActionMask = 2147483647;
			files = (
			);
			runOnlyForDeploymentPostprocessing = 0;
		};
/* End PBXSourcesBuildPhase section */

/* Begin PBXTargetDependency section */
		270332592BD99E91009535EE /* PBXTargetDependency */ = {
			isa = PBXTargetDependency;
			target = 2703324C2BD99E90009535EE /* LukaWidget */;
			targetProxy = 270332582BD99E91009535EE /* PBXContainerItemProxy */;
		};
		2741EA1B2BD8AEBB003EDEB2 /* PBXTargetDependency */ = {
			isa = PBXTargetDependency;
			target = 2741EA0E2BD8AEBA003EDEB2 /* Watch */;
			targetProxy = 2741EA1A2BD8AEBB003EDEB2 /* PBXContainerItemProxy */;
		};
		2741EA342BD8AF0A003EDEB2 /* PBXTargetDependency */ = {
			isa = PBXTargetDependency;
			target = 2741EA242BD8AF08003EDEB2 /* WatchWidget */;
			targetProxy = 2741EA332BD8AF0A003EDEB2 /* PBXContainerItemProxy */;
		};
/* End PBXTargetDependency section */

/* Begin XCBuildConfiguration section */
		2703325C2BD99E91009535EE /* Debug */ = {
			isa = XCBuildConfiguration;
			buildSettings = {
				ASSETCATALOG_COMPILER_GLOBAL_ACCENT_COLOR_NAME = AccentColor;
				ASSETCATALOG_COMPILER_WIDGET_BACKGROUND_COLOR_NAME = WidgetBackground;
				CODE_SIGN_ENTITLEMENTS = LukaWidget/LukaWidget.entitlements;
				CODE_SIGN_STYLE = Automatic;
				CURRENT_PROJECT_VERSION = 1;
				DEVELOPMENT_TEAM = ZEAD23GG77;
				GENERATE_INFOPLIST_FILE = YES;
				INFOPLIST_FILE = LukaWidget/Info.plist;
				INFOPLIST_KEY_CFBundleDisplayName = LukaWidget;
				INFOPLIST_KEY_NSHumanReadableCopyright = "";
				LD_RUNPATH_SEARCH_PATHS = (
					"$(inherited)",
					"@executable_path/Frameworks",
					"@executable_path/../../Frameworks",
				);
				MARKETING_VERSION = 2.1.0;
				PRODUCT_BUNDLE_IDENTIFIER = com.kylebashour.Glimpse.GlimpseWidget;
				PRODUCT_NAME = "$(TARGET_NAME)";
				SKIP_INSTALL = YES;
				SWIFT_EMIT_LOC_STRINGS = YES;
				SWIFT_VERSION = 5.0;
			};
			name = Debug;
		};
		2703325D2BD99E91009535EE /* Release */ = {
			isa = XCBuildConfiguration;
			buildSettings = {
				ASSETCATALOG_COMPILER_GLOBAL_ACCENT_COLOR_NAME = AccentColor;
				ASSETCATALOG_COMPILER_WIDGET_BACKGROUND_COLOR_NAME = WidgetBackground;
				CODE_SIGN_ENTITLEMENTS = LukaWidget/LukaWidget.entitlements;
				CODE_SIGN_STYLE = Automatic;
				CURRENT_PROJECT_VERSION = 1;
				DEVELOPMENT_TEAM = ZEAD23GG77;
				GENERATE_INFOPLIST_FILE = YES;
				INFOPLIST_FILE = LukaWidget/Info.plist;
				INFOPLIST_KEY_CFBundleDisplayName = LukaWidget;
				INFOPLIST_KEY_NSHumanReadableCopyright = "";
				LD_RUNPATH_SEARCH_PATHS = (
					"$(inherited)",
					"@executable_path/Frameworks",
					"@executable_path/../../Frameworks",
				);
				MARKETING_VERSION = 2.1.0;
				PRODUCT_BUNDLE_IDENTIFIER = com.kylebashour.Glimpse.GlimpseWidget;
				PRODUCT_NAME = "$(TARGET_NAME)";
				SKIP_INSTALL = YES;
				SWIFT_EMIT_LOC_STRINGS = YES;
				SWIFT_VERSION = 5.0;
			};
			name = Release;
		};
		2741EA1E2BD8AEBB003EDEB2 /* Debug */ = {
			isa = XCBuildConfiguration;
			buildSettings = {
				ASSETCATALOG_COMPILER_APPICON_NAME = AppIcon;
				ASSETCATALOG_COMPILER_GLOBAL_ACCENT_COLOR_NAME = AccentColor;
				CODE_SIGN_ENTITLEMENTS = Watch/Watch.entitlements;
				CODE_SIGN_STYLE = Automatic;
				CURRENT_PROJECT_VERSION = 1;
				DEVELOPMENT_TEAM = ZEAD23GG77;
				ENABLE_PREVIEWS = YES;
				GENERATE_INFOPLIST_FILE = YES;
				INFOPLIST_KEY_UISupportedInterfaceOrientations = "UIInterfaceOrientationPortrait UIInterfaceOrientationPortraitUpsideDown";
				INFOPLIST_KEY_WKCompanionAppBundleIdentifier = com.kylebashour.Glimpse;
				INFOPLIST_KEY_WKSupportsLiveActivityLaunchAttributeTypes = "";
				LD_RUNPATH_SEARCH_PATHS = (
					"$(inherited)",
					"@executable_path/Frameworks",
				);
				MARKETING_VERSION = 2.1.0;
				PRODUCT_BUNDLE_IDENTIFIER = com.kylebashour.Glimpse.watchkitapp;
				PRODUCT_NAME = Luka;
				SDKROOT = watchos;
				SKIP_INSTALL = YES;
				SWIFT_EMIT_LOC_STRINGS = YES;
				SWIFT_VERSION = 5.0;
				TARGETED_DEVICE_FAMILY = 4;
			};
			name = Debug;
		};
		2741EA1F2BD8AEBB003EDEB2 /* Release */ = {
			isa = XCBuildConfiguration;
			buildSettings = {
				ASSETCATALOG_COMPILER_APPICON_NAME = AppIcon;
				ASSETCATALOG_COMPILER_GLOBAL_ACCENT_COLOR_NAME = AccentColor;
				CODE_SIGN_ENTITLEMENTS = Watch/Watch.entitlements;
				CODE_SIGN_STYLE = Automatic;
				CURRENT_PROJECT_VERSION = 1;
				DEVELOPMENT_TEAM = ZEAD23GG77;
				ENABLE_PREVIEWS = YES;
				GENERATE_INFOPLIST_FILE = YES;
				INFOPLIST_KEY_UISupportedInterfaceOrientations = "UIInterfaceOrientationPortrait UIInterfaceOrientationPortraitUpsideDown";
				INFOPLIST_KEY_WKCompanionAppBundleIdentifier = com.kylebashour.Glimpse;
				INFOPLIST_KEY_WKSupportsLiveActivityLaunchAttributeTypes = "";
				LD_RUNPATH_SEARCH_PATHS = (
					"$(inherited)",
					"@executable_path/Frameworks",
				);
				MARKETING_VERSION = 2.1.0;
				PRODUCT_BUNDLE_IDENTIFIER = com.kylebashour.Glimpse.watchkitapp;
				PRODUCT_NAME = Luka;
				SDKROOT = watchos;
				SKIP_INSTALL = YES;
				SWIFT_EMIT_LOC_STRINGS = YES;
				SWIFT_VERSION = 5.0;
				TARGETED_DEVICE_FAMILY = 4;
			};
			name = Release;
		};
		2741EA372BD8AF0A003EDEB2 /* Debug */ = {
			isa = XCBuildConfiguration;
			buildSettings = {
				ASSETCATALOG_COMPILER_GLOBAL_ACCENT_COLOR_NAME = AccentColor;
				ASSETCATALOG_COMPILER_WIDGET_BACKGROUND_COLOR_NAME = WidgetBackground;
				CODE_SIGN_ENTITLEMENTS = WatchWidget/WatchWidget.entitlements;
				CODE_SIGN_STYLE = Automatic;
				CURRENT_PROJECT_VERSION = 1;
				DEVELOPMENT_TEAM = ZEAD23GG77;
				GENERATE_INFOPLIST_FILE = YES;
				INFOPLIST_FILE = WatchWidget/Info.plist;
				INFOPLIST_KEY_CFBundleDisplayName = WatchWidget;
				INFOPLIST_KEY_NSHumanReadableCopyright = "";
				LD_RUNPATH_SEARCH_PATHS = (
					"$(inherited)",
					"@executable_path/Frameworks",
					"@executable_path/../../Frameworks",
					"@executable_path/../../../../Frameworks",
				);
				MARKETING_VERSION = 2.1.0;
				PRODUCT_BUNDLE_IDENTIFIER = com.kylebashour.Glimpse.watchkitapp.WatchWidget;
				PRODUCT_NAME = "$(TARGET_NAME)";
				SDKROOT = watchos;
				SKIP_INSTALL = YES;
				SWIFT_EMIT_LOC_STRINGS = YES;
				SWIFT_VERSION = 5.0;
				TARGETED_DEVICE_FAMILY = 4;
			};
			name = Debug;
		};
		2741EA382BD8AF0A003EDEB2 /* Release */ = {
			isa = XCBuildConfiguration;
			buildSettings = {
				ASSETCATALOG_COMPILER_GLOBAL_ACCENT_COLOR_NAME = AccentColor;
				ASSETCATALOG_COMPILER_WIDGET_BACKGROUND_COLOR_NAME = WidgetBackground;
				CODE_SIGN_ENTITLEMENTS = WatchWidget/WatchWidget.entitlements;
				CODE_SIGN_STYLE = Automatic;
				CURRENT_PROJECT_VERSION = 1;
				DEVELOPMENT_TEAM = ZEAD23GG77;
				GENERATE_INFOPLIST_FILE = YES;
				INFOPLIST_FILE = WatchWidget/Info.plist;
				INFOPLIST_KEY_CFBundleDisplayName = WatchWidget;
				INFOPLIST_KEY_NSHumanReadableCopyright = "";
				LD_RUNPATH_SEARCH_PATHS = (
					"$(inherited)",
					"@executable_path/Frameworks",
					"@executable_path/../../Frameworks",
					"@executable_path/../../../../Frameworks",
				);
				MARKETING_VERSION = 2.1.0;
				PRODUCT_BUNDLE_IDENTIFIER = com.kylebashour.Glimpse.watchkitapp.WatchWidget;
				PRODUCT_NAME = "$(TARGET_NAME)";
				SDKROOT = watchos;
				SKIP_INSTALL = YES;
				SWIFT_EMIT_LOC_STRINGS = YES;
				SWIFT_VERSION = 5.0;
				TARGETED_DEVICE_FAMILY = 4;
			};
			name = Release;
		};
		27F577732BCF38340012D66C /* Debug */ = {
			isa = XCBuildConfiguration;
			buildSettings = {
				ALWAYS_SEARCH_USER_PATHS = NO;
				ASSETCATALOG_COMPILER_GENERATE_SWIFT_ASSET_SYMBOL_EXTENSIONS = YES;
				CLANG_ANALYZER_NONNULL = YES;
				CLANG_ANALYZER_NUMBER_OBJECT_CONVERSION = YES_AGGRESSIVE;
				CLANG_CXX_LANGUAGE_STANDARD = "gnu++20";
				CLANG_ENABLE_MODULES = YES;
				CLANG_ENABLE_OBJC_ARC = YES;
				CLANG_ENABLE_OBJC_WEAK = YES;
				CLANG_WARN_BLOCK_CAPTURE_AUTORELEASING = YES;
				CLANG_WARN_BOOL_CONVERSION = YES;
				CLANG_WARN_COMMA = YES;
				CLANG_WARN_CONSTANT_CONVERSION = YES;
				CLANG_WARN_DEPRECATED_OBJC_IMPLEMENTATIONS = YES;
				CLANG_WARN_DIRECT_OBJC_ISA_USAGE = YES_ERROR;
				CLANG_WARN_DOCUMENTATION_COMMENTS = YES;
				CLANG_WARN_EMPTY_BODY = YES;
				CLANG_WARN_ENUM_CONVERSION = YES;
				CLANG_WARN_INFINITE_RECURSION = YES;
				CLANG_WARN_INT_CONVERSION = YES;
				CLANG_WARN_NON_LITERAL_NULL_CONVERSION = YES;
				CLANG_WARN_OBJC_IMPLICIT_RETAIN_SELF = YES;
				CLANG_WARN_OBJC_LITERAL_CONVERSION = YES;
				CLANG_WARN_OBJC_ROOT_CLASS = YES_ERROR;
				CLANG_WARN_QUOTED_INCLUDE_IN_FRAMEWORK_HEADER = YES;
				CLANG_WARN_RANGE_LOOP_ANALYSIS = YES;
				CLANG_WARN_STRICT_PROTOTYPES = YES;
				CLANG_WARN_SUSPICIOUS_MOVE = YES;
				CLANG_WARN_UNGUARDED_AVAILABILITY = YES_AGGRESSIVE;
				CLANG_WARN_UNREACHABLE_CODE = YES;
				CLANG_WARN__DUPLICATE_METHOD_MATCH = YES;
				COPY_PHASE_STRIP = NO;
				DEBUG_INFORMATION_FORMAT = dwarf;
				ENABLE_STRICT_OBJC_MSGSEND = YES;
				ENABLE_TESTABILITY = YES;
				ENABLE_USER_SCRIPT_SANDBOXING = YES;
				GCC_C_LANGUAGE_STANDARD = gnu17;
				GCC_DYNAMIC_NO_PIC = NO;
				GCC_NO_COMMON_BLOCKS = YES;
				GCC_OPTIMIZATION_LEVEL = 0;
				GCC_PREPROCESSOR_DEFINITIONS = (
					"DEBUG=1",
					"$(inherited)",
				);
				GCC_WARN_64_TO_32_BIT_CONVERSION = YES;
				GCC_WARN_ABOUT_RETURN_TYPE = YES_ERROR;
				GCC_WARN_UNDECLARED_SELECTOR = YES;
				GCC_WARN_UNINITIALIZED_AUTOS = YES_AGGRESSIVE;
				GCC_WARN_UNUSED_FUNCTION = YES;
				GCC_WARN_UNUSED_VARIABLE = YES;
				IPHONEOS_DEPLOYMENT_TARGET = 18.0;
				LOCALIZATION_PREFERS_STRING_CATALOGS = YES;
				MTL_ENABLE_DEBUG_INFO = INCLUDE_SOURCE;
				MTL_FAST_MATH = YES;
				ONLY_ACTIVE_ARCH = YES;
				SDKROOT = iphoneos;
				SWIFT_ACTIVE_COMPILATION_CONDITIONS = "DEBUG $(inherited)";
				SWIFT_OPTIMIZATION_LEVEL = "-Onone";
				TARGETED_DEVICE_FAMILY = "1,2";
				WATCHOS_DEPLOYMENT_TARGET = 10.0;
			};
			name = Debug;
		};
		27F577742BCF38340012D66C /* Release */ = {
			isa = XCBuildConfiguration;
			buildSettings = {
				ALWAYS_SEARCH_USER_PATHS = NO;
				ASSETCATALOG_COMPILER_GENERATE_SWIFT_ASSET_SYMBOL_EXTENSIONS = YES;
				CLANG_ANALYZER_NONNULL = YES;
				CLANG_ANALYZER_NUMBER_OBJECT_CONVERSION = YES_AGGRESSIVE;
				CLANG_CXX_LANGUAGE_STANDARD = "gnu++20";
				CLANG_ENABLE_MODULES = YES;
				CLANG_ENABLE_OBJC_ARC = YES;
				CLANG_ENABLE_OBJC_WEAK = YES;
				CLANG_WARN_BLOCK_CAPTURE_AUTORELEASING = YES;
				CLANG_WARN_BOOL_CONVERSION = YES;
				CLANG_WARN_COMMA = YES;
				CLANG_WARN_CONSTANT_CONVERSION = YES;
				CLANG_WARN_DEPRECATED_OBJC_IMPLEMENTATIONS = YES;
				CLANG_WARN_DIRECT_OBJC_ISA_USAGE = YES_ERROR;
				CLANG_WARN_DOCUMENTATION_COMMENTS = YES;
				CLANG_WARN_EMPTY_BODY = YES;
				CLANG_WARN_ENUM_CONVERSION = YES;
				CLANG_WARN_INFINITE_RECURSION = YES;
				CLANG_WARN_INT_CONVERSION = YES;
				CLANG_WARN_NON_LITERAL_NULL_CONVERSION = YES;
				CLANG_WARN_OBJC_IMPLICIT_RETAIN_SELF = YES;
				CLANG_WARN_OBJC_LITERAL_CONVERSION = YES;
				CLANG_WARN_OBJC_ROOT_CLASS = YES_ERROR;
				CLANG_WARN_QUOTED_INCLUDE_IN_FRAMEWORK_HEADER = YES;
				CLANG_WARN_RANGE_LOOP_ANALYSIS = YES;
				CLANG_WARN_STRICT_PROTOTYPES = YES;
				CLANG_WARN_SUSPICIOUS_MOVE = YES;
				CLANG_WARN_UNGUARDED_AVAILABILITY = YES_AGGRESSIVE;
				CLANG_WARN_UNREACHABLE_CODE = YES;
				CLANG_WARN__DUPLICATE_METHOD_MATCH = YES;
				COPY_PHASE_STRIP = NO;
				DEBUG_INFORMATION_FORMAT = "dwarf-with-dsym";
				ENABLE_NS_ASSERTIONS = NO;
				ENABLE_STRICT_OBJC_MSGSEND = YES;
				ENABLE_USER_SCRIPT_SANDBOXING = YES;
				GCC_C_LANGUAGE_STANDARD = gnu17;
				GCC_NO_COMMON_BLOCKS = YES;
				GCC_WARN_64_TO_32_BIT_CONVERSION = YES;
				GCC_WARN_ABOUT_RETURN_TYPE = YES_ERROR;
				GCC_WARN_UNDECLARED_SELECTOR = YES;
				GCC_WARN_UNINITIALIZED_AUTOS = YES_AGGRESSIVE;
				GCC_WARN_UNUSED_FUNCTION = YES;
				GCC_WARN_UNUSED_VARIABLE = YES;
				IPHONEOS_DEPLOYMENT_TARGET = 18.0;
				LOCALIZATION_PREFERS_STRING_CATALOGS = YES;
				MTL_ENABLE_DEBUG_INFO = NO;
				MTL_FAST_MATH = YES;
				SDKROOT = iphoneos;
				SWIFT_COMPILATION_MODE = wholemodule;
				TARGETED_DEVICE_FAMILY = "1,2";
				VALIDATE_PRODUCT = YES;
				WATCHOS_DEPLOYMENT_TARGET = 10.0;
			};
			name = Release;
		};
		27F577762BCF38340012D66C /* Debug */ = {
			isa = XCBuildConfiguration;
			buildSettings = {
				ASSETCATALOG_COMPILER_APPICON_NAME = AppIcon;
				ASSETCATALOG_COMPILER_GLOBAL_ACCENT_COLOR_NAME = AccentColor;
				CODE_SIGN_ENTITLEMENTS = Luka/Luka.entitlements;
				CODE_SIGN_STYLE = Automatic;
				CURRENT_PROJECT_VERSION = 1;
				DEVELOPMENT_TEAM = ZEAD23GG77;
				ENABLE_PREVIEWS = YES;
				GENERATE_INFOPLIST_FILE = YES;
				INFOPLIST_FILE = Luka/Info.plist;
				INFOPLIST_KEY_CFBundleDisplayName = Luka;
				INFOPLIST_KEY_UIApplicationSceneManifest_Generation = YES;
				INFOPLIST_KEY_UIApplicationSupportsIndirectInputEvents = YES;
				INFOPLIST_KEY_UILaunchScreen_Generation = YES;
				INFOPLIST_KEY_UISupportedInterfaceOrientations_iPad = "UIInterfaceOrientationPortrait UIInterfaceOrientationPortraitUpsideDown UIInterfaceOrientationLandscapeLeft UIInterfaceOrientationLandscapeRight";
				INFOPLIST_KEY_UISupportedInterfaceOrientations_iPhone = "UIInterfaceOrientationPortrait UIInterfaceOrientationLandscapeLeft UIInterfaceOrientationLandscapeRight";
				LD_RUNPATH_SEARCH_PATHS = (
					"$(inherited)",
					"@executable_path/Frameworks",
				);
				MARKETING_VERSION = 2.1.0;
				PRODUCT_BUNDLE_IDENTIFIER = com.kylebashour.Glimpse;
				PRODUCT_NAME = "$(TARGET_NAME)";
				SWIFT_EMIT_LOC_STRINGS = YES;
				SWIFT_VERSION = 5.0;
			};
			name = Debug;
		};
		27F577772BCF38340012D66C /* Release */ = {
			isa = XCBuildConfiguration;
			buildSettings = {
				ASSETCATALOG_COMPILER_APPICON_NAME = AppIcon;
				ASSETCATALOG_COMPILER_GLOBAL_ACCENT_COLOR_NAME = AccentColor;
				CODE_SIGN_ENTITLEMENTS = Luka/Luka.entitlements;
				CODE_SIGN_STYLE = Automatic;
				CURRENT_PROJECT_VERSION = 1;
				DEVELOPMENT_TEAM = ZEAD23GG77;
				ENABLE_PREVIEWS = YES;
				GENERATE_INFOPLIST_FILE = YES;
				INFOPLIST_FILE = Luka/Info.plist;
				INFOPLIST_KEY_CFBundleDisplayName = Luka;
				INFOPLIST_KEY_UIApplicationSceneManifest_Generation = YES;
				INFOPLIST_KEY_UIApplicationSupportsIndirectInputEvents = YES;
				INFOPLIST_KEY_UILaunchScreen_Generation = YES;
				INFOPLIST_KEY_UISupportedInterfaceOrientations_iPad = "UIInterfaceOrientationPortrait UIInterfaceOrientationPortraitUpsideDown UIInterfaceOrientationLandscapeLeft UIInterfaceOrientationLandscapeRight";
				INFOPLIST_KEY_UISupportedInterfaceOrientations_iPhone = "UIInterfaceOrientationPortrait UIInterfaceOrientationLandscapeLeft UIInterfaceOrientationLandscapeRight";
				LD_RUNPATH_SEARCH_PATHS = (
					"$(inherited)",
					"@executable_path/Frameworks",
				);
				MARKETING_VERSION = 2.1.0;
				PRODUCT_BUNDLE_IDENTIFIER = com.kylebashour.Glimpse;
				PRODUCT_NAME = "$(TARGET_NAME)";
				SWIFT_EMIT_LOC_STRINGS = YES;
				SWIFT_VERSION = 5.0;
			};
			name = Release;
		};
/* End XCBuildConfiguration section */

/* Begin XCConfigurationList section */
		2703325B2BD99E91009535EE /* Build configuration list for PBXNativeTarget "LukaWidget" */ = {
			isa = XCConfigurationList;
			buildConfigurations = (
				2703325C2BD99E91009535EE /* Debug */,
				2703325D2BD99E91009535EE /* Release */,
			);
			defaultConfigurationIsVisible = 0;
			defaultConfigurationName = Release;
		};
		2741EA1D2BD8AEBB003EDEB2 /* Build configuration list for PBXNativeTarget "Watch" */ = {
			isa = XCConfigurationList;
			buildConfigurations = (
				2741EA1E2BD8AEBB003EDEB2 /* Debug */,
				2741EA1F2BD8AEBB003EDEB2 /* Release */,
			);
			defaultConfigurationIsVisible = 0;
			defaultConfigurationName = Release;
		};
		2741EA362BD8AF0A003EDEB2 /* Build configuration list for PBXNativeTarget "WatchWidget" */ = {
			isa = XCConfigurationList;
			buildConfigurations = (
				2741EA372BD8AF0A003EDEB2 /* Debug */,
				2741EA382BD8AF0A003EDEB2 /* Release */,
			);
			defaultConfigurationIsVisible = 0;
			defaultConfigurationName = Release;
		};
		27F577622BCF38330012D66C /* Build configuration list for PBXProject "Luka" */ = {
			isa = XCConfigurationList;
			buildConfigurations = (
				27F577732BCF38340012D66C /* Debug */,
				27F577742BCF38340012D66C /* Release */,
			);
			defaultConfigurationIsVisible = 0;
			defaultConfigurationName = Release;
		};
		27F577752BCF38340012D66C /* Build configuration list for PBXNativeTarget "Luka" */ = {
			isa = XCConfigurationList;
			buildConfigurations = (
				27F577762BCF38340012D66C /* Debug */,
				27F577772BCF38340012D66C /* Release */,
			);
			defaultConfigurationIsVisible = 0;
			defaultConfigurationName = Release;
		};
/* End XCConfigurationList section */

/* Begin XCRemoteSwiftPackageReference section */
		27834B882ECF81A70096D201 /* XCRemoteSwiftPackageReference "SwiftSDK" */ = {
			isa = XCRemoteSwiftPackageReference;
			repositoryURL = "https://github.com/TelemetryDeck/SwiftSDK";
			requirement = {
				kind = upToNextMajorVersion;
				minimumVersion = 2.9.10;
			};
		};
		27C6E25D2BCF386E006BAE98 /* XCRemoteSwiftPackageReference "dexcom-swift" */ = {
			isa = XCRemoteSwiftPackageReference;
			repositoryURL = "https://github.com/kylebshr/dexcom-swift";
			requirement = {
				branch = main;
				kind = branch;
			};
		};
		27C6E2602BCF387A006BAE98 /* XCRemoteSwiftPackageReference "KeychainAccess" */ = {
			isa = XCRemoteSwiftPackageReference;
			repositoryURL = "https://github.com/kishikawakatsumi/KeychainAccess";
			requirement = {
				branch = master;
				kind = branch;
			};
		};
		27DB8CB52E9DE3C0005B8087 /* XCRemoteSwiftPackageReference "Defaults" */ = {
			isa = XCRemoteSwiftPackageReference;
			repositoryURL = "https://github.com/sindresorhus/Defaults";
			requirement = {
				kind = upToNextMajorVersion;
				minimumVersion = 9.0.6;
			};
		};
/* End XCRemoteSwiftPackageReference section */

/* Begin XCSwiftPackageProductDependency section */
		270332622BD9A09F009535EE /* Dexcom */ = {
			isa = XCSwiftPackageProductDependency;
			package = 27C6E25D2BCF386E006BAE98 /* XCRemoteSwiftPackageReference "dexcom-swift" */;
			productName = Dexcom;
		};
		270332642BD9A09F009535EE /* KeychainAccess */ = {
			isa = XCSwiftPackageProductDependency;
			package = 27C6E2602BCF387A006BAE98 /* XCRemoteSwiftPackageReference "KeychainAccess" */;
			productName = KeychainAccess;
		};
		271CD1D82BD96B1500FBE5DB /* Dexcom */ = {
			isa = XCSwiftPackageProductDependency;
			package = 27C6E25D2BCF386E006BAE98 /* XCRemoteSwiftPackageReference "dexcom-swift" */;
			productName = Dexcom;
		};
		271CD1DA2BD96B1700FBE5DB /* KeychainAccess */ = {
			isa = XCSwiftPackageProductDependency;
			package = 27C6E2602BCF387A006BAE98 /* XCRemoteSwiftPackageReference "KeychainAccess" */;
			productName = KeychainAccess;
		};
		271CD1DC2BD96B1C00FBE5DB /* Dexcom */ = {
			isa = XCSwiftPackageProductDependency;
			package = 27C6E25D2BCF386E006BAE98 /* XCRemoteSwiftPackageReference "dexcom-swift" */;
			productName = Dexcom;
		};
		271CD1DE2BD96B1C00FBE5DB /* KeychainAccess */ = {
			isa = XCSwiftPackageProductDependency;
			package = 27C6E2602BCF387A006BAE98 /* XCRemoteSwiftPackageReference "KeychainAccess" */;
			productName = KeychainAccess;
		};
		27834B892ECF81A70096D201 /* TelemetryDeck */ = {
			isa = XCSwiftPackageProductDependency;
			package = 27834B882ECF81A70096D201 /* XCRemoteSwiftPackageReference "SwiftSDK" */;
			productName = TelemetryDeck;
		};
		27BA04A42ED239210096F131 /* TelemetryDeck */ = {
			isa = XCSwiftPackageProductDependency;
			package = 27834B882ECF81A70096D201 /* XCRemoteSwiftPackageReference "SwiftSDK" */;
			productName = TelemetryDeck;
		};
		27C6E25E2BCF386E006BAE98 /* Dexcom */ = {
			isa = XCSwiftPackageProductDependency;
			package = 27C6E25D2BCF386E006BAE98 /* XCRemoteSwiftPackageReference "dexcom-swift" */;
			productName = Dexcom;
		};
		27C6E2612BCF387A006BAE98 /* KeychainAccess */ = {
			isa = XCSwiftPackageProductDependency;
			package = 27C6E2602BCF387A006BAE98 /* XCRemoteSwiftPackageReference "KeychainAccess" */;
			productName = KeychainAccess;
		};
		27DB8CB62E9DE3C0005B8087 /* Defaults */ = {
			isa = XCSwiftPackageProductDependency;
			package = 27DB8CB52E9DE3C0005B8087 /* XCRemoteSwiftPackageReference "Defaults" */;
			productName = Defaults;
		};
		27DB8CB82E9DE3CB005B8087 /* Defaults */ = {
			isa = XCSwiftPackageProductDependency;
			package = 27DB8CB52E9DE3C0005B8087 /* XCRemoteSwiftPackageReference "Defaults" */;
			productName = Defaults;
		};
		27DB8CBA2E9DE409005B8087 /* Defaults */ = {
			isa = XCSwiftPackageProductDependency;
			package = 27DB8CB52E9DE3C0005B8087 /* XCRemoteSwiftPackageReference "Defaults" */;
			productName = Defaults;
		};
		27DB8CBC2E9DE40E005B8087 /* Defaults */ = {
			isa = XCSwiftPackageProductDependency;
			package = 27DB8CB52E9DE3C0005B8087 /* XCRemoteSwiftPackageReference "Defaults" */;
			productName = Defaults;
		};
/* End XCSwiftPackageProductDependency section */
	};
	rootObject = 27F5775F2BCF38330012D66C /* Project object */;
}
