{
  "originHash" : "2d3a6d20f1206fcb84afad7e46a200d814ae7bb156da6002e80221b771ff7d81",
  "pins" : [
    {
      "identity" : "defaults",
      "kind" : "remoteSourceControl",
      "location" : "https://github.com/sindresorhus/Defaults",
      "state" : {
        "branch" : "main",
        "revision" : "d8a954e69ff13b0f7805f3757c8f8d0c8ef5a8cb"
      }
    },
    {
      "identity" : "dexcom-swift",
      "kind" : "remoteSourceControl",
      "location" : "https://github.com/kylebshr/dexcom-swift",
      "state" : {
        "branch" : "main",
        "revision" : "3c9184183e752a5755048c56b337524f6624f087"
      }
    },
    {
      "identity" : "keychainaccess",
      "kind" : "remoteSourceControl",
      "location" : "https://github.com/kishikawakatsumi/KeychainAccess",
      "state" : {
        "branch" : "master",
        "revision" : "e0c7eebc5a4465a3c4680764f26b7a61f567cdaf"
      }
    }
  ],
  "version" : 3
}
