{
  "originHash" : "6ce6d16cc83a3ae4dc592b95304a9ae5b1f68d058f276a696210429a38488ef0",
  "pins" : [
    {
      "identity" : "defaults",
      "kind" : "remoteSourceControl",
      "location" : "https://github.com/sindresorhus/Defaults",
      "state" : {
        "revision" : "8192b0986611e105355a9433e99bf5c79469fbbd",
        "version" : "9.0.6"
      }
    },
    {
      "identity" : "dexcom-swift",
      "kind" : "remoteSourceControl",
      "location" : "https://github.com/kylebshr/dexcom-swift",
      "state" : {
        "branch" : "main",
        "revision" : "049afc2f2ca150d59f841ff08b017324fa7bfc38"
      }
    },
    {
      "identity" : "keychainaccess",
      "kind" : "remoteSourceControl",
      "location" : "https://github.com/kishikawakatsumi/KeychainAccess",
      "state" : {
        "branch" : "master",
        "revision" : "e0c7eebc5a4465a3c4680764f26b7a61f567cdaf"
      }
    },
    {
      "identity" : "swift-syntax",
      "kind" : "remoteSourceControl",
      "location" : "https://github.com/swiftlang/swift-syntax",
      "state" : {
        "revision" : "4799286537280063c85a32f09884cfbca301b1a1",
        "version" : "602.0.0"
      }
    },
    {
      "identity" : "swiftsdk",
      "kind" : "remoteSourceControl",
      "location" : "https://github.com/TelemetryDeck/SwiftSDK",
      "state" : {
        "revision" : "bc7467592166e8f93fbde0140d2757b0635e1712",
        "version" : "2.9.10"
      }
    }
  ],
  "version" : 3
}
